{
  "version": 4,
  "terraform_version": "1.5.7",
  "serial": 126,
  "lineage": "fd2afef8-f094-a2e9-7a74-414552f105b3",
  "outputs": {},
  "resources": [
    {
      "mode": "managed",
      "type": "google_access_context_manager_service_perimeter",
      "name": "perimeter",
      "provider": "provider[\"registry.terraform.io/hashicorp/google\"]",
      "instances": []
    },
    {
      "mode": "managed",
      "type": "google_bigtable_instance",
      "name": "default",
      "provider": "provider[\"registry.terraform.io/hashicorp/google\"]",
      "instances": [
        {
          "schema_version": 1,
          "attributes": {
            "cluster": [
              {
                "autoscaling_config": [],
                "cluster_id": "bt-cluster-001",
                "kms_key_name": "",
                "num_nodes": 3,
                "state": "READY",
                "storage_type": "SSD",
                "zone": "us-central1-a"
              }
            ],
            "deletion_protection": true,
            "display_name": "big-fin-ctp-001",
            "effective_labels": {},
            "force_destroy": false,
            "id": "projects/ctp-prj-1/instances/big-fin-ctp-001",
            "instance_type": "PRODUCTION",
            "labels": {},
            "name": "big-fin-ctp-001",
            "project": "ctp-prj-1",
            "terraform_labels": {},
            "timeouts": null
          },
          "sensitive_attributes": [],
          "private": "eyJlMmJmYjczMC1lY2FhLTExZTYtOGY4OC0zNDM2M2JjN2M0YzAiOnsiY3JlYXRlIjozNjAwMDAwMDAwMDAwLCJyZWFkIjozNjAwMDAwMDAwMDAwLCJ1cGRhdGUiOjM2MDAwMDAwMDAwMDB9LCJzY2hlbWFfdmVyc2lvbiI6IjEifQ=="
        }
      ]
    },
    {
      "mode": "managed",
      "type": "google_cloud_run_service",
      "name": "frontend",
      "provider": "provider[\"registry.terraform.io/hashicorp/google\"]",
      "instances": [
        {
          "schema_version": 2,
          "attributes": {
            "autogenerate_revision_name": false,
            "id": "locations/us-central1/namespaces/ctp-prj-1/services/hello-world",
            "location": "us-central1",
            "metadata": [
              {
                "annotations": {},
                "effective_annotations": {
                  "run.googleapis.com/client-name": "cloud-console",
                  "run.googleapis.com/ingress": "internal",
                  "run.googleapis.com/ingress-status": "internal",
                  "run.googleapis.com/operation-id": "f42e88cf-6d73-4af8-815a-0db91590937e",
                  "serving.knative.dev/creator": "dewakarreddy@google.com",
                  "serving.knative.dev/lastModifier": "dewakarreddy@google.com"
                },
                "effective_labels": {
                  "cloud.googleapis.com/location": "us-central1"
                },
                "generation": 2,
                "labels": {},
                "namespace": "ctp-prj-1",
                "resource_version": "AAYeoJHB3fI",
                "self_link": "/apis/serving.knative.dev/v1/namespaces/99607936596/services/hello-world",
                "terraform_labels": {},
                "uid": "179d4f12-4a5f-488f-9a65-ce41e4127d27"
              }
            ],
            "name": "hello-world",
            "project": "ctp-prj-1",
            "status": [
              {
                "conditions": [
                  {
                    "message": "",
                    "reason": "",
                    "status": "True",
                    "type": "Ready"
                  },
                  {
                    "message": "",
                    "reason": "",
                    "status": "True",
                    "type": "ConfigurationsReady"
                  },
                  {
                    "message": "",
                    "reason": "",
                    "status": "True",
                    "type": "RoutesReady"
                  }
                ],
                "latest_created_revision_name": "hello-world-00001-z4c",
                "latest_ready_revision_name": "hello-world-00001-z4c",
                "observed_generation": 2,
                "traffic": [
                  {
                    "latest_revision": true,
                    "percent": 100,
                    "revision_name": "hello-world-00001-z4c",
                    "tag": "",
                    "url": ""
                  }
                ],
                "url": "https://hello-world-btl7zf2vka-uc.a.run.app"
              }
            ],
            "template": [
              {
                "metadata": [
                  {
                    "annotations": {
                      "autoscaling.knative.dev/maxScale": "100"
                    },
                    "generation": 0,
                    "labels": {
                      "run.googleapis.com/startupProbeType": "Default"
                    },
                    "name": "",
                    "namespace": "",
                    "resource_version": "",
                    "self_link": "",
                    "uid": ""
                  }
                ],
                "spec": [
                  {
                    "container_concurrency": 80,
                    "containers": [
                      {
                        "args": [],
                        "command": [],
                        "env": [],
                        "env_from": [],
                        "image": "gcr.io/ctp-prj-1/hello-world:latest",
                        "liveness_probe": [],
                        "name": "",
                        "ports": [
                          {
                            "container_port": 8080,
                            "name": "http1",
                            "protocol": ""
                          }
                        ],
                        "resources": [
                          {
                            "limits": {
                              "cpu": "1000m",
                              "memory": "512Mi"
                            },
                            "requests": {}
                          }
                        ],
                        "startup_probe": [
                          {
                            "failure_threshold": 1,
                            "grpc": [],
                            "http_get": [],
                            "initial_delay_seconds": 0,
                            "period_seconds": 240,
                            "tcp_socket": [
                              {
                                "port": 8080
                              }
                            ],
                            "timeout_seconds": 240
                          }
                        ],
                        "volume_mounts": [],
                        "working_dir": ""
                      }
                    ],
                    "service_account_name": "99607936596-compute@developer.gserviceaccount.com",
                    "serving_state": "",
                    "timeout_seconds": 300,
                    "volumes": []
                  }
                ]
              }
            ],
            "timeouts": null,
            "traffic": [
              {
                "latest_revision": true,
                "percent": 100,
                "revision_name": "",
                "tag": "",
                "url": ""
              }
            ]
          },
          "sensitive_attributes": [],
          "private": "eyJlMmJmYjczMC1lY2FhLTExZTYtOGY4OC0zNDM2M2JjN2M0YzAiOnsiY3JlYXRlIjoxMjAwMDAwMDAwMDAwLCJkZWxldGUiOjEyMDAwMDAwMDAwMDAsInVwZGF0ZSI6MTIwMDAwMDAwMDAwMH0sInNjaGVtYV92ZXJzaW9uIjoiMiJ9"
        }
      ]
    },
    {
      "mode": "managed",
      "type": "google_compute_firewall",
      "name": "allow_bastion_to_bigtable",
      "provider": "provider[\"registry.terraform.io/hashicorp/google\"]",
      "instances": [
        {
          "schema_version": 1,
          "attributes": {
            "allow": [
              {
                "ports": [
                  "80",
                  "443"
                ],
                "protocol": "tcp"
              }
            ],
            "creation_timestamp": "2024-08-01T08:05:04.340-07:00",
            "deny": [],
            "description": "",
            "destination_ranges": [],
            "direction": "INGRESS",
            "disabled": false,
            "enable_logging": null,
            "id": "projects/ctp-prj-1/global/firewalls/allow-bastion-to-bigtable",
            "log_config": [],
            "name": "allow-bastion-to-bigtable",
            "network": "https://www.googleapis.com/compute/v1/projects/ctp-prj-1/global/networks/vpc-fin-ctp-001",
            "priority": 1000,
            "project": "ctp-prj-1",
            "self_link": "https://www.googleapis.com/compute/v1/projects/ctp-prj-1/global/firewalls/allow-bastion-to-bigtable",
            "source_ranges": [
              "10.0.0.2",
              "10.0.0.3"
            ],
            "source_service_accounts": [],
            "source_tags": [],
            "target_service_accounts": [],
            "target_tags": [],
            "timeouts": null
          },
          "sensitive_attributes": [],
          "private": "eyJlMmJmYjczMC1lY2FhLTExZTYtOGY4OC0zNDM2M2JjN2M0YzAiOnsiY3JlYXRlIjoxMjAwMDAwMDAwMDAwLCJkZWxldGUiOjEyMDAwMDAwMDAwMDAsInVwZGF0ZSI6MTIwMDAwMDAwMDAwMH0sInNjaGVtYV92ZXJzaW9uIjoiMSJ9",
          "dependencies": [
            "google_compute_instance.bastion_1",
            "google_compute_instance.bastion_2",
            "google_compute_network.vpc_network",
            "google_compute_subnetwork.subnet"
          ]
        }
      ]
    },
    {
      "mode": "managed",
      "type": "google_compute_firewall",
      "name": "allow_bastion_to_sql",
      "provider": "provider[\"registry.terraform.io/hashicorp/google\"]",
      "instances": [
        {
          "schema_version": 1,
          "attributes": {
            "allow": [
              {
                "ports": [
                  "5432"
                ],
                "protocol": "tcp"
              }
            ],
            "creation_timestamp": "2024-08-01T08:05:04.422-07:00",
            "deny": [],
            "description": "",
            "destination_ranges": [],
            "direction": "INGRESS",
            "disabled": false,
            "enable_logging": null,
            "id": "projects/ctp-prj-1/global/firewalls/allow-bastion-to-sql",
            "log_config": [],
            "name": "allow-bastion-to-sql",
            "network": "https://www.googleapis.com/compute/v1/projects/ctp-prj-1/global/networks/vpc-fin-ctp-001",
            "priority": 1000,
            "project": "ctp-prj-1",
            "self_link": "https://www.googleapis.com/compute/v1/projects/ctp-prj-1/global/firewalls/allow-bastion-to-sql",
            "source_ranges": [
              "10.0.0.2",
              "10.0.0.3"
            ],
            "source_service_accounts": [],
            "source_tags": [],
            "target_service_accounts": [],
            "target_tags": [],
            "timeouts": null
          },
          "sensitive_attributes": [],
          "private": "eyJlMmJmYjczMC1lY2FhLTExZTYtOGY4OC0zNDM2M2JjN2M0YzAiOnsiY3JlYXRlIjoxMjAwMDAwMDAwMDAwLCJkZWxldGUiOjEyMDAwMDAwMDAwMDAsInVwZGF0ZSI6MTIwMDAwMDAwMDAwMH0sInNjaGVtYV92ZXJzaW9uIjoiMSJ9",
          "dependencies": [
            "google_compute_instance.bastion_1",
            "google_compute_instance.bastion_2",
            "google_compute_network.vpc_network",
            "google_compute_subnetwork.subnet"
          ]
        }
      ]
    },
    {
      "mode": "managed",
      "type": "google_compute_firewall",
      "name": "allow_ingress_from_cloud_run",
      "provider": "provider[\"registry.terraform.io/hashicorp/google\"]",
      "instances": [
        {
          "schema_version": 1,
          "attributes": {
            "allow": [
              {
                "ports": [
                  "80",
                  "443"
                ],
                "protocol": "tcp"
              }
            ],
            "creation_timestamp": "2024-08-01T08:04:20.084-07:00",
            "deny": [],
            "description": "",
            "destination_ranges": [],
            "direction": "INGRESS",
            "disabled": false,
            "enable_logging": null,
            "id": "projects/ctp-prj-1/global/firewalls/allow-ingress-from-cloud-run",
            "log_config": [],
            "name": "allow-ingress-from-cloud-run",
            "network": "https://www.googleapis.com/compute/v1/projects/ctp-prj-1/global/networks/vpc-fin-ctp-001",
            "priority": 1000,
            "project": "ctp-prj-1",
            "self_link": "https://www.googleapis.com/compute/v1/projects/ctp-prj-1/global/firewalls/allow-ingress-from-cloud-run",
            "source_ranges": [
              "0.0.0.0/0"
            ],
            "source_service_accounts": [],
            "source_tags": [],
            "target_service_accounts": [],
            "target_tags": [
              "ingress-controller"
            ],
            "timeouts": null
          },
          "sensitive_attributes": [],
          "private": "eyJlMmJmYjczMC1lY2FhLTExZTYtOGY4OC0zNDM2M2JjN2M0YzAiOnsiY3JlYXRlIjoxMjAwMDAwMDAwMDAwLCJkZWxldGUiOjEyMDAwMDAwMDAwMDAsInVwZGF0ZSI6MTIwMDAwMDAwMDAwMH0sInNjaGVtYV92ZXJzaW9uIjoiMSJ9",
          "dependencies": [
            "google_compute_network.vpc_network"
          ]
        }
      ]
    },
    {
      "mode": "managed",
      "type": "google_compute_firewall",
      "name": "allow_internal",
      "provider": "provider[\"registry.terraform.io/hashicorp/google\"]",
      "instances": [
        {
          "schema_version": 1,
          "attributes": {
            "allow": [
              {
                "ports": [
                  "0-65535"
                ],
                "protocol": "tcp"
              }
            ],
            "creation_timestamp": "2024-08-01T08:04:19.959-07:00",
            "deny": [],
            "description": "",
            "destination_ranges": [],
            "direction": "INGRESS",
            "disabled": false,
            "enable_logging": null,
            "id": "projects/ctp-prj-1/global/firewalls/allow-internal",
            "log_config": [],
            "name": "allow-internal",
            "network": "https://www.googleapis.com/compute/v1/projects/ctp-prj-1/global/networks/vpc-fin-ctp-001",
            "priority": 1000,
            "project": "ctp-prj-1",
            "self_link": "https://www.googleapis.com/compute/v1/projects/ctp-prj-1/global/firewalls/allow-internal",
            "source_ranges": [
              "10.0.0.0/24"
            ],
            "source_service_accounts": [],
            "source_tags": [],
            "target_service_accounts": [],
            "target_tags": [],
            "timeouts": null
          },
          "sensitive_attributes": [],
          "private": "eyJlMmJmYjczMC1lY2FhLTExZTYtOGY4OC0zNDM2M2JjN2M0YzAiOnsiY3JlYXRlIjoxMjAwMDAwMDAwMDAwLCJkZWxldGUiOjEyMDAwMDAwMDAwMDAsInVwZGF0ZSI6MTIwMDAwMDAwMDAwMH0sInNjaGVtYV92ZXJzaW9uIjoiMSJ9",
          "dependencies": [
            "google_compute_network.vpc_network"
          ]
        }
      ]
    },
    {
      "mode": "managed",
      "type": "google_compute_firewall",
      "name": "allow_ssh",
      "provider": "provider[\"registry.terraform.io/hashicorp/google\"]",
      "instances": [
        {
          "schema_version": 1,
          "attributes": {
            "allow": [
              {
                "ports": [
                  "22"
                ],
                "protocol": "tcp"
              }
            ],
            "creation_timestamp": "2024-08-01T08:04:20.007-07:00",
            "deny": [],
            "description": "",
            "destination_ranges": [],
            "direction": "INGRESS",
            "disabled": false,
            "enable_logging": null,
            "id": "projects/ctp-prj-1/global/firewalls/allow-ssh",
            "log_config": [],
            "name": "allow-ssh",
            "network": "https://www.googleapis.com/compute/v1/projects/ctp-prj-1/global/networks/vpc-fin-ctp-001",
            "priority": 1000,
            "project": "ctp-prj-1",
            "self_link": "https://www.googleapis.com/compute/v1/projects/ctp-prj-1/global/firewalls/allow-ssh",
            "source_ranges": [
              "0.0.0.0/0"
            ],
            "source_service_accounts": [],
            "source_tags": [],
            "target_service_accounts": [],
            "target_tags": [],
            "timeouts": null
          },
          "sensitive_attributes": [],
          "private": "eyJlMmJmYjczMC1lY2FhLTExZTYtOGY4OC0zNDM2M2JjN2M0YzAiOnsiY3JlYXRlIjoxMjAwMDAwMDAwMDAwLCJkZWxldGUiOjEyMDAwMDAwMDAwMDAsInVwZGF0ZSI6MTIwMDAwMDAwMDAwMH0sInNjaGVtYV92ZXJzaW9uIjoiMSJ9",
          "dependencies": [
            "google_compute_network.vpc_network"
          ]
        }
      ]
    },
    {
      "mode": "managed",
      "type": "google_compute_global_address",
      "name": "spanner_private_ip",
      "provider": "provider[\"registry.terraform.io/hashicorp/google-beta\"]",
      "instances": [
        {
          "schema_version": 0,
          "attributes": {
            "address": "10.39.0.0",
            "address_type": "INTERNAL",
            "creation_timestamp": "2024-08-01T08:04:19.948-07:00",
            "description": "",
            "effective_labels": {},
            "id": "projects/ctp-prj-1/global/addresses/ctp-fin-spanner-001-private-ip",
            "ip_version": "",
            "label_fingerprint": "42WmSpB8rSM=",
            "labels": {},
            "name": "ctp-fin-spanner-001-private-ip",
            "network": "https://www.googleapis.com/compute/v1/projects/ctp-prj-1/global/networks/vpc-fin-ctp-001",
            "prefix_length": 16,
            "project": "ctp-prj-1",
            "purpose": "VPC_PEERING",
            "self_link": "https://www.googleapis.com/compute/v1/projects/ctp-prj-1/global/addresses/ctp-fin-spanner-001-private-ip",
            "terraform_labels": {},
            "timeouts": null
          },
          "sensitive_attributes": [],
          "private": "eyJlMmJmYjczMC1lY2FhLTExZTYtOGY4OC0zNDM2M2JjN2M0YzAiOnsiY3JlYXRlIjoxMjAwMDAwMDAwMDAwLCJkZWxldGUiOjEyMDAwMDAwMDAwMDAsInVwZGF0ZSI6MTIwMDAwMDAwMDAwMH19",
          "dependencies": [
            "google_compute_network.vpc_network"
          ]
        }
      ]
    },
    {
      "mode": "managed",
      "type": "google_compute_instance",
      "name": "bastion_1",
      "provider": "provider[\"registry.terraform.io/hashicorp/google\"]",
      "instances": [
        {
          "schema_version": 6,
          "attributes": {
            "advanced_machine_features": [],
            "allow_stopping_for_update": null,
            "attached_disk": [],
            "boot_disk": [
              {
                "auto_delete": true,
                "device_name": "persistent-disk-0",
                "disk_encryption_key_raw": "",
                "disk_encryption_key_sha256": "",
                "initialize_params": [
                  {
                    "enable_confidential_compute": false,
                    "image": "https://www.googleapis.com/compute/v1/projects/debian-cloud/global/images/debian-11-bullseye-v20240709",
                    "labels": {},
                    "provisioned_iops": 0,
                    "provisioned_throughput": 0,
                    "resource_manager_tags": {},
                    "size": 10,
                    "type": "pd-standard"
                  }
                ],
                "kms_key_self_link": "",
                "mode": "READ_WRITE",
                "source": "https://www.googleapis.com/compute/v1/projects/ctp-prj-1/zones/us-central1-a/disks/bastion-1"
              }
            ],
            "can_ip_forward": false,
            "confidential_instance_config": [],
            "cpu_platform": "Intel Haswell",
            "current_status": "RUNNING",
            "deletion_protection": false,
            "description": "",
            "desired_status": null,
            "effective_labels": {},
            "enable_display": false,
            "guest_accelerator": [],
            "hostname": "",
            "id": "projects/ctp-prj-1/zones/us-central1-a/instances/bastion-1",
            "instance_id": "5717743905299372795",
            "label_fingerprint": "42WmSpB8rSM=",
            "labels": {},
            "machine_type": "f1-micro",
            "metadata": {
              "ssh-keys": "ssh-rsa AAAAB3NzaC1yc2EAAAADAQABAAABAQCeb3KMO6Byn6XjpHJQKRbPuFYKXPKTXcOJLtxntWHOxuLl6i6+SN9t/yYPaygWOWnPl9p5L/UchKkFSryiCKCXsQYfakmNJLtuvtpYd09MOu4sgtDYOxCD4vWblHuhBdXpqXx2a175F8gM7sCQYEfRaySjHUsdCEI5SaOJVYqCQSOq5CHc1fVB7SNYTlxFForsNyDObFgiJ7eDAWZa5o8bbkbxxN1WlI5F0YzS+Yiwf938dvAqK2yM9UExg42nEgd/yfZ8IvOzLNEvkESCDXuh0CsnTT6JMBoUHOb1Ts2zbHGFOkq+2G001Sy3FhVAgX3Y9ZfMlBDoNEqqSIVGz7P9 dewakarreddy@google.com"
            },
            "metadata_fingerprint": "op2Mfjikh2E=",
            "metadata_startup_script": null,
            "min_cpu_platform": "",
            "name": "bastion-1",
            "network_interface": [
              {
                "access_config": [
                  {
                    "nat_ip": "34.29.9.127",
                    "network_tier": "PREMIUM",
                    "public_ptr_domain_name": ""
                  }
                ],
                "alias_ip_range": [],
                "internal_ipv6_prefix_length": 0,
                "ipv6_access_config": [],
                "ipv6_access_type": "",
                "ipv6_address": "",
                "name": "nic0",
                "network": "https://www.googleapis.com/compute/v1/projects/ctp-prj-1/global/networks/vpc-fin-ctp-001",
                "network_ip": "10.0.0.3",
                "nic_type": "",
                "queue_count": 0,
                "stack_type": "IPV4_ONLY",
                "subnetwork": "https://www.googleapis.com/compute/v1/projects/ctp-prj-1/regions/us-central1/subnetworks/subnet-fin-ctp-001",
                "subnetwork_project": "ctp-prj-1"
              }
            ],
            "network_performance_config": [],
            "params": [],
            "project": "ctp-prj-1",
            "reservation_affinity": [],
            "resource_policies": [],
            "scheduling": [
              {
                "automatic_restart": true,
                "instance_termination_action": "",
                "local_ssd_recovery_timeout": [],
                "max_run_duration": [],
                "min_node_cpus": 0,
                "node_affinities": [],
                "on_host_maintenance": "MIGRATE",
                "on_instance_stop_action": [],
                "preemptible": false,
                "provisioning_model": "STANDARD"
              }
            ],
            "scratch_disk": [],
            "self_link": "https://www.googleapis.com/compute/v1/projects/ctp-prj-1/zones/us-central1-a/instances/bastion-1",
            "service_account": [],
            "shielded_instance_config": [
              {
                "enable_integrity_monitoring": true,
                "enable_secure_boot": false,
                "enable_vtpm": true
              }
            ],
            "tags": [],
            "tags_fingerprint": "42WmSpB8rSM=",
            "terraform_labels": {},
            "timeouts": null,
            "zone": "us-central1-a"
          },
          "sensitive_attributes": [],
          "private": "eyJlMmJmYjczMC1lY2FhLTExZTYtOGY4OC0zNDM2M2JjN2M0YzAiOnsiY3JlYXRlIjoxMjAwMDAwMDAwMDAwLCJkZWxldGUiOjEyMDAwMDAwMDAwMDAsInVwZGF0ZSI6MTIwMDAwMDAwMDAwMH0sInNjaGVtYV92ZXJzaW9uIjoiNiJ9",
          "dependencies": [
            "google_compute_network.vpc_network",
            "google_compute_subnetwork.subnet"
          ]
        }
      ]
    },
    {
      "mode": "managed",
      "type": "google_compute_instance",
      "name": "bastion_2",
      "provider": "provider[\"registry.terraform.io/hashicorp/google\"]",
      "instances": [
        {
          "schema_version": 6,
          "attributes": {
            "advanced_machine_features": [],
            "allow_stopping_for_update": null,
            "attached_disk": [],
            "boot_disk": [
              {
                "auto_delete": true,
                "device_name": "persistent-disk-0",
                "disk_encryption_key_raw": "",
                "disk_encryption_key_sha256": "",
                "initialize_params": [
                  {
                    "enable_confidential_compute": false,
                    "image": "https://www.googleapis.com/compute/v1/projects/debian-cloud/global/images/debian-11-bullseye-v20240709",
                    "labels": {},
                    "provisioned_iops": 0,
                    "provisioned_throughput": 0,
                    "resource_manager_tags": {},
                    "size": 10,
                    "type": "pd-standard"
                  }
                ],
                "kms_key_self_link": "",
                "mode": "READ_WRITE",
                "source": "https://www.googleapis.com/compute/v1/projects/ctp-prj-1/zones/us-central1-a/disks/bastion-2"
              }
            ],
            "can_ip_forward": false,
            "confidential_instance_config": [],
            "cpu_platform": "Intel Haswell",
            "current_status": "RUNNING",
            "deletion_protection": false,
            "description": "",
            "desired_status": null,
            "effective_labels": {},
            "enable_display": false,
            "guest_accelerator": [],
            "hostname": "",
            "id": "projects/ctp-prj-1/zones/us-central1-a/instances/bastion-2",
            "instance_id": "129653164399270652",
            "label_fingerprint": "42WmSpB8rSM=",
            "labels": {},
            "machine_type": "f1-micro",
            "metadata": {
              "ssh-keys": "ssh-rsa AAAAB3NzaC1yc2EAAAADAQABAAABAQCeb3KMO6Byn6XjpHJQKRbPuFYKXPKTXcOJLtxntWHOxuLl6i6+SN9t/yYPaygWOWnPl9p5L/UchKkFSryiCKCXsQYfakmNJLtuvtpYd09MOu4sgtDYOxCD4vWblHuhBdXpqXx2a175F8gM7sCQYEfRaySjHUsdCEI5SaOJVYqCQSOq5CHc1fVB7SNYTlxFForsNyDObFgiJ7eDAWZa5o8bbkbxxN1WlI5F0YzS+Yiwf938dvAqK2yM9UExg42nEgd/yfZ8IvOzLNEvkESCDXuh0CsnTT6JMBoUHOb1Ts2zbHGFOkq+2G001Sy3FhVAgX3Y9ZfMlBDoNEqqSIVGz7P9 dewakarreddy@google.com"
            },
            "metadata_fingerprint": "op2Mfjikh2E=",
            "metadata_startup_script": null,
            "min_cpu_platform": "",
            "name": "bastion-2",
            "network_interface": [
              {
                "access_config": [
                  {
                    "nat_ip": "34.70.108.179",
                    "network_tier": "PREMIUM",
                    "public_ptr_domain_name": ""
                  }
                ],
                "alias_ip_range": [],
                "internal_ipv6_prefix_length": 0,
                "ipv6_access_config": [],
                "ipv6_access_type": "",
                "ipv6_address": "",
                "name": "nic0",
                "network": "https://www.googleapis.com/compute/v1/projects/ctp-prj-1/global/networks/vpc-fin-ctp-001",
                "network_ip": "10.0.0.2",
                "nic_type": "",
                "queue_count": 0,
                "stack_type": "IPV4_ONLY",
                "subnetwork": "https://www.googleapis.com/compute/v1/projects/ctp-prj-1/regions/us-central1/subnetworks/subnet-fin-ctp-001",
                "subnetwork_project": "ctp-prj-1"
              }
            ],
            "network_performance_config": [],
            "params": [],
            "project": "ctp-prj-1",
            "reservation_affinity": [],
            "resource_policies": [],
            "scheduling": [
              {
                "automatic_restart": true,
                "instance_termination_action": "",
                "local_ssd_recovery_timeout": [],
                "max_run_duration": [],
                "min_node_cpus": 0,
                "node_affinities": [],
                "on_host_maintenance": "MIGRATE",
                "on_instance_stop_action": [],
                "preemptible": false,
                "provisioning_model": "STANDARD"
              }
            ],
            "scratch_disk": [],
            "self_link": "https://www.googleapis.com/compute/v1/projects/ctp-prj-1/zones/us-central1-a/instances/bastion-2",
            "service_account": [],
            "shielded_instance_config": [
              {
                "enable_integrity_monitoring": true,
                "enable_secure_boot": false,
                "enable_vtpm": true
              }
            ],
            "tags": [],
            "tags_fingerprint": "42WmSpB8rSM=",
            "terraform_labels": {},
            "timeouts": null,
            "zone": "us-central1-a"
          },
          "sensitive_attributes": [],
          "private": "eyJlMmJmYjczMC1lY2FhLTExZTYtOGY4OC0zNDM2M2JjN2M0YzAiOnsiY3JlYXRlIjoxMjAwMDAwMDAwMDAwLCJkZWxldGUiOjEyMDAwMDAwMDAwMDAsInVwZGF0ZSI6MTIwMDAwMDAwMDAwMH0sInNjaGVtYV92ZXJzaW9uIjoiNiJ9",
          "dependencies": [
            "google_compute_network.vpc_network",
            "google_compute_subnetwork.subnet"
          ]
        }
      ]
    },
    {
      "mode": "managed",
      "type": "google_compute_network",
      "name": "vpc_network",
      "provider": "provider[\"registry.terraform.io/hashicorp/google\"]",
      "instances": [
        {
          "schema_version": 0,
          "attributes": {
            "auto_create_subnetworks": false,
            "delete_default_routes_on_create": false,
            "description": "",
            "enable_ula_internal_ipv6": false,
            "gateway_ipv4": "",
            "id": "projects/ctp-prj-1/global/networks/vpc-fin-ctp-001",
            "internal_ipv6_range": "",
            "mtu": 0,
            "name": "vpc-fin-ctp-001",
            "network_firewall_policy_enforcement_order": "AFTER_CLASSIC_FIREWALL",
            "numeric_id": "5277675019210988849",
            "project": "ctp-prj-1",
            "routing_mode": "REGIONAL",
            "self_link": "https://www.googleapis.com/compute/v1/projects/ctp-prj-1/global/networks/vpc-fin-ctp-001",
            "timeouts": null
          },
          "sensitive_attributes": [],
          "private": "eyJlMmJmYjczMC1lY2FhLTExZTYtOGY4OC0zNDM2M2JjN2M0YzAiOnsiY3JlYXRlIjoxMjAwMDAwMDAwMDAwLCJkZWxldGUiOjEyMDAwMDAwMDAwMDAsInVwZGF0ZSI6MTIwMDAwMDAwMDAwMH19"
        }
      ]
    },
    {
      "mode": "managed",
      "type": "google_compute_subnetwork",
      "name": "subnet",
      "provider": "provider[\"registry.terraform.io/hashicorp/google\"]",
      "instances": [
        {
          "schema_version": 0,
          "attributes": {
            "creation_timestamp": "2024-08-01T08:04:20.048-07:00",
            "description": "",
            "external_ipv6_prefix": "",
            "fingerprint": null,
            "gateway_address": "10.0.0.1",
            "id": "projects/ctp-prj-1/regions/us-central1/subnetworks/subnet-fin-ctp-001",
            "internal_ipv6_prefix": "",
            "ip_cidr_range": "10.0.0.0/24",
            "ipv6_access_type": "",
            "ipv6_cidr_range": "",
            "log_config": [],
            "name": "subnet-fin-ctp-001",
            "network": "https://www.googleapis.com/compute/v1/projects/ctp-prj-1/global/networks/vpc-fin-ctp-001",
            "private_ip_google_access": true,
            "private_ipv6_google_access": "DISABLE_GOOGLE_ACCESS",
            "project": "ctp-prj-1",
            "purpose": "PRIVATE",
            "region": "us-central1",
            "role": "",
            "secondary_ip_range": [
              {
                "ip_cidr_range": "10.1.0.0/16",
                "range_name": "gke-pods"
              },
              {
                "ip_cidr_range": "10.2.0.0/20",
                "range_name": "gke-services"
              }
            ],
            "self_link": "https://www.googleapis.com/compute/v1/projects/ctp-prj-1/regions/us-central1/subnetworks/subnet-fin-ctp-001",
            "stack_type": "IPV4_ONLY",
            "timeouts": null
          },
          "sensitive_attributes": [],
          "private": "eyJlMmJmYjczMC1lY2FhLTExZTYtOGY4OC0zNDM2M2JjN2M0YzAiOnsiY3JlYXRlIjoxMjAwMDAwMDAwMDAwLCJkZWxldGUiOjEyMDAwMDAwMDAwMDAsInVwZGF0ZSI6MTIwMDAwMDAwMDAwMH19",
          "dependencies": [
            "google_compute_network.vpc_network"
          ]
        }
      ]
    },
    {
      "mode": "managed",
      "type": "google_container_cluster",
      "name": "primary",
      "provider": "provider[\"registry.terraform.io/hashicorp/google\"]",
      "instances": [
        {
          "schema_version": 2,
          "attributes": {
            "addons_config": [
              {
                "cloudrun_config": [],
                "config_connector_config": [],
                "dns_cache_config": [],
                "gce_persistent_disk_csi_driver_config": [
                  {
                    "enabled": true
                  }
                ],
                "gcp_filestore_csi_driver_config": [],
                "gcs_fuse_csi_driver_config": [],
                "gke_backup_agent_config": [],
                "horizontal_pod_autoscaling": [],
                "http_load_balancing": [],
                "network_policy_config": [
                  {
                    "disabled": true
                  }
                ],
                "stateful_ha_config": []
              }
            ],
            "allow_net_admin": null,
            "authenticator_groups_config": [],
            "binary_authorization": [
              {
                "enabled": false,
                "evaluation_mode": ""
              }
            ],
            "cluster_autoscaling": [
              {
                "auto_provisioning_defaults": [],
                "autoscaling_profile": "BALANCED",
                "enabled": false,
                "resource_limits": []
              }
            ],
            "cluster_ipv4_cidr": "10.1.0.0/16",
            "confidential_nodes": [],
            "cost_management_config": [],
            "database_encryption": [
              {
                "key_name": "",
                "state": "DECRYPTED"
              }
            ],
            "datapath_provider": "",
            "default_max_pods_per_node": 110,
            "default_snat_status": [
              {
                "disabled": false
              }
            ],
            "deletion_protection": true,
            "description": "",
            "dns_config": [],
            "enable_autopilot": false,
            "enable_cilium_clusterwide_network_policy": false,
            "enable_intranode_visibility": false,
            "enable_k8s_beta_apis": [],
            "enable_kubernetes_alpha": false,
            "enable_l4_ilb_subsetting": false,
            "enable_legacy_abac": false,
            "enable_shielded_nodes": true,
            "enable_tpu": false,
            "endpoint": "35.225.214.198",
            "fleet": [],
            "gateway_api_config": [],
            "id": "projects/ctp-prj-1/locations/us-central1/clusters/gke-fin-ctp-001",
            "identity_service_config": [],
            "initial_node_count": 1,
            "ip_allocation_policy": [
              {
                "additional_pod_ranges_config": [],
                "cluster_ipv4_cidr_block": "10.1.0.0/16",
                "cluster_secondary_range_name": "gke-pods",
                "pod_cidr_overprovision_config": [
                  {
                    "disabled": false
                  }
                ],
                "services_ipv4_cidr_block": "10.2.0.0/20",
                "services_secondary_range_name": "gke-services",
                "stack_type": "IPV4"
              }
            ],
            "label_fingerprint": "a9dc16a7",
            "location": "us-central1",
            "logging_config": [
              {
                "enable_components": [
                  "SYSTEM_COMPONENTS",
                  "WORKLOADS"
                ]
              }
            ],
            "logging_service": "logging.googleapis.com/kubernetes",
            "maintenance_policy": [],
            "master_auth": [
              {
                "client_certificate": "",
                "client_certificate_config": [
                  {
                    "issue_client_certificate": false
                  }
                ],
                "client_key": "",
                "cluster_ca_certificate": "LS0tLS1CRUdJTiBDRVJUSUZJQ0FURS0tLS0tCk1JSUVMRENDQXBTZ0F3SUJBZ0lRRWRrcjZ5NENXRGd4OFhzNEtuSFEwREFOQmdrcWhraUc5dzBCQVFzRkFEQXYKTVMwd0t3WURWUVFERXlSak5UaGpORFl4Tmkwd04yWmtMVFF3TnpndFlqWXlaaTFrWlRjeE1XSTNaakkxWkRNdwpJQmNOTWpRd09EQXhNVFF3TkRVeFdoZ1BNakExTkRBM01qVXhOVEEwTlRGYU1DOHhMVEFyQmdOVkJBTVRKR00xCk9HTTBOakUyTFRBM1ptUXROREEzT0MxaU5qSm1MV1JsTnpFeFlqZG1NalZrTXpDQ0FhSXdEUVlKS29aSWh2Y04KQVFFQkJRQURnZ0dQQURDQ0FZb0NnZ0dCQUxteEdiVmxhY1RiTlZ5bk1BUlJXVklqQlBEaHNFQitaS0ltcitrRQplY2h0UUw3UlZ6TVlvK2Rmdlk0Z1piNDVYejFyQlp0V29mQUwzSkxSbkQ4NDlpd1hQQUpmSE5QR2IxTFBTeGhoCllDc0xCYitmQkVsTFc2MFZxVjZBVkpicW4zRDJ6ajZybUlwVEo2emRHVDhwUEVsTVM1RjVKaEo1TzUybnJIT3MKbnhqV2NvT3pNb043a3ZLSEl4ZVFIY1lFSjdqWEtld0Y1cGkwb09vYmNQOTRPN0cvQ0FKV3ZXYXM4ckNHNDJCSApEOVBIRVdKSHJPbGkxRHFxcXNEbngzTGZ5UWhFMXl1YkR4eE1XZjY5M2Y4emFyNTRFRkZjNXpTV0FrK3JFa2x6ClF2KytIaTBPMVRaTk0yL1JvdDgvMllGSFpaaVhUSG5Ra3JXbHoxUHo1ejBPTnFLME5VMFVEejNXRVZFMFlVcy8KZEw3Z1c1Sk1MYTR4WnpOMkt0Ti9GaFpCd0dyd04yOUdaWjdRcTkyZXl4czJsRTdSOWRCUWVWS21GbkpLamo3ZgpmQ3NBNjZNMXlDQ1A2aUFPSFE1Z0xJSVNjYmxvamFBakl1YjJ6RWV3Q094RTlBdUlJeXNjY0prdEpzYUVhZzMxCmNpZkpmNDRxMHgwTVoxcnczQ3dENVZjcW9RSURBUUFCbzBJd1FEQU9CZ05WSFE4QkFmOEVCQU1DQWdRd0R3WUQKVlIwVEFRSC9CQVV3QXdFQi96QWRCZ05WSFE0RUZnUVVDNi9KenBFS0lwcVJpYzBTb1lBQXFETkNPUkF3RFFZSgpLb1pJaHZjTkFRRUxCUUFEZ2dHQkFCc0thTWN3YjJHbkhXZDVnWFRtN1dCRExmVmJva3kxN1RHR2hkTmJ4QWY4CjliVXB4dm9ybkh2VUJBeHllczBpelduMzV4V21veXo4K3lVcjl5eHkxZmRjcG5scVJVOUZnODZ3cTFNZitxVTIKNjdPNkE2UzU3cXoxRk1JLytWWjE2TkJSQ0dpSC9GN1lKRTZsRDViTHh2R3RFRWFDRjk2V0ppU1UvZUtCVXBKZQpXUTh3N2RWRmpOd0VGd1Q5VE5ReEc3SmUyREtKTDcxTXNXU1dXTjNCZldlVVdFK1JqY2s2QkdyREQ4MnR4VHl4Ckl2YTJSK0FIVUc1T1lhSkw3SFRldkpCNEJ6b0ZKbkhaYWRVWFNBbmxrNitCeVZZOTV4VStyVVZ6Mm1TdEZiV2EKa0IveDNQWFJodWdrRmEwVjgvUFRZY29WRTgxK2dPbjVjMkx6S2ZqSURFaGN6WU42YmU2OUdiVWFwYlRPa3Z0agpkdUJVcEpnNmV1azlEdlVRWXpxS2xNMzJaenJWVWZzRFd0SWttQTd0Mm1UamhsaG16TWF5dk9SM052RDJ5MkE5ClE4YnFONXFMdytUMWkyVk94VVJ0cVBSWXp5dFlQNzEwOTYvR1B6YmtFN0RTZTV5UUI1ZkVyUGxxaG5aQkVYYXgKNEMwK0JxK20wd2s5UzZSVnNkR1BkUT09Ci0tLS0tRU5EIENFUlRJRklDQVRFLS0tLS0K"
              }
            ],
            "master_authorized_networks_config": [],
            "master_version": "1.29.6-gke.1038001",
            "mesh_certificates": [],
            "min_master_version": null,
            "monitoring_config": [
              {
                "advanced_datapath_observability_config": [
                  {
                    "enable_metrics": false,
                    "enable_relay": false,
                    "relay_mode": "DISABLED"
                  }
                ],
                "enable_components": [
                  "SYSTEM_COMPONENTS",
                  "DEPLOYMENT",
                  "STATEFULSET",
                  "STORAGE",
                  "HPA",
                  "POD",
                  "DAEMONSET",
                  "CADVISOR",
                  "KUBELET"
                ],
                "managed_prometheus": [
                  {
                    "enabled": true
                  }
                ]
              }
            ],
            "monitoring_service": "monitoring.googleapis.com/kubernetes",
            "name": "gke-fin-ctp-001",
            "network": "projects/ctp-prj-1/global/networks/vpc-fin-ctp-001",
            "network_policy": [
              {
                "enabled": false,
                "provider": "PROVIDER_UNSPECIFIED"
              }
            ],
            "networking_mode": "VPC_NATIVE",
            "node_config": [
              {
                "advanced_machine_features": [],
                "boot_disk_kms_key": "",
                "confidential_nodes": [],
                "containerd_config": [],
                "disk_size_gb": 100,
                "disk_type": "pd-balanced",
                "effective_taints": [],
                "enable_confidential_storage": false,
                "ephemeral_storage_local_ssd_config": [],
                "fast_socket": [],
                "gcfs_config": [],
                "guest_accelerator": [],
                "gvnic": [],
                "host_maintenance_policy": [],
                "image_type": "COS_CONTAINERD",
                "kubelet_config": [],
                "labels": {
                  "name": "gke-instance-002"
                },
                "linux_node_config": [],
                "local_nvme_ssd_block_config": [],
                "local_ssd_count": 0,
                "logging_variant": "DEFAULT",
                "machine_type": "n1-standard-1",
                "metadata": {
                  "disable-legacy-endpoints": "true"
                },
                "min_cpu_platform": "",
                "node_group": "",
                "oauth_scopes": [
                  "https://www.googleapis.com/auth/cloud-platform"
                ],
                "preemptible": false,
                "reservation_affinity": [],
                "resource_labels": {},
                "resource_manager_tags": {},
                "secondary_boot_disks": [],
                "service_account": "default",
                "shielded_instance_config": [
                  {
                    "enable_integrity_monitoring": true,
                    "enable_secure_boot": false
                  }
                ],
                "sole_tenant_config": [],
                "spot": false,
                "tags": [],
                "taint": [],
                "workload_metadata_config": []
              }
            ],
            "node_locations": [
              "us-central1-a",
              "us-central1-c",
              "us-central1-f"
            ],
            "node_pool": [
              {
                "autoscaling": [],
                "initial_node_count": 1,
                "instance_group_urls": [
                  "https://www.googleapis.com/compute/v1/projects/ctp-prj-1/zones/us-central1-a/instanceGroupManagers/gke-gke-fin-ctp-001-terraform-2024080-db67941d-grp",
                  "https://www.googleapis.com/compute/v1/projects/ctp-prj-1/zones/us-central1-c/instanceGroupManagers/gke-gke-fin-ctp-001-terraform-2024080-0e709003-grp",
                  "https://www.googleapis.com/compute/v1/projects/ctp-prj-1/zones/us-central1-f/instanceGroupManagers/gke-gke-fin-ctp-001-terraform-2024080-6dcd9237-grp"
                ],
                "managed_instance_group_urls": [
                  "https://www.googleapis.com/compute/v1/projects/ctp-prj-1/zones/us-central1-a/instanceGroups/gke-gke-fin-ctp-001-terraform-2024080-db67941d-grp",
                  "https://www.googleapis.com/compute/v1/projects/ctp-prj-1/zones/us-central1-c/instanceGroups/gke-gke-fin-ctp-001-terraform-2024080-0e709003-grp",
                  "https://www.googleapis.com/compute/v1/projects/ctp-prj-1/zones/us-central1-f/instanceGroups/gke-gke-fin-ctp-001-terraform-2024080-6dcd9237-grp"
                ],
                "management": [
                  {
                    "auto_repair": true,
                    "auto_upgrade": true
                  }
                ],
                "max_pods_per_node": 110,
                "name": "terraform-20240801151538170100000001",
                "name_prefix": "",
                "network_config": [
                  {
                    "create_pod_range": false,
                    "enable_private_nodes": true,
                    "network_performance_config": [],
                    "pod_cidr_overprovision_config": [],
                    "pod_ipv4_cidr_block": "10.1.0.0/16",
                    "pod_range": "gke-pods"
                  }
                ],
                "node_config": [
                  {
                    "advanced_machine_features": [],
                    "boot_disk_kms_key": "",
                    "confidential_nodes": [],
                    "containerd_config": [],
                    "disk_size_gb": 100,
                    "disk_type": "pd-balanced",
                    "effective_taints": [],
                    "enable_confidential_storage": false,
                    "ephemeral_storage_local_ssd_config": [],
                    "fast_socket": [],
                    "gcfs_config": [],
                    "guest_accelerator": [],
                    "gvnic": [],
                    "host_maintenance_policy": [],
                    "image_type": "COS_CONTAINERD",
                    "kubelet_config": [],
                    "labels": {
                      "name": "gke-instance-002"
                    },
                    "linux_node_config": [],
                    "local_nvme_ssd_block_config": [],
                    "local_ssd_count": 0,
                    "logging_variant": "DEFAULT",
                    "machine_type": "n1-standard-1",
                    "metadata": {
                      "disable-legacy-endpoints": "true"
                    },
                    "min_cpu_platform": "",
                    "node_group": "",
                    "oauth_scopes": [
                      "https://www.googleapis.com/auth/cloud-platform"
                    ],
                    "preemptible": false,
                    "reservation_affinity": [],
                    "resource_labels": {},
                    "resource_manager_tags": {},
                    "secondary_boot_disks": [],
                    "service_account": "default",
                    "shielded_instance_config": [
                      {
                        "enable_integrity_monitoring": true,
                        "enable_secure_boot": false
                      }
                    ],
                    "sole_tenant_config": [],
                    "spot": false,
                    "tags": [],
                    "taint": [],
                    "workload_metadata_config": []
                  }
                ],
                "node_count": 1,
                "node_locations": [
                  "us-central1-a",
                  "us-central1-c",
                  "us-central1-f"
                ],
                "placement_policy": [],
                "queued_provisioning": [],
                "upgrade_settings": [
                  {
                    "blue_green_settings": [],
                    "max_surge": 1,
                    "max_unavailable": 0,
                    "strategy": "SURGE"
                  }
                ],
                "version": "1.29.6-gke.1038001"
              },
              {
                "autoscaling": [],
                "initial_node_count": 1,
                "instance_group_urls": [
                  "https://www.googleapis.com/compute/v1/projects/ctp-prj-1/zones/us-central1-a/instanceGroupManagers/gke-gke-fin-ctp-001-terraform-2024080-5fbd8f31-grp",
                  "https://www.googleapis.com/compute/v1/projects/ctp-prj-1/zones/us-central1-c/instanceGroupManagers/gke-gke-fin-ctp-001-terraform-2024080-25fc0e15-grp",
                  "https://www.googleapis.com/compute/v1/projects/ctp-prj-1/zones/us-central1-f/instanceGroupManagers/gke-gke-fin-ctp-001-terraform-2024080-941dfc9b-grp"
                ],
                "managed_instance_group_urls": [
                  "https://www.googleapis.com/compute/v1/projects/ctp-prj-1/zones/us-central1-a/instanceGroups/gke-gke-fin-ctp-001-terraform-2024080-5fbd8f31-grp",
                  "https://www.googleapis.com/compute/v1/projects/ctp-prj-1/zones/us-central1-c/instanceGroups/gke-gke-fin-ctp-001-terraform-2024080-25fc0e15-grp",
                  "https://www.googleapis.com/compute/v1/projects/ctp-prj-1/zones/us-central1-f/instanceGroups/gke-gke-fin-ctp-001-terraform-2024080-941dfc9b-grp"
                ],
                "management": [
                  {
                    "auto_repair": true,
                    "auto_upgrade": true
                  }
                ],
                "max_pods_per_node": 110,
                "name": "terraform-20240801151538176100000002",
                "name_prefix": "",
                "network_config": [
                  {
                    "create_pod_range": false,
                    "enable_private_nodes": true,
                    "network_performance_config": [],
                    "pod_cidr_overprovision_config": [],
                    "pod_ipv4_cidr_block": "10.1.0.0/16",
                    "pod_range": "gke-pods"
                  }
                ],
                "node_config": [
                  {
                    "advanced_machine_features": [],
                    "boot_disk_kms_key": "",
                    "confidential_nodes": [],
                    "containerd_config": [],
                    "disk_size_gb": 100,
                    "disk_type": "pd-balanced",
                    "effective_taints": [],
                    "enable_confidential_storage": false,
                    "ephemeral_storage_local_ssd_config": [],
                    "fast_socket": [],
                    "gcfs_config": [],
                    "guest_accelerator": [],
                    "gvnic": [],
                    "host_maintenance_policy": [],
                    "image_type": "COS_CONTAINERD",
                    "kubelet_config": [],
                    "labels": {
                      "name": "gke-instance-001"
                    },
                    "linux_node_config": [],
                    "local_nvme_ssd_block_config": [],
                    "local_ssd_count": 0,
                    "logging_variant": "DEFAULT",
                    "machine_type": "n1-standard-1",
                    "metadata": {
                      "disable-legacy-endpoints": "true"
                    },
                    "min_cpu_platform": "",
                    "node_group": "",
                    "oauth_scopes": [
                      "https://www.googleapis.com/auth/cloud-platform"
                    ],
                    "preemptible": false,
                    "reservation_affinity": [],
                    "resource_labels": {},
                    "resource_manager_tags": {},
                    "secondary_boot_disks": [],
                    "service_account": "default",
                    "shielded_instance_config": [
                      {
                        "enable_integrity_monitoring": true,
                        "enable_secure_boot": false
                      }
                    ],
                    "sole_tenant_config": [],
                    "spot": false,
                    "tags": [],
                    "taint": [],
                    "workload_metadata_config": []
                  }
                ],
                "node_count": 1,
                "node_locations": [
                  "us-central1-a",
                  "us-central1-c",
                  "us-central1-f"
                ],
                "placement_policy": [],
                "queued_provisioning": [],
                "upgrade_settings": [
                  {
                    "blue_green_settings": [],
                    "max_surge": 1,
                    "max_unavailable": 0,
                    "strategy": "SURGE"
                  }
                ],
                "version": "1.29.6-gke.1038001"
              },
              {
                "autoscaling": [],
                "initial_node_count": 1,
                "instance_group_urls": [
                  "https://www.googleapis.com/compute/v1/projects/ctp-prj-1/zones/us-central1-a/instanceGroupManagers/gke-gke-fin-ctp-001-terraform-2024080-0263733c-grp",
                  "https://www.googleapis.com/compute/v1/projects/ctp-prj-1/zones/us-central1-c/instanceGroupManagers/gke-gke-fin-ctp-001-terraform-2024080-15db4483-grp",
                  "https://www.googleapis.com/compute/v1/projects/ctp-prj-1/zones/us-central1-f/instanceGroupManagers/gke-gke-fin-ctp-001-terraform-2024080-c66e0d31-grp"
                ],
                "managed_instance_group_urls": [
                  "https://www.googleapis.com/compute/v1/projects/ctp-prj-1/zones/us-central1-a/instanceGroups/gke-gke-fin-ctp-001-terraform-2024080-0263733c-grp",
                  "https://www.googleapis.com/compute/v1/projects/ctp-prj-1/zones/us-central1-c/instanceGroups/gke-gke-fin-ctp-001-terraform-2024080-15db4483-grp",
                  "https://www.googleapis.com/compute/v1/projects/ctp-prj-1/zones/us-central1-f/instanceGroups/gke-gke-fin-ctp-001-terraform-2024080-c66e0d31-grp"
                ],
                "management": [
                  {
                    "auto_repair": true,
                    "auto_upgrade": true
                  }
                ],
                "max_pods_per_node": 110,
                "name": "terraform-20240801151538190300000003",
                "name_prefix": "",
                "network_config": [
                  {
                    "create_pod_range": false,
                    "enable_private_nodes": true,
                    "network_performance_config": [],
                    "pod_cidr_overprovision_config": [],
                    "pod_ipv4_cidr_block": "10.1.0.0/16",
                    "pod_range": "gke-pods"
                  }
                ],
                "node_config": [
                  {
                    "advanced_machine_features": [],
                    "boot_disk_kms_key": "",
                    "confidential_nodes": [],
                    "containerd_config": [],
                    "disk_size_gb": 100,
                    "disk_type": "pd-balanced",
                    "effective_taints": [],
                    "enable_confidential_storage": false,
                    "ephemeral_storage_local_ssd_config": [],
                    "fast_socket": [],
                    "gcfs_config": [],
                    "guest_accelerator": [],
                    "gvnic": [],
                    "host_maintenance_policy": [],
                    "image_type": "COS_CONTAINERD",
                    "kubelet_config": [],
                    "labels": {
                      "name": "gke-instance-003"
                    },
                    "linux_node_config": [],
                    "local_nvme_ssd_block_config": [],
                    "local_ssd_count": 0,
                    "logging_variant": "DEFAULT",
                    "machine_type": "n1-standard-1",
                    "metadata": {
                      "disable-legacy-endpoints": "true"
                    },
                    "min_cpu_platform": "",
                    "node_group": "",
                    "oauth_scopes": [
                      "https://www.googleapis.com/auth/cloud-platform"
                    ],
                    "preemptible": false,
                    "reservation_affinity": [],
                    "resource_labels": {},
                    "resource_manager_tags": {},
                    "secondary_boot_disks": [],
                    "service_account": "default",
                    "shielded_instance_config": [
                      {
                        "enable_integrity_monitoring": true,
                        "enable_secure_boot": false
                      }
                    ],
                    "sole_tenant_config": [],
                    "spot": false,
                    "tags": [],
                    "taint": [],
                    "workload_metadata_config": []
                  }
                ],
                "node_count": 1,
                "node_locations": [
                  "us-central1-a",
                  "us-central1-c",
                  "us-central1-f"
                ],
                "placement_policy": [],
                "queued_provisioning": [],
                "upgrade_settings": [
                  {
                    "blue_green_settings": [],
                    "max_surge": 1,
                    "max_unavailable": 0,
                    "strategy": "SURGE"
                  }
                ],
                "version": "1.29.6-gke.1038001"
              }
            ],
            "node_pool_auto_config": [],
            "node_pool_defaults": [
              {
                "node_config_defaults": [
                  {
                    "containerd_config": [],
                    "logging_variant": "DEFAULT"
                  }
                ]
              }
            ],
            "node_version": "1.29.6-gke.1038001",
            "notification_config": [
              {
                "pubsub": [
                  {
                    "enabled": false,
                    "filter": [],
                    "topic": ""
                  }
                ]
              }
            ],
            "operation": null,
            "private_cluster_config": [
              {
                "enable_private_endpoint": false,
                "enable_private_nodes": true,
                "master_global_access_config": [
                  {
                    "enabled": false
                  }
                ],
                "master_ipv4_cidr_block": "172.16.0.0/28",
                "peering_name": "",
                "private_endpoint": "172.16.0.2",
                "private_endpoint_subnetwork": "",
                "public_endpoint": "35.225.214.198"
              }
            ],
            "private_ipv6_google_access": "",
            "project": "ctp-prj-1",
            "release_channel": [
              {
                "channel": "REGULAR"
              }
            ],
            "remove_default_node_pool": true,
            "resource_labels": {},
            "resource_usage_export_config": [],
            "security_posture_config": [
              {
                "mode": "BASIC",
                "vulnerability_mode": "VULNERABILITY_MODE_UNSPECIFIED"
              }
            ],
            "self_link": "https://container.googleapis.com/v1/projects/ctp-prj-1/locations/us-central1/clusters/gke-fin-ctp-001",
            "service_external_ips_config": [
              {
                "enabled": false
              }
            ],
            "services_ipv4_cidr": "10.2.0.0/20",
            "subnetwork": "projects/ctp-prj-1/regions/us-central1/subnetworks/subnet-fin-ctp-001",
            "timeouts": null,
            "tpu_ipv4_cidr_block": "",
            "vertical_pod_autoscaling": [],
            "workload_identity_config": []
          },
          "sensitive_attributes": [],
          "private": "eyJlMmJmYjczMC1lY2FhLTExZTYtOGY4OC0zNDM2M2JjN2M0YzAiOnsiY3JlYXRlIjoyNDAwMDAwMDAwMDAwLCJkZWxldGUiOjI0MDAwMDAwMDAwMDAsInJlYWQiOjI0MDAwMDAwMDAwMDAsInVwZGF0ZSI6MzYwMDAwMDAwMDAwMH0sInNjaGVtYV92ZXJzaW9uIjoiMiJ9",
          "dependencies": [
            "google_compute_network.vpc_network",
            "google_compute_subnetwork.subnet"
          ]
        }
      ]
    },
    {
      "mode": "managed",
      "type": "google_container_node_pool",
      "name": "primary_nodes",
      "provider": "provider[\"registry.terraform.io/hashicorp/google\"]",
      "instances": [
        {
          "index_key": 0,
          "schema_version": 1,
          "attributes": {
            "autoscaling": [],
            "cluster": "gke-fin-ctp-001",
            "id": "projects/ctp-prj-1/locations/us-central1/clusters/gke-fin-ctp-001/nodePools/terraform-20240801151538176100000002",
            "initial_node_count": 1,
            "instance_group_urls": [
              "https://www.googleapis.com/compute/v1/projects/ctp-prj-1/zones/us-central1-a/instanceGroupManagers/gke-gke-fin-ctp-001-terraform-2024080-5fbd8f31-grp",
              "https://www.googleapis.com/compute/v1/projects/ctp-prj-1/zones/us-central1-c/instanceGroupManagers/gke-gke-fin-ctp-001-terraform-2024080-25fc0e15-grp",
              "https://www.googleapis.com/compute/v1/projects/ctp-prj-1/zones/us-central1-f/instanceGroupManagers/gke-gke-fin-ctp-001-terraform-2024080-941dfc9b-grp"
            ],
            "location": "us-central1",
            "managed_instance_group_urls": [
              "https://www.googleapis.com/compute/v1/projects/ctp-prj-1/zones/us-central1-a/instanceGroups/gke-gke-fin-ctp-001-terraform-2024080-5fbd8f31-grp",
              "https://www.googleapis.com/compute/v1/projects/ctp-prj-1/zones/us-central1-c/instanceGroups/gke-gke-fin-ctp-001-terraform-2024080-25fc0e15-grp",
              "https://www.googleapis.com/compute/v1/projects/ctp-prj-1/zones/us-central1-f/instanceGroups/gke-gke-fin-ctp-001-terraform-2024080-941dfc9b-grp"
            ],
            "management": [
              {
                "auto_repair": true,
                "auto_upgrade": true
              }
            ],
            "max_pods_per_node": 110,
            "name": "terraform-20240801151538176100000002",
            "name_prefix": "",
            "network_config": [
              {
                "create_pod_range": false,
                "enable_private_nodes": true,
                "network_performance_config": [],
                "pod_cidr_overprovision_config": [],
                "pod_ipv4_cidr_block": "10.1.0.0/16",
                "pod_range": "gke-pods"
              }
            ],
            "node_config": [
              {
                "advanced_machine_features": [],
                "boot_disk_kms_key": "",
                "confidential_nodes": [],
                "containerd_config": [],
                "disk_size_gb": 100,
                "disk_type": "pd-balanced",
                "effective_taints": [],
                "enable_confidential_storage": false,
                "ephemeral_storage_local_ssd_config": [],
                "fast_socket": [],
                "gcfs_config": [],
                "guest_accelerator": [],
                "gvnic": [],
                "host_maintenance_policy": [],
                "image_type": "COS_CONTAINERD",
                "kubelet_config": [],
                "labels": {
                  "name": "gke-instance-001"
                },
                "linux_node_config": [],
                "local_nvme_ssd_block_config": [],
                "local_ssd_count": 0,
                "logging_variant": "DEFAULT",
                "machine_type": "n1-standard-1",
                "metadata": {
                  "disable-legacy-endpoints": "true"
                },
                "min_cpu_platform": "",
                "node_group": "",
                "oauth_scopes": [
                  "https://www.googleapis.com/auth/cloud-platform"
                ],
                "preemptible": false,
                "reservation_affinity": [],
                "resource_labels": {},
                "resource_manager_tags": {},
                "secondary_boot_disks": [],
                "service_account": "default",
                "shielded_instance_config": [
                  {
                    "enable_integrity_monitoring": true,
                    "enable_secure_boot": false
                  }
                ],
                "sole_tenant_config": [],
                "spot": false,
                "tags": [],
                "taint": [],
                "workload_metadata_config": []
              }
            ],
            "node_count": 1,
            "node_locations": [
              "us-central1-a",
              "us-central1-c",
              "us-central1-f"
            ],
            "operation": null,
            "placement_policy": [],
            "project": "ctp-prj-1",
            "queued_provisioning": [],
            "timeouts": null,
            "upgrade_settings": [
              {
                "blue_green_settings": [],
                "max_surge": 1,
                "max_unavailable": 0,
                "strategy": "SURGE"
              }
            ],
            "version": "1.29.6-gke.1038001"
          },
          "sensitive_attributes": [],
          "private": "eyJlMmJmYjczMC1lY2FhLTExZTYtOGY4OC0zNDM2M2JjN2M0YzAiOnsiY3JlYXRlIjoxODAwMDAwMDAwMDAwLCJkZWxldGUiOjE4MDAwMDAwMDAwMDAsInVwZGF0ZSI6MTgwMDAwMDAwMDAwMH0sInNjaGVtYV92ZXJzaW9uIjoiMSJ9",
          "dependencies": [
            "google_compute_network.vpc_network",
            "google_compute_subnetwork.subnet",
            "google_container_cluster.primary"
          ]
        }
      ]
    },
    {
      "mode": "managed",
      "type": "google_service_networking_connection",
      "name": "spanner_vpc_connection",
      "provider": "provider[\"registry.terraform.io/hashicorp/google-beta\"]",
      "instances": [
        {
          "schema_version": 0,
          "attributes": {
            "deletion_policy": null,
            "id": "https%3A%2F%2Fwww.googleapis.com%2Fcompute%2Fv1%2Fprojects%2Fctp-prj-1%2Fglobal%2Fnetworks%2Fvpc-fin-ctp-001:servicenetworking.googleapis.com",
            "network": "https://www.googleapis.com/compute/v1/projects/ctp-prj-1/global/networks/vpc-fin-ctp-001",
            "peering": "servicenetworking-googleapis-com",
            "reserved_peering_ranges": [
              "ctp-fin-spanner-001-private-ip"
            ],
            "service": "servicenetworking.googleapis.com",
            "timeouts": null
          },
          "sensitive_attributes": [],
          "private": "eyJlMmJmYjczMC1lY2FhLTExZTYtOGY4OC0zNDM2M2JjN2M0YzAiOnsiY3JlYXRlIjo2MDAwMDAwMDAwMDAsImRlbGV0ZSI6NjAwMDAwMDAwMDAwLCJ1cGRhdGUiOjYwMDAwMDAwMDAwMH19",
          "dependencies": [
            "google_compute_global_address.spanner_private_ip",
            "google_compute_network.vpc_network"
          ]
        }
      ]
    },
    {
      "mode": "managed",
      "type": "google_spanner_database",
      "name": "spanner_database",
      "provider": "provider[\"registry.terraform.io/hashicorp/google\"]",
      "instances": [
        {
          "status": "tainted",
          "schema_version": 0,
          "attributes": {
            "database_dialect": null,
            "ddl": [
              "CREATE TABLE example (id STRING(36) NOT NULL, name STRING(36), PRIMARY KEY(id))"
            ],
            "deletion_protection": true,
            "enable_drop_protection": false,
            "encryption_config": [],
            "id": "ctp-fin-spanner-001/ctp-fin-db-001",
            "instance": "ctp-fin-spanner-001",
            "name": "ctp-fin-db-001",
            "project": "ctp-prj-1",
            "state": null,
            "timeouts": null,
            "version_retention_period": null
          },
          "sensitive_attributes": [],
          "private": "eyJlMmJmYjczMC1lY2FhLTExZTYtOGY4OC0zNDM2M2JjN2M0YzAiOnsiY3JlYXRlIjoxMjAwMDAwMDAwMDAwLCJkZWxldGUiOjEyMDAwMDAwMDAwMDAsInVwZGF0ZSI6MTIwMDAwMDAwMDAwMH19",
          "dependencies": [
            "google_spanner_instance.spanner_instance"
          ]
        }
      ]
    },
    {
      "mode": "managed",
      "type": "google_spanner_instance",
      "name": "spanner_instance",
      "provider": "provider[\"registry.terraform.io/hashicorp/google\"]",
      "instances": [
        {
          "schema_version": 0,
          "attributes": {
            "autoscaling_config": [],
            "config": "projects/ctp-prj-1/instanceConfigs/regional-us-central1",
            "display_name": "My Spanner Instance",
            "effective_labels": {},
            "force_destroy": false,
            "id": "ctp-prj-1/ctp-fin-spanner-001",
            "labels": null,
            "name": "ctp-fin-spanner-001",
            "num_nodes": 1,
            "processing_units": 1000,
            "project": "ctp-prj-1",
            "state": "READY",
            "terraform_labels": {},
            "timeouts": null
          },
          "sensitive_attributes": [],
          "private": "eyJlMmJmYjczMC1lY2FhLTExZTYtOGY4OC0zNDM2M2JjN2M0YzAiOnsiY3JlYXRlIjoxMjAwMDAwMDAwMDAwLCJkZWxldGUiOjEyMDAwMDAwMDAwMDAsInVwZGF0ZSI6MTIwMDAwMDAwMDAwMH19"
        }
      ]
    }
  ],
  "check_results": null
}
