{
  "version": 4,
  "terraform_version": "1.5.7",
  "serial": 3877,
  "lineage": "6a0190bf-3377-ee6e-ab41-3eae7da5d7e4",
  "outputs": {
    "instance_1_ip": {
      "value": "104.155.117.245",
      "type": "string"
    },
    "instance_1_self_link": {
      "value": "https://www.googleapis.com/compute/v1/projects/ctp-prj-1/zones/europe-west1-d/instances/instance-1",
      "type": "string"
    },
    "predefined_disk_types": {
      "value": {
        "europe-west1-d": "pd-ssd"
      },
      "type": [
        "map",
        "string"
      ]
    },
    "vpn_tunnel_self_link": {
      "value": "https://www.googleapis.com/compute/v1/projects/ctp-prj-1/regions/europe-west1/vpnTunnels/ctp-tunnel-us",
      "type": "string"
    }
  },
  "resources": [
    {
      "mode": "data",
      "type": "google_compute_disk_iam_policy",
      "name": "example_permissions",
      "provider": "provider[\"registry.terraform.io/hashicorp/google\"]",
      "instances": [
        {
          "schema_version": 0,
          "attributes": {
            "etag": "ACAB",
            "id": "projects/ctp-prj-1/zones/europe-west1-d/disks/example-disk",
            "name": "projects/ctp-prj-1/zones/europe-west1-d/disks/example-disk",
            "policy_data": "{}",
            "project": "ctp-prj-1",
            "zone": "europe-west1-d"
          },
          "sensitive_attributes": []
        }
      ]
    },
    {
      "mode": "data",
      "type": "google_compute_image",
      "name": "debian",
      "provider": "provider[\"registry.terraform.io/hashicorp/google\"]",
      "instances": [
        {
          "schema_version": 0,
          "attributes": {
            "archive_size_bytes": 1994907648,
            "creation_timestamp": "2024-07-09T18:47:06.840-07:00",
            "description": "Debian, Debian GNU/Linux, 11 (bullseye), amd64 built on 20240709",
            "disk_size_gb": 10,
            "family": "debian-11",
            "filter": null,
            "id": "projects/debian-cloud/global/images/debian-11-bullseye-v20240709",
            "image_encryption_key_sha256": "",
            "image_id": "4229703114952824565",
            "label_fingerprint": "42WmSpB8rSM=",
            "labels": {},
            "licenses": [
              "https://www.googleapis.com/compute/v1/projects/debian-cloud/global/licenses/debian-11-bullseye"
            ],
            "most_recent": false,
            "name": "debian-11-bullseye-v20240709",
            "project": "debian-cloud",
            "self_link": "https://www.googleapis.com/compute/v1/projects/debian-cloud/global/images/debian-11-bullseye-v20240709",
            "source_disk": "",
            "source_disk_encryption_key_sha256": "",
            "source_disk_id": "",
            "source_image_id": "",
            "status": "READY"
          },
          "sensitive_attributes": []
        }
      ]
    },
    {
      "mode": "data",
      "type": "google_compute_image",
      "name": "image_from_family",
      "provider": "provider[\"registry.terraform.io/hashicorp/google\"]",
      "instances": [
        {
          "schema_version": 0,
          "attributes": {
            "archive_size_bytes": 1994907648,
            "creation_timestamp": "2024-07-09T18:47:06.840-07:00",
            "description": "Debian, Debian GNU/Linux, 11 (bullseye), amd64 built on 20240709",
            "disk_size_gb": 10,
            "family": "debian-11",
            "filter": null,
            "id": "projects/debian-cloud/global/images/debian-11-bullseye-v20240709",
            "image_encryption_key_sha256": "",
            "image_id": "4229703114952824565",
            "label_fingerprint": "42WmSpB8rSM=",
            "labels": {},
            "licenses": [
              "https://www.googleapis.com/compute/v1/projects/debian-cloud/global/licenses/debian-11-bullseye"
            ],
            "most_recent": false,
            "name": "debian-11-bullseye-v20240709",
            "project": "debian-cloud",
            "self_link": "https://www.googleapis.com/compute/v1/projects/debian-cloud/global/images/debian-11-bullseye-v20240709",
            "source_disk": "",
            "source_disk_encryption_key_sha256": "",
            "source_disk_id": "",
            "source_image_id": "",
            "status": "READY"
          },
          "sensitive_attributes": []
        }
      ]
    },
    {
      "mode": "data",
      "type": "google_iam_policy",
      "name": "admin",
      "provider": "provider[\"registry.terraform.io/hashicorp/google-beta\"]",
      "instances": [
        {
          "schema_version": 0,
          "attributes": {
            "audit_config": null,
            "binding": [
              {
                "condition": [
                  {
                    "description": "Expiring at midnight of 2024-12-31",
                    "expression": "request.time \u003c timestamp(\"2024-07-01T00:00:00Z\")",
                    "title": "expires_after_2024_12_31"
                  }
                ],
                "members": [
                  "user:dewakarreddy@google.com"
                ],
                "role": "roles/compute.admin"
              }
            ],
            "id": "2166967409",
            "policy_data": "{\"bindings\":[{\"condition\":{\"description\":\"Expiring at midnight of 2024-12-31\",\"expression\":\"request.time \\u003c timestamp(\\\"2024-07-01T00:00:00Z\\\")\",\"title\":\"expires_after_2024_12_31\"},\"members\":[\"user:dewakarreddy@google.com\"],\"role\":\"roles/compute.admin\"}]}"
          },
          "sensitive_attributes": []
        }
      ]
    },
    {
      "mode": "data",
      "type": "google_iam_policy",
      "name": "example_image_policy",
      "provider": "provider[\"registry.terraform.io/hashicorp/google\"]",
      "instances": [
        {
          "schema_version": 0,
          "attributes": {
            "audit_config": null,
            "binding": [
              {
                "condition": [],
                "members": [
                  "user:dewakarreddy@google.com"
                ],
                "role": "roles/compute.imageUser"
              }
            ],
            "id": "898302294",
            "policy_data": "{\"bindings\":[{\"members\":[\"user:dewakarreddy@google.com\"],\"role\":\"roles/compute.imageUser\"}]}"
          },
          "sensitive_attributes": []
        }
      ]
    },
    {
      "mode": "managed",
      "type": "google_compute_address",
      "name": "address",
      "provider": "provider[\"registry.terraform.io/hashicorp/google\"]",
      "instances": [
        {
          "schema_version": 0,
          "attributes": {
            "address": "192.168.1.0",
            "address_type": "INTERNAL",
            "creation_timestamp": "2024-07-19T08:53:12.169-07:00",
            "description": "",
            "effective_labels": {},
            "id": "projects/ctp-prj-1/regions/europe-west1/addresses/test-address",
            "ip_version": "",
            "ipv6_endpoint_type": "",
            "label_fingerprint": "42WmSpB8rSM=",
            "labels": null,
            "name": "test-address",
            "network": "https://www.googleapis.com/compute/v1/projects/ctp-prj-1/global/networks/vpc-001",
            "network_tier": "PREMIUM",
            "prefix_length": 29,
            "project": "ctp-prj-1",
            "purpose": "IPSEC_INTERCONNECT",
            "region": "europe-west1",
            "self_link": "https://www.googleapis.com/compute/v1/projects/ctp-prj-1/regions/europe-west1/addresses/test-address",
            "subnetwork": "",
            "terraform_labels": {},
            "timeouts": null,
            "users": []
          },
          "sensitive_attributes": [],
          "private": "eyJlMmJmYjczMC1lY2FhLTExZTYtOGY4OC0zNDM2M2JjN2M0YzAiOnsiY3JlYXRlIjoxMjAwMDAwMDAwMDAwLCJkZWxldGUiOjEyMDAwMDAwMDAwMDAsInVwZGF0ZSI6MTIwMDAwMDAwMDAwMH19",
          "dependencies": [
            "google_compute_network.vpc_network"
          ]
        }
      ]
    },
    {
      "mode": "managed",
      "type": "google_compute_address",
      "name": "instance_1_ip",
      "provider": "provider[\"registry.terraform.io/hashicorp/google\"]",
      "instances": [
        {
          "schema_version": 0,
          "attributes": {
            "address": "104.155.117.245",
            "address_type": "EXTERNAL",
            "creation_timestamp": "2024-07-19T08:52:39.907-07:00",
            "description": "",
            "effective_labels": {},
            "id": "projects/ctp-prj-1/regions/europe-west1/addresses/instance-1-ip",
            "ip_version": "",
            "ipv6_endpoint_type": "",
            "label_fingerprint": "42WmSpB8rSM=",
            "labels": null,
            "name": "instance-1-ip",
            "network": "",
            "network_tier": "PREMIUM",
            "prefix_length": 0,
            "project": "ctp-prj-1",
            "purpose": "",
            "region": "europe-west1",
            "self_link": "https://www.googleapis.com/compute/v1/projects/ctp-prj-1/regions/europe-west1/addresses/instance-1-ip",
            "subnetwork": "",
            "terraform_labels": {},
            "timeouts": null,
            "users": []
          },
          "sensitive_attributes": [],
          "private": "eyJlMmJmYjczMC1lY2FhLTExZTYtOGY4OC0zNDM2M2JjN2M0YzAiOnsiY3JlYXRlIjoxMjAwMDAwMDAwMDAwLCJkZWxldGUiOjEyMDAwMDAwMDAwMDAsInVwZGF0ZSI6MTIwMDAwMDAwMDAwMH19"
        }
      ]
    },
    {
      "mode": "managed",
      "type": "google_compute_address",
      "name": "vpn_gateway_ip",
      "provider": "provider[\"registry.terraform.io/hashicorp/google\"]",
      "instances": [
        {
          "schema_version": 0,
          "attributes": {
            "address": "34.78.102.10",
            "address_type": "EXTERNAL",
            "creation_timestamp": "2024-07-19T08:52:39.905-07:00",
            "description": "",
            "effective_labels": {},
            "id": "projects/ctp-prj-1/regions/europe-west1/addresses/vpn-gateway-ip",
            "ip_version": "",
            "ipv6_endpoint_type": "",
            "label_fingerprint": "42WmSpB8rSM=",
            "labels": null,
            "name": "vpn-gateway-ip",
            "network": "",
            "network_tier": "PREMIUM",
            "prefix_length": 0,
            "project": "ctp-prj-1",
            "purpose": "",
            "region": "europe-west1",
            "self_link": "https://www.googleapis.com/compute/v1/projects/ctp-prj-1/regions/europe-west1/addresses/vpn-gateway-ip",
            "subnetwork": "",
            "terraform_labels": {},
            "timeouts": null,
            "users": []
          },
          "sensitive_attributes": [],
          "private": "eyJlMmJmYjczMC1lY2FhLTExZTYtOGY4OC0zNDM2M2JjN2M0YzAiOnsiY3JlYXRlIjoxMjAwMDAwMDAwMDAwLCJkZWxldGUiOjEyMDAwMDAwMDAwMDAsInVwZGF0ZSI6MTIwMDAwMDAwMDAwMH19",
          "create_before_destroy": true
        }
      ]
    },
    {
      "mode": "managed",
      "type": "google_compute_attached_disk",
      "name": "example_attached_disk",
      "provider": "provider[\"registry.terraform.io/hashicorp/google\"]",
      "instances": [
        {
          "schema_version": 0,
          "attributes": {
            "device_name": "persistent-disk-3",
            "disk": "projects/ctp-prj-1/zones/europe-west1-d/disks/example-disk",
            "id": "projects/ctp-prj-1/zones/europe-west1-d/instances/instance-1/example-disk",
            "instance": "projects/ctp-prj-1/zones/europe-west1-d/instances/instance-1",
            "mode": "READ_WRITE",
            "project": "ctp-prj-1",
            "timeouts": null,
            "zone": "europe-west1-d"
          },
          "sensitive_attributes": [],
          "private": "eyJlMmJmYjczMC1lY2FhLTExZTYtOGY4OC0zNDM2M2JjN2M0YzAiOnsiY3JlYXRlIjozMDAwMDAwMDAwMDAsImRlbGV0ZSI6MzAwMDAwMDAwMDAwfX0=",
          "dependencies": [
            "data.google_compute_image.debian",
            "google_compute_address.instance_1_ip",
            "google_compute_disk.example_disk",
            "google_compute_disk.instance_1_attached_disk",
            "google_compute_instance.instance_1",
            "google_compute_network.vpc_network",
            "google_compute_subnetwork.subnetwork"
          ]
        }
      ]
    },
    {
      "mode": "managed",
      "type": "google_compute_autoscaler",
      "name": "web_autoscaler",
      "provider": "provider[\"registry.terraform.io/hashicorp/google\"]",
      "instances": [
        {
          "schema_version": 0,
          "attributes": {
            "autoscaling_policy": [
              {
                "cooldown_period": 60,
                "cpu_utilization": [
                  {
                    "predictive_method": "NONE",
                    "target": 0.6
                  }
                ],
                "load_balancing_utilization": [],
                "max_replicas": 10,
                "metric": [],
                "min_replicas": 1,
                "mode": "ON",
                "scale_in_control": [],
                "scaling_schedules": []
              }
            ],
            "creation_timestamp": "2024-07-19T08:54:29.997-07:00",
            "description": "",
            "id": "projects/ctp-prj-1/zones/europe-west1-d/autoscalers/web-autoscaler",
            "name": "web-autoscaler",
            "project": "ctp-prj-1",
            "self_link": "https://www.googleapis.com/compute/v1/projects/ctp-prj-1/zones/europe-west1-d/autoscalers/web-autoscaler",
            "target": "https://www.googleapis.com/compute/v1/projects/ctp-prj-1/zones/europe-west1-d/instanceGroupManagers/web-server-group",
            "timeouts": null,
            "zone": "europe-west1-d"
          },
          "sensitive_attributes": [],
          "private": "eyJlMmJmYjczMC1lY2FhLTExZTYtOGY4OC0zNDM2M2JjN2M0YzAiOnsiY3JlYXRlIjoxMjAwMDAwMDAwMDAwLCJkZWxldGUiOjEyMDAwMDAwMDAwMDAsInVwZGF0ZSI6MTIwMDAwMDAwMDAwMH19",
          "dependencies": [
            "data.google_compute_image.debian",
            "google_compute_http_health_check.default",
            "google_compute_instance_group_manager.webservers",
            "google_compute_instance_template.instance_template",
            "google_compute_network.vpc_network",
            "google_compute_subnetwork.subnetwork"
          ]
        }
      ]
    },
    {
      "mode": "managed",
      "type": "google_compute_backend_service",
      "name": "default",
      "provider": "provider[\"registry.terraform.io/hashicorp/google\"]",
      "instances": [
        {
          "schema_version": 1,
          "attributes": {
            "affinity_cookie_ttl_sec": 0,
            "backend": [
              {
                "balancing_mode": "UTILIZATION",
                "capacity_scaler": 1,
                "description": "",
                "group": "https://www.googleapis.com/compute/v1/projects/ctp-prj-1/zones/europe-west1-d/instanceGroups/web-server-group",
                "max_connections": 0,
                "max_connections_per_endpoint": 0,
                "max_connections_per_instance": 0,
                "max_rate": 0,
                "max_rate_per_endpoint": 0,
                "max_rate_per_instance": 0,
                "max_utilization": 0
              }
            ],
            "cdn_policy": [],
            "circuit_breakers": [],
            "compression_mode": "",
            "connection_draining_timeout_sec": 300,
            "consistent_hash": [],
            "creation_timestamp": "2024-07-19T08:54:30.997-07:00",
            "custom_request_headers": null,
            "custom_response_headers": null,
            "description": "",
            "edge_security_policy": "",
            "enable_cdn": false,
            "fingerprint": "9A0ChP1kSvM=",
            "generated_id": 2893441774447440601,
            "health_checks": [
              "https://www.googleapis.com/compute/v1/projects/ctp-prj-1/global/httpHealthChecks/http-basic-check"
            ],
            "iap": [],
            "id": "projects/ctp-prj-1/global/backendServices/backend-service-unique",
            "load_balancing_scheme": "EXTERNAL",
            "locality_lb_policies": [],
            "locality_lb_policy": "",
            "log_config": [],
            "name": "backend-service-unique",
            "outlier_detection": [],
            "port_name": "http",
            "project": "ctp-prj-1",
            "protocol": "HTTP",
            "security_policy": "",
            "security_settings": [],
            "self_link": "https://www.googleapis.com/compute/v1/projects/ctp-prj-1/global/backendServices/backend-service-unique",
            "service_lb_policy": "",
            "session_affinity": "NONE",
            "timeout_sec": 30,
            "timeouts": null
          },
          "sensitive_attributes": [],
          "private": "eyJlMmJmYjczMC1lY2FhLTExZTYtOGY4OC0zNDM2M2JjN2M0YzAiOnsiY3JlYXRlIjoxMjAwMDAwMDAwMDAwLCJkZWxldGUiOjEyMDAwMDAwMDAwMDAsInVwZGF0ZSI6MTIwMDAwMDAwMDAwMH0sInNjaGVtYV92ZXJzaW9uIjoiMSJ9",
          "dependencies": [
            "data.google_compute_image.debian",
            "google_compute_http_health_check.default",
            "google_compute_instance_group_manager.webservers",
            "google_compute_instance_template.instance_template",
            "google_compute_network.vpc_network",
            "google_compute_subnetwork.subnetwork"
          ]
        }
      ]
    },
    {
      "mode": "managed",
      "type": "google_compute_disk",
      "name": "example_disk",
      "provider": "provider[\"registry.terraform.io/hashicorp/google\"]",
      "instances": [
        {
          "schema_version": 0,
          "attributes": {
            "async_primary_disk": [],
            "creation_timestamp": "2024-07-19T08:52:39.861-07:00",
            "description": "Example disk description",
            "disk_encryption_key": [],
            "disk_id": "2626943550561400104",
            "effective_labels": {},
            "enable_confidential_compute": false,
            "guest_os_features": [],
            "id": "projects/ctp-prj-1/zones/europe-west1-d/disks/example-disk",
            "image": "",
            "label_fingerprint": "42WmSpB8rSM=",
            "labels": null,
            "last_attach_timestamp": "",
            "last_detach_timestamp": "",
            "licenses": [],
            "name": "example-disk",
            "physical_block_size_bytes": 4096,
            "project": "ctp-prj-1",
            "provisioned_iops": 0,
            "provisioned_throughput": 0,
            "self_link": "https://www.googleapis.com/compute/v1/projects/ctp-prj-1/zones/europe-west1-d/disks/example-disk",
            "size": 100,
            "snapshot": "",
            "source_disk": "",
            "source_disk_id": "",
            "source_image_encryption_key": [],
            "source_image_id": "",
            "source_snapshot_encryption_key": [],
            "source_snapshot_id": "",
            "storage_pool": "",
            "terraform_labels": {},
            "timeouts": null,
            "type": "pd-standard",
            "users": [],
            "zone": "europe-west1-d"
          },
          "sensitive_attributes": [],
          "private": "eyJlMmJmYjczMC1lY2FhLTExZTYtOGY4OC0zNDM2M2JjN2M0YzAiOnsiY3JlYXRlIjoxMjAwMDAwMDAwMDAwLCJkZWxldGUiOjEyMDAwMDAwMDAwMDAsInVwZGF0ZSI6MTIwMDAwMDAwMDAwMH19"
        }
      ]
    },
    {
      "mode": "managed",
      "type": "google_compute_disk",
      "name": "instance_1_attached_disk",
      "provider": "provider[\"registry.terraform.io/hashicorp/google\"]",
      "instances": [
        {
          "index_key": "instance-1-disk-1",
          "schema_version": 0,
          "attributes": {
            "async_primary_disk": [],
            "creation_timestamp": "2024-07-19T08:52:39.966-07:00",
            "description": "",
            "disk_encryption_key": [],
            "disk_id": "9161059533428569384",
            "effective_labels": {},
            "enable_confidential_compute": false,
            "guest_os_features": [],
            "id": "projects/ctp-prj-1/zones/europe-west1-d/disks/instance-1-disk-1",
            "image": "",
            "label_fingerprint": "42WmSpB8rSM=",
            "labels": null,
            "last_attach_timestamp": "",
            "last_detach_timestamp": "",
            "licenses": [],
            "name": "instance-1-disk-1",
            "physical_block_size_bytes": 4096,
            "project": "ctp-prj-1",
            "provisioned_iops": 0,
            "provisioned_throughput": 0,
            "self_link": "https://www.googleapis.com/compute/v1/projects/ctp-prj-1/zones/europe-west1-d/disks/instance-1-disk-1",
            "size": 200,
            "snapshot": "",
            "source_disk": "",
            "source_disk_id": "",
            "source_image_encryption_key": [],
            "source_image_id": "",
            "source_snapshot_encryption_key": [],
            "source_snapshot_id": "",
            "storage_pool": "",
            "terraform_labels": {},
            "timeouts": null,
            "type": "pd-standard",
            "users": [],
            "zone": "europe-west1-d"
          },
          "sensitive_attributes": [],
          "private": "eyJlMmJmYjczMC1lY2FhLTExZTYtOGY4OC0zNDM2M2JjN2M0YzAiOnsiY3JlYXRlIjoxMjAwMDAwMDAwMDAwLCJkZWxldGUiOjEyMDAwMDAwMDAwMDAsInVwZGF0ZSI6MTIwMDAwMDAwMDAwMH19"
        },
        {
          "index_key": "instance-1-disk-2",
          "schema_version": 0,
          "attributes": {
            "async_primary_disk": [],
            "creation_timestamp": "2024-07-19T08:52:40.001-07:00",
            "description": "",
            "disk_encryption_key": [],
            "disk_id": "7110062514711770408",
            "effective_labels": {},
            "enable_confidential_compute": false,
            "guest_os_features": [],
            "id": "projects/ctp-prj-1/zones/europe-west1-d/disks/instance-1-disk-2",
            "image": "",
            "label_fingerprint": "42WmSpB8rSM=",
            "labels": null,
            "last_attach_timestamp": "",
            "last_detach_timestamp": "",
            "licenses": [],
            "name": "instance-1-disk-2",
            "physical_block_size_bytes": 4096,
            "project": "ctp-prj-1",
            "provisioned_iops": 0,
            "provisioned_throughput": 0,
            "self_link": "https://www.googleapis.com/compute/v1/projects/ctp-prj-1/zones/europe-west1-d/disks/instance-1-disk-2",
            "size": 100,
            "snapshot": "",
            "source_disk": "",
            "source_disk_id": "",
            "source_image_encryption_key": [],
            "source_image_id": "",
            "source_snapshot_encryption_key": [],
            "source_snapshot_id": "",
            "storage_pool": "",
            "terraform_labels": {},
            "timeouts": null,
            "type": "pd-standard",
            "users": [],
            "zone": "europe-west1-d"
          },
          "sensitive_attributes": [],
          "private": "eyJlMmJmYjczMC1lY2FhLTExZTYtOGY4OC0zNDM2M2JjN2M0YzAiOnsiY3JlYXRlIjoxMjAwMDAwMDAwMDAwLCJkZWxldGUiOjEyMDAwMDAwMDAwMDAsInVwZGF0ZSI6MTIwMDAwMDAwMDAwMH19"
        }
      ]
    },
    {
      "mode": "managed",
      "type": "google_compute_disk_iam_binding",
      "name": "example_iam_binding",
      "provider": "provider[\"registry.terraform.io/hashicorp/google\"]",
      "instances": [
        {
          "schema_version": 0,
          "attributes": {
            "condition": [],
            "etag": "BwYdm7AbA-g=",
            "id": "projects/ctp-prj-1/zones/europe-west1-d/disks/example-disk/roles/compute.storageAdmin",
            "members": [
              "user:dewakarreddy@google.com"
            ],
            "name": "projects/ctp-prj-1/zones/europe-west1-d/disks/example-disk",
            "project": "ctp-prj-1",
            "role": "roles/compute.storageAdmin",
            "zone": "europe-west1-d"
          },
          "sensitive_attributes": [],
          "private": "bnVsbA==",
          "dependencies": [
            "google_compute_disk.example_disk"
          ]
        }
      ]
    },
    {
      "mode": "managed",
      "type": "google_compute_disk_resource_policy_attachment",
      "name": "example_attachment",
      "provider": "provider[\"registry.terraform.io/hashicorp/google\"]",
      "instances": [
        {
          "index_key": 0,
          "schema_version": 0,
          "attributes": {
            "disk": "example-disk",
            "id": "ctp-prj-1/europe-west1-d/example-disk/policy-1",
            "name": "policy-1",
            "project": "ctp-prj-1",
            "timeouts": null,
            "zone": "europe-west1-d"
          },
          "sensitive_attributes": [],
          "private": "eyJlMmJmYjczMC1lY2FhLTExZTYtOGY4OC0zNDM2M2JjN2M0YzAiOnsiY3JlYXRlIjoxMjAwMDAwMDAwMDAwLCJkZWxldGUiOjEyMDAwMDAwMDAwMDB9fQ==",
          "dependencies": [
            "google_compute_disk.example_disk"
          ]
        },
        {
          "index_key": 1,
          "schema_version": 0,
          "attributes": {
            "disk": "example-disk",
            "id": "ctp-prj-1/europe-west1-d/example-disk/policy-2",
            "name": "policy-2",
            "project": "ctp-prj-1",
            "timeouts": null,
            "zone": "europe-west1-d"
          },
          "sensitive_attributes": [],
          "private": "eyJlMmJmYjczMC1lY2FhLTExZTYtOGY4OC0zNDM2M2JjN2M0YzAiOnsiY3JlYXRlIjoxMjAwMDAwMDAwMDAwLCJkZWxldGUiOjEyMDAwMDAwMDAwMDB9fQ==",
          "dependencies": [
            "google_compute_disk.example_disk"
          ]
        }
      ]
    },
    {
      "mode": "managed",
      "type": "google_compute_firewall",
      "name": "allow_lb_health_checks",
      "provider": "provider[\"registry.terraform.io/hashicorp/google\"]",
      "instances": [
        {
          "schema_version": 1,
          "attributes": {
            "allow": [
              {
                "ports": [
                  "80",
                  "443"
                ],
                "protocol": "tcp"
              }
            ],
            "creation_timestamp": "2024-07-19T08:53:11.890-07:00",
            "deny": [],
            "description": "",
            "destination_ranges": [],
            "direction": "INGRESS",
            "disabled": false,
            "enable_logging": null,
            "id": "projects/ctp-prj-1/global/firewalls/allow-lb-health-checks",
            "log_config": [],
            "name": "allow-lb-health-checks",
            "network": "https://www.googleapis.com/compute/v1/projects/ctp-prj-1/global/networks/vpc-001",
            "priority": 1000,
            "project": "ctp-prj-1",
            "self_link": "https://www.googleapis.com/compute/v1/projects/ctp-prj-1/global/firewalls/allow-lb-health-checks",
            "source_ranges": [
              "130.211.0.0/22",
              "35.191.0.0/16"
            ],
            "source_service_accounts": null,
            "source_tags": null,
            "target_service_accounts": null,
            "target_tags": [
              "allow-health-check"
            ],
            "timeouts": null
          },
          "sensitive_attributes": [],
          "private": "eyJlMmJmYjczMC1lY2FhLTExZTYtOGY4OC0zNDM2M2JjN2M0YzAiOnsiY3JlYXRlIjoxMjAwMDAwMDAwMDAwLCJkZWxldGUiOjEyMDAwMDAwMDAwMDAsInVwZGF0ZSI6MTIwMDAwMDAwMDAwMH0sInNjaGVtYV92ZXJzaW9uIjoiMSJ9",
          "dependencies": [
            "google_compute_network.vpc_network"
          ]
        }
      ]
    },
    {
      "mode": "managed",
      "type": "google_compute_firewall",
      "name": "priority100",
      "provider": "provider[\"registry.terraform.io/hashicorp/google\"]",
      "instances": [
        {
          "schema_version": 1,
          "attributes": {
            "allow": [
              {
                "ports": [
                  "22",
                  "80",
                  "443"
                ],
                "protocol": "tcp"
              }
            ],
            "creation_timestamp": "2024-07-19T08:53:12.355-07:00",
            "deny": [],
            "description": "",
            "destination_ranges": [],
            "direction": "INGRESS",
            "disabled": false,
            "enable_logging": null,
            "id": "projects/ctp-prj-1/global/firewalls/priority100",
            "log_config": [],
            "name": "priority100",
            "network": "https://www.googleapis.com/compute/v1/projects/ctp-prj-1/global/networks/vpc-001",
            "priority": 1000,
            "project": "ctp-prj-1",
            "self_link": "https://www.googleapis.com/compute/v1/projects/ctp-prj-1/global/firewalls/priority100",
            "source_ranges": [
              "0.0.0.0/0"
            ],
            "source_service_accounts": null,
            "source_tags": null,
            "target_service_accounts": null,
            "target_tags": null,
            "timeouts": null
          },
          "sensitive_attributes": [],
          "private": "eyJlMmJmYjczMC1lY2FhLTExZTYtOGY4OC0zNDM2M2JjN2M0YzAiOnsiY3JlYXRlIjoxMjAwMDAwMDAwMDAwLCJkZWxldGUiOjEyMDAwMDAwMDAwMDAsInVwZGF0ZSI6MTIwMDAwMDAwMDAwMH0sInNjaGVtYV92ZXJzaW9uIjoiMSJ9",
          "dependencies": [
            "google_compute_network.vpc_network"
          ]
        }
      ]
    },
    {
      "mode": "managed",
      "type": "google_compute_forwarding_rule",
      "name": "esp_forwarding_rule",
      "provider": "provider[\"registry.terraform.io/hashicorp/google\"]",
      "instances": [
        {
          "schema_version": 0,
          "attributes": {
            "all_ports": false,
            "allow_global_access": false,
            "allow_psc_global_access": false,
            "backend_service": "",
            "base_forwarding_rule": "",
            "creation_timestamp": "2024-07-19T08:53:23.500-07:00",
            "description": "",
            "effective_labels": {},
            "id": "projects/ctp-prj-1/regions/europe-west1/forwardingRules/esp-forwarding-rule",
            "ip_address": "34.78.102.10",
            "ip_protocol": "ESP",
            "ip_version": "",
            "is_mirroring_collector": false,
            "label_fingerprint": "42WmSpB8rSM=",
            "labels": null,
            "load_balancing_scheme": "EXTERNAL",
            "name": "esp-forwarding-rule",
            "network": "",
            "network_tier": "PREMIUM",
            "no_automate_dns_zone": null,
            "port_range": "",
            "ports": null,
            "project": "ctp-prj-1",
            "psc_connection_id": "",
            "psc_connection_status": "",
            "recreate_closed_psc": false,
            "region": "europe-west1",
            "self_link": "https://www.googleapis.com/compute/v1/projects/ctp-prj-1/regions/europe-west1/forwardingRules/esp-forwarding-rule",
            "service_directory_registrations": [],
            "service_label": "",
            "service_name": "",
            "source_ip_ranges": null,
            "subnetwork": "",
            "target": "https://www.googleapis.com/compute/v1/projects/ctp-prj-1/regions/europe-west1/targetVpnGateways/ctp-vpn-us",
            "terraform_labels": {},
            "timeouts": null
          },
          "sensitive_attributes": [],
          "private": "eyJlMmJmYjczMC1lY2FhLTExZTYtOGY4OC0zNDM2M2JjN2M0YzAiOnsiY3JlYXRlIjoxMjAwMDAwMDAwMDAwLCJkZWxldGUiOjEyMDAwMDAwMDAwMDAsInVwZGF0ZSI6MTIwMDAwMDAwMDAwMH19",
          "dependencies": [
            "google_compute_address.vpn_gateway_ip",
            "google_compute_network.vpc_network",
            "google_compute_vpn_gateway.vpn_gateway"
          ],
          "create_before_destroy": true
        }
      ]
    },
    {
      "mode": "managed",
      "type": "google_compute_forwarding_rule",
      "name": "udp4500_forwarding_rule",
      "provider": "provider[\"registry.terraform.io/hashicorp/google\"]",
      "instances": [
        {
          "schema_version": 0,
          "attributes": {
            "all_ports": false,
            "allow_global_access": false,
            "allow_psc_global_access": false,
            "backend_service": "",
            "base_forwarding_rule": "",
            "creation_timestamp": "2024-07-19T08:53:23.639-07:00",
            "description": "",
            "effective_labels": {},
            "id": "projects/ctp-prj-1/regions/europe-west1/forwardingRules/udp4500-forwarding-rule",
            "ip_address": "34.78.102.10",
            "ip_protocol": "UDP",
            "ip_version": "",
            "is_mirroring_collector": false,
            "label_fingerprint": "42WmSpB8rSM=",
            "labels": null,
            "load_balancing_scheme": "EXTERNAL",
            "name": "udp4500-forwarding-rule",
            "network": "",
            "network_tier": "PREMIUM",
            "no_automate_dns_zone": null,
            "port_range": "4500-4500",
            "ports": null,
            "project": "ctp-prj-1",
            "psc_connection_id": "",
            "psc_connection_status": "",
            "recreate_closed_psc": false,
            "region": "europe-west1",
            "self_link": "https://www.googleapis.com/compute/v1/projects/ctp-prj-1/regions/europe-west1/forwardingRules/udp4500-forwarding-rule",
            "service_directory_registrations": [],
            "service_label": "",
            "service_name": "",
            "source_ip_ranges": null,
            "subnetwork": "",
            "target": "https://www.googleapis.com/compute/v1/projects/ctp-prj-1/regions/europe-west1/targetVpnGateways/ctp-vpn-us",
            "terraform_labels": {},
            "timeouts": null
          },
          "sensitive_attributes": [],
          "private": "eyJlMmJmYjczMC1lY2FhLTExZTYtOGY4OC0zNDM2M2JjN2M0YzAiOnsiY3JlYXRlIjoxMjAwMDAwMDAwMDAwLCJkZWxldGUiOjEyMDAwMDAwMDAwMDAsInVwZGF0ZSI6MTIwMDAwMDAwMDAwMH19",
          "dependencies": [
            "google_compute_address.vpn_gateway_ip",
            "google_compute_network.vpc_network",
            "google_compute_vpn_gateway.vpn_gateway"
          ],
          "create_before_destroy": true
        }
      ]
    },
    {
      "mode": "managed",
      "type": "google_compute_forwarding_rule",
      "name": "udp500_forwarding_rule",
      "provider": "provider[\"registry.terraform.io/hashicorp/google\"]",
      "instances": [
        {
          "schema_version": 0,
          "attributes": {
            "all_ports": false,
            "allow_global_access": false,
            "allow_psc_global_access": false,
            "backend_service": "",
            "base_forwarding_rule": "",
            "creation_timestamp": "2024-07-19T08:53:23.759-07:00",
            "description": "",
            "effective_labels": {},
            "id": "projects/ctp-prj-1/regions/europe-west1/forwardingRules/udp500-forwarding-rule",
            "ip_address": "34.78.102.10",
            "ip_protocol": "UDP",
            "ip_version": "",
            "is_mirroring_collector": false,
            "label_fingerprint": "42WmSpB8rSM=",
            "labels": null,
            "load_balancing_scheme": "EXTERNAL",
            "name": "udp500-forwarding-rule",
            "network": "",
            "network_tier": "PREMIUM",
            "no_automate_dns_zone": null,
            "port_range": "500-500",
            "ports": null,
            "project": "ctp-prj-1",
            "psc_connection_id": "",
            "psc_connection_status": "",
            "recreate_closed_psc": false,
            "region": "europe-west1",
            "self_link": "https://www.googleapis.com/compute/v1/projects/ctp-prj-1/regions/europe-west1/forwardingRules/udp500-forwarding-rule",
            "service_directory_registrations": [],
            "service_label": "",
            "service_name": "",
            "source_ip_ranges": null,
            "subnetwork": "",
            "target": "https://www.googleapis.com/compute/v1/projects/ctp-prj-1/regions/europe-west1/targetVpnGateways/ctp-vpn-us",
            "terraform_labels": {},
            "timeouts": null
          },
          "sensitive_attributes": [],
          "private": "eyJlMmJmYjczMC1lY2FhLTExZTYtOGY4OC0zNDM2M2JjN2M0YzAiOnsiY3JlYXRlIjoxMjAwMDAwMDAwMDAwLCJkZWxldGUiOjEyMDAwMDAwMDAwMDAsInVwZGF0ZSI6MTIwMDAwMDAwMDAwMH19",
          "dependencies": [
            "google_compute_address.vpn_gateway_ip",
            "google_compute_network.vpc_network",
            "google_compute_vpn_gateway.vpn_gateway"
          ],
          "create_before_destroy": true
        }
      ]
    },
    {
      "mode": "managed",
      "type": "google_compute_global_address",
      "name": "default",
      "provider": "provider[\"registry.terraform.io/hashicorp/google\"]",
      "instances": [
        {
          "schema_version": 0,
          "attributes": {
            "address": "34.110.141.208",
            "address_type": "EXTERNAL",
            "creation_timestamp": "2024-07-19T08:52:39.864-07:00",
            "description": "",
            "id": "projects/ctp-prj-1/global/addresses/global-address",
            "ip_version": "",
            "name": "global-address",
            "network": "",
            "prefix_length": 0,
            "project": "ctp-prj-1",
            "purpose": "",
            "self_link": "https://www.googleapis.com/compute/v1/projects/ctp-prj-1/global/addresses/global-address",
            "timeouts": null
          },
          "sensitive_attributes": [],
          "private": "eyJlMmJmYjczMC1lY2FhLTExZTYtOGY4OC0zNDM2M2JjN2M0YzAiOnsiY3JlYXRlIjoxMjAwMDAwMDAwMDAwLCJkZWxldGUiOjEyMDAwMDAwMDAwMDB9fQ=="
        }
      ]
    },
    {
      "mode": "managed",
      "type": "google_compute_global_forwarding_rule",
      "name": "default",
      "provider": "provider[\"registry.terraform.io/hashicorp/google\"]",
      "instances": [
        {
          "schema_version": 0,
          "attributes": {
            "base_forwarding_rule": "",
            "description": "",
            "effective_labels": {},
            "id": "projects/ctp-prj-1/global/forwardingRules/http-rule",
            "ip_address": "34.110.141.208",
            "ip_protocol": "TCP",
            "ip_version": "",
            "label_fingerprint": "42WmSpB8rSM=",
            "labels": null,
            "load_balancing_scheme": "EXTERNAL",
            "metadata_filters": [],
            "name": "http-rule",
            "network": "",
            "no_automate_dns_zone": null,
            "port_range": "80-80",
            "project": "ctp-prj-1",
            "psc_connection_id": "",
            "psc_connection_status": "",
            "self_link": "https://www.googleapis.com/compute/v1/projects/ctp-prj-1/global/forwardingRules/http-rule",
            "service_directory_registrations": [],
            "source_ip_ranges": null,
            "subnetwork": "",
            "target": "https://www.googleapis.com/compute/v1/projects/ctp-prj-1/global/targetHttpProxies/http-proxy",
            "terraform_labels": {},
            "timeouts": null
          },
          "sensitive_attributes": [],
          "private": "eyJlMmJmYjczMC1lY2FhLTExZTYtOGY4OC0zNDM2M2JjN2M0YzAiOnsiY3JlYXRlIjoxMjAwMDAwMDAwMDAwLCJkZWxldGUiOjEyMDAwMDAwMDAwMDAsInVwZGF0ZSI6MTIwMDAwMDAwMDAwMH19",
          "dependencies": [
            "data.google_compute_image.debian",
            "google_compute_backend_service.default",
            "google_compute_global_address.default",
            "google_compute_http_health_check.default",
            "google_compute_instance_group_manager.webservers",
            "google_compute_instance_template.instance_template",
            "google_compute_network.vpc_network",
            "google_compute_subnetwork.subnetwork",
            "google_compute_target_http_proxy.default",
            "google_compute_url_map.default"
          ]
        }
      ]
    },
    {
      "mode": "managed",
      "type": "google_compute_http_health_check",
      "name": "default",
      "provider": "provider[\"registry.terraform.io/hashicorp/google\"]",
      "instances": [
        {
          "schema_version": 0,
          "attributes": {
            "check_interval_sec": 5,
            "creation_timestamp": "2024-07-19T08:52:39.759-07:00",
            "description": "",
            "healthy_threshold": 2,
            "host": "",
            "id": "projects/ctp-prj-1/global/httpHealthChecks/http-basic-check",
            "name": "http-basic-check",
            "port": 80,
            "project": "ctp-prj-1",
            "request_path": "/",
            "self_link": "https://www.googleapis.com/compute/v1/projects/ctp-prj-1/global/httpHealthChecks/http-basic-check",
            "timeout_sec": 5,
            "timeouts": null,
            "unhealthy_threshold": 2
          },
          "sensitive_attributes": [],
          "private": "eyJlMmJmYjczMC1lY2FhLTExZTYtOGY4OC0zNDM2M2JjN2M0YzAiOnsiY3JlYXRlIjoxMjAwMDAwMDAwMDAwLCJkZWxldGUiOjEyMDAwMDAwMDAwMDAsInVwZGF0ZSI6MTIwMDAwMDAwMDAwMH19"
        }
      ]
    },
    {
      "mode": "managed",
      "type": "google_compute_image",
      "name": "example_image",
      "provider": "provider[\"registry.terraform.io/hashicorp/google\"]",
      "instances": [
        {
          "schema_version": 0,
          "attributes": {
            "archive_size_bytes": 0,
            "creation_timestamp": "2024-07-19T08:52:51.987-07:00",
            "description": "",
            "disk_size_gb": 100,
            "effective_labels": {},
            "family": "",
            "guest_os_features": [],
            "id": "projects/ctp-prj-1/global/images/example-image",
            "image_encryption_key": [],
            "label_fingerprint": "42WmSpB8rSM=",
            "labels": null,
            "licenses": [],
            "name": "example-image",
            "project": "ctp-prj-1",
            "raw_disk": [],
            "self_link": "https://www.googleapis.com/compute/v1/projects/ctp-prj-1/global/images/example-image",
            "source_disk": "https://www.googleapis.com/compute/v1/projects/ctp-prj-1/zones/europe-west1-d/disks/example-disk",
            "source_image": "",
            "source_snapshot": "",
            "storage_locations": [
              "eu"
            ],
            "terraform_labels": {},
            "timeouts": null
          },
          "sensitive_attributes": [],
          "private": "eyJlMmJmYjczMC1lY2FhLTExZTYtOGY4OC0zNDM2M2JjN2M0YzAiOnsiY3JlYXRlIjoxMjAwMDAwMDAwMDAwLCJkZWxldGUiOjEyMDAwMDAwMDAwMDAsInVwZGF0ZSI6MTIwMDAwMDAwMDAwMH19",
          "dependencies": [
            "google_compute_disk.example_disk"
          ]
        }
      ]
    },
    {
      "mode": "managed",
      "type": "google_compute_image_iam_policy",
      "name": "example_image_iam_policy",
      "provider": "provider[\"registry.terraform.io/hashicorp/google\"]",
      "instances": [
        {
          "schema_version": 0,
          "attributes": {
            "etag": "BwYdm7H-Glc=",
            "id": "projects/ctp-prj-1/global/images/example-image",
            "image": "projects/ctp-prj-1/global/images/example-image",
            "policy_data": "{\"bindings\":[{\"members\":[\"user:dewakarreddy@google.com\"],\"role\":\"roles/compute.imageUser\"}]}",
            "project": "ctp-prj-1"
          },
          "sensitive_attributes": [],
          "private": "bnVsbA==",
          "dependencies": [
            "data.google_iam_policy.example_image_policy",
            "google_compute_disk.example_disk",
            "google_compute_image.example_image"
          ]
        }
      ]
    },
    {
      "mode": "managed",
      "type": "google_compute_instance",
      "name": "instance_1",
      "provider": "provider[\"registry.terraform.io/hashicorp/google\"]",
      "instances": [
        {
          "schema_version": 6,
          "attributes": {
            "advanced_machine_features": [],
            "allow_stopping_for_update": true,
            "attached_disk": [
              {
                "device_name": "persistent-disk-1",
                "disk_encryption_key_raw": "",
                "disk_encryption_key_sha256": "",
                "kms_key_self_link": "",
                "mode": "READ_WRITE",
                "source": "https://www.googleapis.com/compute/v1/projects/ctp-prj-1/zones/europe-west1-d/disks/instance-1-disk-1"
              },
              {
                "device_name": "persistent-disk-2",
                "disk_encryption_key_raw": "",
                "disk_encryption_key_sha256": "",
                "kms_key_self_link": "",
                "mode": "READ_WRITE",
                "source": "https://www.googleapis.com/compute/v1/projects/ctp-prj-1/zones/europe-west1-d/disks/instance-1-disk-2"
              }
            ],
            "boot_disk": [
              {
                "auto_delete": true,
                "device_name": "persistent-disk-0",
                "disk_encryption_key_raw": "",
                "disk_encryption_key_sha256": "",
                "initialize_params": [
                  {
                    "enable_confidential_compute": false,
                    "image": "https://www.googleapis.com/compute/v1/projects/debian-cloud/global/images/debian-11-bullseye-v20240709",
                    "labels": {},
                    "provisioned_iops": 0,
                    "provisioned_throughput": 0,
                    "resource_manager_tags": null,
                    "size": 50,
                    "type": "pd-ssd"
                  }
                ],
                "kms_key_self_link": "",
                "mode": "READ_WRITE",
                "source": "https://www.googleapis.com/compute/v1/projects/ctp-prj-1/zones/europe-west1-d/disks/instance-1"
              }
            ],
            "can_ip_forward": false,
            "confidential_instance_config": [],
            "cpu_platform": "Intel Haswell",
            "current_status": "RUNNING",
            "deletion_protection": false,
            "description": "",
            "desired_status": null,
            "effective_labels": {
              "environment": "test",
              "owner": "devops"
            },
            "enable_display": false,
            "guest_accelerator": [],
            "hostname": "",
            "id": "projects/ctp-prj-1/zones/europe-west1-d/instances/instance-1",
            "instance_id": "7738517136078222054",
            "label_fingerprint": "1v3r0iGT_Sk=",
            "labels": {
              "environment": "test",
              "owner": "devops"
            },
            "machine_type": "n1-standard-4",
            "metadata": {
              "enable-oslogin": "TRUE",
              "shutdown-script": "#!/bin/bash\necho \"Shutdown script executed at $(date)\" \u003e\u003e /var/log/shutdown-script.log\n",
              "ssh-keys": "dewakarreddy@google.com:ssh-rsa AAAAB3NzaC1yc2EAAAADAQABAAABAQCeb3KMO6Byn6XjpHJQKRbPuFYKXPKTXcOJLtxntWHOxuLl6i6+SN9t/yYPaygWOWnPl9p5L/UchKkFSryiCKCXsQYfakmNJLtuvtpYd09MOu4sgtDYOxCD4vWblHuhBdXpqXx2a175F8gM7sCQYEfRaySjHUsdCEI5SaOJVYqCQSOq5CHc1fVB7SNYTlxFForsNyDObFgiJ7eDAWZa5o8bbkbxxN1WlI5F0YzS+Yiwf938dvAqK2yM9UExg42nEgd/yfZ8IvOzLNEvkESCDXuh0CsnTT6JMBoUHOb1Ts2zbHGFOkq+2G001Sy3FhVAgX3Y9ZfMlBDoNEqqSIVGz7P9 dewakarreddy@google.com",
              "startup-script": "#!/bin/bash\nsudo apt-get update\nsudo apt-get install -y google-osconfig-agent\nsudo apt-get install -y apache2\nsudo systemctl start apache2\n"
            },
            "metadata_fingerprint": "Td-4rAow5gs=",
            "metadata_startup_script": null,
            "min_cpu_platform": "",
            "name": "instance-1",
            "network_interface": [
              {
                "access_config": [
                  {
                    "nat_ip": "104.155.117.245",
                    "network_tier": "PREMIUM",
                    "public_ptr_domain_name": ""
                  }
                ],
                "alias_ip_range": [],
                "internal_ipv6_prefix_length": 0,
                "ipv6_access_config": [],
                "ipv6_access_type": "",
                "ipv6_address": "",
                "name": "nic0",
                "network": "https://www.googleapis.com/compute/v1/projects/ctp-prj-1/global/networks/vpc-001",
                "network_ip": "10.0.0.2",
                "nic_type": "VIRTIO_NET",
                "queue_count": 0,
                "stack_type": "IPV4_ONLY",
                "subnetwork": "https://www.googleapis.com/compute/v1/projects/ctp-prj-1/regions/europe-west1/subnetworks/subnet-001",
                "subnetwork_project": "ctp-prj-1"
              }
            ],
            "network_performance_config": [],
            "params": [],
            "project": "ctp-prj-1",
            "reservation_affinity": [],
            "resource_policies": null,
            "scheduling": [
              {
                "automatic_restart": true,
                "instance_termination_action": "",
                "local_ssd_recovery_timeout": [],
                "min_node_cpus": 0,
                "node_affinities": [],
                "on_host_maintenance": "MIGRATE",
                "preemptible": false,
                "provisioning_model": "STANDARD"
              }
            ],
            "scratch_disk": [],
            "self_link": "https://www.googleapis.com/compute/v1/projects/ctp-prj-1/zones/europe-west1-d/instances/instance-1",
            "service_account": [],
            "shielded_instance_config": [
              {
                "enable_integrity_monitoring": true,
                "enable_secure_boot": true,
                "enable_vtpm": true
              }
            ],
            "tags": [
              "web-server"
            ],
            "tags_fingerprint": "Fcv0aJ--8z8=",
            "terraform_labels": {
              "environment": "test",
              "owner": "devops"
            },
            "timeouts": null,
            "zone": "europe-west1-d"
          },
          "sensitive_attributes": [],
          "private": "eyJlMmJmYjczMC1lY2FhLTExZTYtOGY4OC0zNDM2M2JjN2M0YzAiOnsiY3JlYXRlIjoxMjAwMDAwMDAwMDAwLCJkZWxldGUiOjEyMDAwMDAwMDAwMDAsInVwZGF0ZSI6MTIwMDAwMDAwMDAwMH0sInNjaGVtYV92ZXJzaW9uIjoiNiJ9",
          "dependencies": [
            "data.google_compute_image.debian",
            "google_compute_address.instance_1_ip",
            "google_compute_disk.instance_1_attached_disk",
            "google_compute_network.vpc_network",
            "google_compute_subnetwork.subnetwork"
          ]
        }
      ]
    },
    {
      "mode": "managed",
      "type": "google_compute_instance",
      "name": "vm",
      "provider": "provider[\"registry.terraform.io/hashicorp/google-beta\"]",
      "instances": [
        {
          "schema_version": 6,
          "attributes": {
            "advanced_machine_features": [],
            "allow_stopping_for_update": null,
            "attached_disk": [],
            "boot_disk": [
              {
                "auto_delete": true,
                "device_name": "persistent-disk-0",
                "disk_encryption_key_raw": "",
                "disk_encryption_key_sha256": "",
                "initialize_params": [
                  {
                    "enable_confidential_compute": false,
                    "image": "https://www.googleapis.com/compute/beta/projects/debian-cloud/global/images/debian-11-bullseye-v20240709",
                    "labels": {},
                    "provisioned_iops": 0,
                    "provisioned_throughput": 0,
                    "resource_manager_tags": null,
                    "size": 10,
                    "type": "pd-standard"
                  }
                ],
                "kms_key_self_link": "",
                "mode": "READ_WRITE",
                "source": "https://www.googleapis.com/compute/v1/projects/ctp-prj-1/zones/europe-west1-d/disks/my-vm"
              }
            ],
            "can_ip_forward": false,
            "confidential_instance_config": [],
            "cpu_platform": "Intel Broadwell",
            "current_status": "RUNNING",
            "deletion_protection": false,
            "description": "",
            "desired_status": null,
            "effective_labels": {},
            "enable_display": false,
            "guest_accelerator": [],
            "hostname": "",
            "id": "projects/ctp-prj-1/zones/europe-west1-d/instances/my-vm",
            "instance_id": "3315839721971070215",
            "label_fingerprint": "42WmSpB8rSM=",
            "labels": null,
            "machine_type": "e2-medium",
            "metadata": null,
            "metadata_fingerprint": "2dmaypIPJ-g=",
            "metadata_startup_script": null,
            "min_cpu_platform": "",
            "name": "my-vm",
            "network_interface": [
              {
                "access_config": [],
                "alias_ip_range": [],
                "internal_ipv6_prefix_length": 0,
                "ipv6_access_config": [],
                "ipv6_access_type": "",
                "ipv6_address": "",
                "name": "nic0",
                "network": "https://www.googleapis.com/compute/v1/projects/ctp-prj-1/global/networks/vpc-001",
                "network_attachment": "",
                "network_ip": "10.132.0.2",
                "nic_type": "",
                "queue_count": 0,
                "security_policy": "",
                "stack_type": "IPV4_ONLY",
                "subnetwork": "https://www.googleapis.com/compute/v1/projects/ctp-prj-1/regions/europe-west1/subnetworks/vpc-001",
                "subnetwork_project": "ctp-prj-1"
              }
            ],
            "network_performance_config": [],
            "params": [],
            "partner_metadata": null,
            "project": "ctp-prj-1",
            "reservation_affinity": [],
            "resource_policies": null,
            "scheduling": [
              {
                "automatic_restart": true,
                "instance_termination_action": "",
                "local_ssd_recovery_timeout": [],
                "maintenance_interval": "",
                "max_run_duration": [],
                "min_node_cpus": 0,
                "node_affinities": [],
                "on_host_maintenance": "MIGRATE",
                "on_instance_stop_action": [],
                "preemptible": false,
                "provisioning_model": "STANDARD"
              }
            ],
            "scratch_disk": [],
            "self_link": "https://www.googleapis.com/compute/v1/projects/ctp-prj-1/zones/europe-west1-d/instances/my-vm",
            "service_account": [],
            "shielded_instance_config": [
              {
                "enable_integrity_monitoring": true,
                "enable_secure_boot": false,
                "enable_vtpm": true
              }
            ],
            "tags": null,
            "tags_fingerprint": "42WmSpB8rSM=",
            "terraform_labels": {},
            "timeouts": null,
            "zone": "europe-west1-d"
          },
          "sensitive_attributes": [],
          "private": "eyJlMmJmYjczMC1lY2FhLTExZTYtOGY4OC0zNDM2M2JjN2M0YzAiOnsiY3JlYXRlIjoxMjAwMDAwMDAwMDAwLCJkZWxldGUiOjEyMDAwMDAwMDAwMDAsInVwZGF0ZSI6MTIwMDAwMDAwMDAwMH0sInNjaGVtYV92ZXJzaW9uIjoiNiJ9",
          "dependencies": [
            "google_compute_network.vpc_network"
          ]
        }
      ]
    },
    {
      "mode": "managed",
      "type": "google_compute_instance_group_manager",
      "name": "webservers",
      "provider": "provider[\"registry.terraform.io/hashicorp/google\"]",
      "instances": [
        {
          "schema_version": 0,
          "attributes": {
            "all_instances_config": [],
            "auto_healing_policies": [
              {
                "health_check": "https://www.googleapis.com/compute/v1/projects/ctp-prj-1/global/httpHealthChecks/http-basic-check",
                "initial_delay_sec": 300
              }
            ],
            "base_instance_name": "web-server",
            "creation_timestamp": "2024-07-19T08:53:58.438-07:00",
            "description": "",
            "fingerprint": "JT4Z-TdBmTQ=",
            "id": "projects/ctp-prj-1/zones/europe-west1-d/instanceGroupManagers/web-server-group",
            "instance_group": "https://www.googleapis.com/compute/v1/projects/ctp-prj-1/zones/europe-west1-d/instanceGroups/web-server-group",
            "instance_lifecycle_policy": [
              {
                "default_action_on_failure": "REPAIR",
                "force_update_on_repair": "NO"
              }
            ],
            "list_managed_instances_results": "PAGELESS",
            "name": "web-server-group",
            "named_port": [
              {
                "name": "http",
                "port": 80
              }
            ],
            "operation": null,
            "project": "ctp-prj-1",
            "self_link": "https://www.googleapis.com/compute/v1/projects/ctp-prj-1/zones/europe-west1-d/instanceGroupManagers/web-server-group",
            "stateful_disk": [],
            "stateful_external_ip": [],
            "stateful_internal_ip": [],
            "status": [
              {
                "all_instances_config": [
                  {
                    "current_revision": "",
                    "effective": true
                  }
                ],
                "is_stable": false,
                "stateful": [
                  {
                    "has_stateful_config": false,
                    "per_instance_configs": [
                      {
                        "all_effective": true
                      }
                    ]
                  }
                ],
                "version_target": [
                  {
                    "is_reached": true
                  }
                ]
              }
            ],
            "target_pools": null,
            "target_size": 3,
            "timeouts": null,
            "update_policy": [
              {
                "max_surge_fixed": 1,
                "max_surge_percent": 0,
                "max_unavailable_fixed": 1,
                "max_unavailable_percent": 0,
                "minimal_action": "REPLACE",
                "most_disruptive_allowed_action": "",
                "replacement_method": "SUBSTITUTE",
                "type": "OPPORTUNISTIC"
              }
            ],
            "version": [
              {
                "instance_template": "https://www.googleapis.com/compute/v1/projects/ctp-prj-1/global/instanceTemplates/web-instance-template-20240719155344567300000001",
                "name": "",
                "target_size": []
              }
            ],
            "wait_for_instances": false,
            "wait_for_instances_status": "STABLE",
            "zone": "europe-west1-d"
          },
          "sensitive_attributes": [],
          "private": "eyJlMmJmYjczMC1lY2FhLTExZTYtOGY4OC0zNDM2M2JjN2M0YzAiOnsiY3JlYXRlIjo5MDAwMDAwMDAwMDAsImRlbGV0ZSI6OTAwMDAwMDAwMDAwLCJ1cGRhdGUiOjkwMDAwMDAwMDAwMH19",
          "dependencies": [
            "data.google_compute_image.debian",
            "google_compute_http_health_check.default",
            "google_compute_instance_template.instance_template",
            "google_compute_network.vpc_network",
            "google_compute_subnetwork.subnetwork"
          ]
        }
      ]
    },
    {
      "mode": "managed",
      "type": "google_compute_instance_template",
      "name": "instance_template",
      "provider": "provider[\"registry.terraform.io/hashicorp/google\"]",
      "instances": [
        {
          "schema_version": 1,
          "attributes": {
            "advanced_machine_features": [],
            "can_ip_forward": false,
            "confidential_instance_config": null,
            "description": "",
            "disk": [
              {
                "auto_delete": true,
                "boot": true,
                "device_name": "persistent-disk-0",
                "disk_encryption_key": [],
                "disk_name": "",
                "disk_size_gb": 0,
                "disk_type": "pd-standard",
                "interface": "SCSI",
                "labels": null,
                "mode": "READ_WRITE",
                "provisioned_iops": 0,
                "resource_manager_tags": null,
                "resource_policies": null,
                "source": "",
                "source_image": "projects/debian-cloud/global/images/debian-11-bullseye-v20240709",
                "source_image_encryption_key": [],
                "source_snapshot": "",
                "source_snapshot_encryption_key": [],
                "type": "PERSISTENT"
              }
            ],
            "effective_labels": {},
            "guest_accelerator": [],
            "id": "projects/ctp-prj-1/global/instanceTemplates/web-instance-template-20240719155344567300000001",
            "instance_description": "",
            "labels": null,
            "machine_type": "n1-standard-4",
            "metadata": {
              "enable-oslogin": "TRUE",
              "startup-script": "sudo apt-get install -y google-osconfig-agent"
            },
            "metadata_fingerprint": "ShhQ-Cp9Mz4=",
            "metadata_startup_script": null,
            "min_cpu_platform": "",
            "name": "web-instance-template-20240719155344567300000001",
            "name_prefix": "web-instance-template-",
            "network_interface": [
              {
                "access_config": [
                  {
                    "nat_ip": "",
                    "network_tier": "PREMIUM",
                    "public_ptr_domain_name": ""
                  }
                ],
                "alias_ip_range": [],
                "internal_ipv6_prefix_length": 0,
                "ipv6_access_config": [],
                "ipv6_access_type": "",
                "ipv6_address": "",
                "name": "nic0",
                "network": "https://www.googleapis.com/compute/v1/projects/ctp-prj-1/global/networks/vpc-001",
                "network_ip": "",
                "nic_type": "",
                "queue_count": 0,
                "stack_type": "",
                "subnetwork": "https://www.googleapis.com/compute/v1/projects/ctp-prj-1/regions/europe-west1/subnetworks/subnet-001",
                "subnetwork_project": "ctp-prj-1"
              }
            ],
            "network_performance_config": [],
            "project": "ctp-prj-1",
            "region": "europe-west1",
            "reservation_affinity": [],
            "resource_manager_tags": null,
            "resource_policies": null,
            "scheduling": [
              {
                "automatic_restart": true,
                "instance_termination_action": "",
                "local_ssd_recovery_timeout": [],
                "min_node_cpus": 0,
                "node_affinities": [],
                "on_host_maintenance": "MIGRATE",
                "preemptible": false,
                "provisioning_model": "STANDARD"
              }
            ],
            "self_link": "https://www.googleapis.com/compute/v1/projects/ctp-prj-1/global/instanceTemplates/web-instance-template-20240719155344567300000001",
            "self_link_unique": "https://www.googleapis.com/compute/v1/projects/ctp-prj-1/global/instanceTemplates/web-instance-template-20240719155344567300000001?uniqueId=6901109783075959527",
            "service_account": [],
            "shielded_instance_config": [],
            "tags": null,
            "tags_fingerprint": "",
            "terraform_labels": {},
            "timeouts": null
          },
          "sensitive_attributes": [],
          "private": "eyJlMmJmYjczMC1lY2FhLTExZTYtOGY4OC0zNDM2M2JjN2M0YzAiOnsiY3JlYXRlIjoyNDAwMDAwMDAwMDAsImRlbGV0ZSI6MjQwMDAwMDAwMDAwfSwic2NoZW1hX3ZlcnNpb24iOiIxIn0=",
          "dependencies": [
            "data.google_compute_image.debian",
            "google_compute_network.vpc_network",
            "google_compute_subnetwork.subnetwork"
          ]
        }
      ]
    },
    {
      "mode": "managed",
      "type": "google_compute_interconnect",
      "name": "example_interconnect",
      "provider": "provider[\"registry.terraform.io/hashicorp/google\"]",
      "instances": [
        {
          "schema_version": 0,
          "attributes": {
            "admin_enabled": true,
            "available_features": [],
            "circuit_infos": [],
            "creation_timestamp": "2024-07-19T08:52:39.856-07:00",
            "customer_name": "example_customer",
            "description": "",
            "effective_labels": {},
            "expected_outages": [],
            "google_ip_address": "",
            "google_reference_id": "817708546",
            "id": "projects/ctp-prj-1/global/interconnects/example-interconnect",
            "interconnect_attachments": [],
            "interconnect_type": "IT_PRIVATE",
            "label_fingerprint": "42WmSpB8rSM=",
            "labels": null,
            "link_type": "LINK_TYPE_ETHERNET_10G_LR",
            "location": "https://www.googleapis.com/compute/v1/projects/ctp-prj-1/global/interconnectLocations/iad-zone1-1",
            "macsec": [],
            "macsec_enabled": false,
            "name": "example-interconnect",
            "noc_contact_email": "",
            "operational_status": "OS_UNPROVISIONED",
            "peer_ip_address": "",
            "project": "ctp-prj-1",
            "provisioned_link_count": 0,
            "remote_location": "",
            "requested_features": null,
            "requested_link_count": 1,
            "satisfies_pzs": false,
            "state": "UNPROVISIONED",
            "terraform_labels": {},
            "timeouts": null
          },
          "sensitive_attributes": [],
          "private": "eyJlMmJmYjczMC1lY2FhLTExZTYtOGY4OC0zNDM2M2JjN2M0YzAiOnsiY3JlYXRlIjoxMjAwMDAwMDAwMDAwLCJkZWxldGUiOjEyMDAwMDAwMDAwMDAsInVwZGF0ZSI6MTIwMDAwMDAwMDAwMH19"
        }
      ]
    },
    {
      "mode": "managed",
      "type": "google_compute_interconnect_attachment",
      "name": "ipsec_encrypted_interconnect_attachment",
      "provider": "provider[\"registry.terraform.io/hashicorp/google\"]",
      "instances": [
        {
          "schema_version": 0,
          "attributes": {
            "admin_enabled": true,
            "bandwidth": "",
            "candidate_subnets": null,
            "cloud_router_ip_address": "",
            "cloud_router_ipv6_address": "",
            "creation_timestamp": "2024-07-19T08:53:34.599-07:00",
            "customer_router_ip_address": "",
            "customer_router_ipv6_address": "",
            "description": "",
            "edge_availability_domain": "AVAILABILITY_DOMAIN_1",
            "encryption": "IPSEC",
            "google_reference_id": "",
            "id": "projects/ctp-prj-1/regions/europe-west1/interconnectAttachments/test-interconnect-attachment",
            "interconnect": "",
            "ipsec_internal_addresses": [
              "https://www.googleapis.com/compute/v1/projects/ctp-prj-1/regions/europe-west1/addresses/test-address"
            ],
            "mtu": "",
            "name": "test-interconnect-attachment",
            "pairing_key": "fdbe8e23-3bf8-4c64-8756-336045533664/europe-west1/1",
            "partner_asn": "",
            "private_interconnect_info": [],
            "project": "ctp-prj-1",
            "region": "https://www.googleapis.com/compute/v1/projects/ctp-prj-1/regions/europe-west1",
            "router": "https://www.googleapis.com/compute/v1/projects/ctp-prj-1/regions/europe-west1/routers/test-router",
            "self_link": "https://www.googleapis.com/compute/v1/projects/ctp-prj-1/regions/europe-west1/interconnectAttachments/test-interconnect-attachment",
            "stack_type": "IPV4_ONLY",
            "state": "PENDING_PARTNER",
            "subnet_length": null,
            "timeouts": null,
            "type": "PARTNER",
            "vlan_tag8021q": 0
          },
          "sensitive_attributes": [],
          "private": "eyJlMmJmYjczMC1lY2FhLTExZTYtOGY4OC0zNDM2M2JjN2M0YzAiOnsiY3JlYXRlIjoxMjAwMDAwMDAwMDAwLCJkZWxldGUiOjEyMDAwMDAwMDAwMDAsInVwZGF0ZSI6MTIwMDAwMDAwMDAwMH19",
          "dependencies": [
            "google_compute_address.address",
            "google_compute_network.vpc_network",
            "google_compute_router.router"
          ]
        }
      ]
    },
    {
      "mode": "managed",
      "type": "google_compute_machine_image",
      "name": "image",
      "provider": "provider[\"registry.terraform.io/hashicorp/google-beta\"]",
      "instances": []
    },
    {
      "mode": "managed",
      "type": "google_compute_machine_image_iam_binding",
      "name": "binding",
      "provider": "provider[\"registry.terraform.io/hashicorp/google-beta\"]",
      "instances": []
    },
    {
      "mode": "managed",
      "type": "google_compute_machine_image_iam_member",
      "name": "member",
      "provider": "provider[\"registry.terraform.io/hashicorp/google-beta\"]",
      "instances": []
    },
    {
      "mode": "managed",
      "type": "google_compute_machine_image_iam_policy",
      "name": "policy",
      "provider": "provider[\"registry.terraform.io/hashicorp/google-beta\"]",
      "instances": []
    },
    {
      "mode": "managed",
      "type": "google_compute_network",
      "name": "vpc_network",
      "provider": "provider[\"registry.terraform.io/hashicorp/google\"]",
      "instances": [
        {
          "schema_version": 0,
          "attributes": {
            "auto_create_subnetworks": true,
            "delete_default_routes_on_create": false,
            "description": "",
            "enable_ula_internal_ipv6": false,
            "gateway_ipv4": "",
            "id": "projects/ctp-prj-1/global/networks/vpc-001",
            "internal_ipv6_range": "",
            "mtu": 0,
            "name": "vpc-001",
            "network_firewall_policy_enforcement_order": "AFTER_CLASSIC_FIREWALL",
            "numeric_id": "392362939370648871",
            "project": "ctp-prj-1",
            "routing_mode": "REGIONAL",
            "self_link": "https://www.googleapis.com/compute/v1/projects/ctp-prj-1/global/networks/vpc-001",
            "timeouts": null
          },
          "sensitive_attributes": [],
          "private": "eyJlMmJmYjczMC1lY2FhLTExZTYtOGY4OC0zNDM2M2JjN2M0YzAiOnsiY3JlYXRlIjoxMjAwMDAwMDAwMDAwLCJkZWxldGUiOjEyMDAwMDAwMDAwMDAsInVwZGF0ZSI6MTIwMDAwMDAwMDAwMH19",
          "create_before_destroy": true
        }
      ]
    },
    {
      "mode": "managed",
      "type": "google_compute_resource_policy",
      "name": "policy_1",
      "provider": "provider[\"registry.terraform.io/hashicorp/google\"]",
      "instances": [
        {
          "schema_version": 0,
          "attributes": {
            "description": "",
            "disk_consistency_group_policy": [],
            "group_placement_policy": [],
            "id": "projects/ctp-prj-1/regions/europe-west1/resourcePolicies/policy-1",
            "instance_schedule_policy": [],
            "name": "policy-1",
            "project": "ctp-prj-1",
            "region": "europe-west1",
            "self_link": "https://www.googleapis.com/compute/v1/projects/ctp-prj-1/regions/europe-west1/resourcePolicies/policy-1",
            "snapshot_schedule_policy": [
              {
                "retention_policy": [
                  {
                    "max_retention_days": 7,
                    "on_source_disk_delete": "KEEP_AUTO_SNAPSHOTS"
                  }
                ],
                "schedule": [
                  {
                    "daily_schedule": [
                      {
                        "days_in_cycle": 1,
                        "start_time": "03:00"
                      }
                    ],
                    "hourly_schedule": [],
                    "weekly_schedule": []
                  }
                ],
                "snapshot_properties": []
              }
            ],
            "timeouts": null
          },
          "sensitive_attributes": [],
          "private": "eyJlMmJmYjczMC1lY2FhLTExZTYtOGY4OC0zNDM2M2JjN2M0YzAiOnsiY3JlYXRlIjoxMjAwMDAwMDAwMDAwLCJkZWxldGUiOjEyMDAwMDAwMDAwMDB9fQ=="
        }
      ]
    },
    {
      "mode": "managed",
      "type": "google_compute_resource_policy",
      "name": "policy_2",
      "provider": "provider[\"registry.terraform.io/hashicorp/google\"]",
      "instances": [
        {
          "schema_version": 0,
          "attributes": {
            "description": "",
            "disk_consistency_group_policy": [],
            "group_placement_policy": [],
            "id": "projects/ctp-prj-1/regions/europe-west1/resourcePolicies/policy-2",
            "instance_schedule_policy": [],
            "name": "policy-2",
            "project": "ctp-prj-1",
            "region": "europe-west1",
            "self_link": "https://www.googleapis.com/compute/v1/projects/ctp-prj-1/regions/europe-west1/resourcePolicies/policy-2",
            "snapshot_schedule_policy": [
              {
                "retention_policy": [
                  {
                    "max_retention_days": 7,
                    "on_source_disk_delete": "KEEP_AUTO_SNAPSHOTS"
                  }
                ],
                "schedule": [
                  {
                    "daily_schedule": [
                      {
                        "days_in_cycle": 1,
                        "start_time": "03:00"
                      }
                    ],
                    "hourly_schedule": [],
                    "weekly_schedule": []
                  }
                ],
                "snapshot_properties": []
              }
            ],
            "timeouts": null
          },
          "sensitive_attributes": [],
          "private": "eyJlMmJmYjczMC1lY2FhLTExZTYtOGY4OC0zNDM2M2JjN2M0YzAiOnsiY3JlYXRlIjoxMjAwMDAwMDAwMDAwLCJkZWxldGUiOjEyMDAwMDAwMDAwMDB9fQ=="
        }
      ]
    },
    {
      "mode": "managed",
      "type": "google_compute_router",
      "name": "router",
      "provider": "provider[\"registry.terraform.io/hashicorp/google\"]",
      "instances": [
        {
          "schema_version": 0,
          "attributes": {
            "bgp": [
              {
                "advertise_mode": "DEFAULT",
                "advertised_groups": null,
                "advertised_ip_ranges": [],
                "asn": 16550,
                "identifier_range": "",
                "keepalive_interval": 20
              }
            ],
            "creation_timestamp": "2024-07-19T08:53:12.583-07:00",
            "description": "",
            "encrypted_interconnect_router": true,
            "id": "projects/ctp-prj-1/regions/europe-west1/routers/test-router",
            "name": "test-router",
            "network": "https://www.googleapis.com/compute/v1/projects/ctp-prj-1/global/networks/vpc-001",
            "project": "ctp-prj-1",
            "region": "europe-west1",
            "self_link": "https://www.googleapis.com/compute/v1/projects/ctp-prj-1/regions/europe-west1/routers/test-router",
            "timeouts": null
          },
          "sensitive_attributes": [],
          "private": "eyJlMmJmYjczMC1lY2FhLTExZTYtOGY4OC0zNDM2M2JjN2M0YzAiOnsiY3JlYXRlIjoxMjAwMDAwMDAwMDAwLCJkZWxldGUiOjEyMDAwMDAwMDAwMDAsInVwZGF0ZSI6MTIwMDAwMDAwMDAwMH19",
          "dependencies": [
            "google_compute_network.vpc_network"
          ]
        }
      ]
    },
    {
      "mode": "managed",
      "type": "google_compute_snapshot",
      "name": "example_snapshot",
      "provider": "provider[\"registry.terraform.io/hashicorp/google\"]",
      "instances": [
        {
          "schema_version": 0,
          "attributes": {
            "chain_name": "",
            "creation_timestamp": "2024-07-19T08:52:52.225-07:00",
            "description": "",
            "disk_size_gb": 200,
            "effective_labels": {},
            "id": "projects/ctp-prj-1/global/snapshots/example-snapshot",
            "label_fingerprint": "42WmSpB8rSM=",
            "labels": null,
            "licenses": [],
            "name": "example-snapshot",
            "project": "ctp-prj-1",
            "self_link": "https://www.googleapis.com/compute/v1/projects/ctp-prj-1/global/snapshots/example-snapshot",
            "snapshot_encryption_key": [],
            "snapshot_id": 6881742980969346364,
            "source_disk": "https://www.googleapis.com/compute/v1/projects/ctp-prj-1/zones/europe-west1-d/disks/example-disk",
            "source_disk_encryption_key": [],
            "storage_bytes": 0,
            "storage_locations": [
              "eu"
            ],
            "terraform_labels": {},
            "timeouts": null,
            "zone": "europe-west1-d"
          },
          "sensitive_attributes": [],
          "private": "eyJlMmJmYjczMC1lY2FhLTExZTYtOGY4OC0zNDM2M2JjN2M0YzAiOnsiY3JlYXRlIjoxMjAwMDAwMDAwMDAwLCJkZWxldGUiOjEyMDAwMDAwMDAwMDAsInVwZGF0ZSI6MTIwMDAwMDAwMDAwMH19",
          "dependencies": [
            "google_compute_disk.example_disk"
          ]
        }
      ]
    },
    {
      "mode": "managed",
      "type": "google_compute_snapshot",
      "name": "instance_1_disk_snapshot",
      "provider": "provider[\"registry.terraform.io/hashicorp/google\"]",
      "instances": [
        {
          "index_key": "instance-1-disk-1",
          "schema_version": 0,
          "attributes": {
            "chain_name": "",
            "creation_timestamp": "2024-07-19T08:52:53.009-07:00",
            "description": "",
            "disk_size_gb": 200,
            "effective_labels": {},
            "id": "projects/ctp-prj-1/global/snapshots/instance-1-disk-1-snapshot",
            "label_fingerprint": "42WmSpB8rSM=",
            "labels": null,
            "licenses": [],
            "name": "instance-1-disk-1-snapshot",
            "project": "ctp-prj-1",
            "self_link": "https://www.googleapis.com/compute/v1/projects/ctp-prj-1/global/snapshots/instance-1-disk-1-snapshot",
            "snapshot_encryption_key": [],
            "snapshot_id": 7364595831589516604,
            "source_disk": "https://www.googleapis.com/compute/v1/projects/ctp-prj-1/zones/europe-west1-d/disks/instance-1-disk-1",
            "source_disk_encryption_key": [],
            "storage_bytes": 0,
            "storage_locations": [
              "eu"
            ],
            "terraform_labels": {},
            "timeouts": null,
            "zone": "europe-west1-d"
          },
          "sensitive_attributes": [],
          "private": "eyJlMmJmYjczMC1lY2FhLTExZTYtOGY4OC0zNDM2M2JjN2M0YzAiOnsiY3JlYXRlIjoxMjAwMDAwMDAwMDAwLCJkZWxldGUiOjEyMDAwMDAwMDAwMDAsInVwZGF0ZSI6MTIwMDAwMDAwMDAwMH19",
          "dependencies": [
            "google_compute_disk.instance_1_attached_disk"
          ]
        },
        {
          "index_key": "instance-1-disk-2",
          "schema_version": 0,
          "attributes": {
            "chain_name": "",
            "creation_timestamp": "2024-07-19T08:52:52.500-07:00",
            "description": "",
            "disk_size_gb": 100,
            "effective_labels": {},
            "id": "projects/ctp-prj-1/global/snapshots/instance-1-disk-2-snapshot",
            "label_fingerprint": "42WmSpB8rSM=",
            "labels": null,
            "licenses": [],
            "name": "instance-1-disk-2-snapshot",
            "project": "ctp-prj-1",
            "self_link": "https://www.googleapis.com/compute/v1/projects/ctp-prj-1/global/snapshots/instance-1-disk-2-snapshot",
            "snapshot_encryption_key": [],
            "snapshot_id": 7860194384207623484,
            "source_disk": "https://www.googleapis.com/compute/v1/projects/ctp-prj-1/zones/europe-west1-d/disks/instance-1-disk-2",
            "source_disk_encryption_key": [],
            "storage_bytes": 0,
            "storage_locations": [
              "eu"
            ],
            "terraform_labels": {},
            "timeouts": null,
            "zone": "europe-west1-d"
          },
          "sensitive_attributes": [],
          "private": "eyJlMmJmYjczMC1lY2FhLTExZTYtOGY4OC0zNDM2M2JjN2M0YzAiOnsiY3JlYXRlIjoxMjAwMDAwMDAwMDAwLCJkZWxldGUiOjEyMDAwMDAwMDAwMDAsInVwZGF0ZSI6MTIwMDAwMDAwMDAwMH19",
          "dependencies": [
            "google_compute_disk.instance_1_attached_disk"
          ]
        }
      ]
    },
    {
      "mode": "managed",
      "type": "google_compute_subnetwork",
      "name": "subnetwork",
      "provider": "provider[\"registry.terraform.io/hashicorp/google\"]",
      "instances": [
        {
          "schema_version": 0,
          "attributes": {
            "creation_timestamp": "2024-07-19T08:53:23.578-07:00",
            "description": "",
            "external_ipv6_prefix": "",
            "fingerprint": null,
            "gateway_address": "10.0.0.1",
            "id": "projects/ctp-prj-1/regions/europe-west1/subnetworks/subnet-001",
            "internal_ipv6_prefix": "",
            "ip_cidr_range": "10.0.0.0/24",
            "ipv6_access_type": "",
            "ipv6_cidr_range": "",
            "log_config": [],
            "name": "subnet-001",
            "network": "https://www.googleapis.com/compute/v1/projects/ctp-prj-1/global/networks/vpc-001",
            "private_ip_google_access": false,
            "private_ipv6_google_access": "DISABLE_GOOGLE_ACCESS",
            "project": "ctp-prj-1",
            "purpose": "PRIVATE",
            "region": "europe-west1",
            "role": "",
            "secondary_ip_range": [],
            "self_link": "https://www.googleapis.com/compute/v1/projects/ctp-prj-1/regions/europe-west1/subnetworks/subnet-001",
            "stack_type": "IPV4_ONLY",
            "timeouts": null
          },
          "sensitive_attributes": [],
          "private": "eyJlMmJmYjczMC1lY2FhLTExZTYtOGY4OC0zNDM2M2JjN2M0YzAiOnsiY3JlYXRlIjoxMjAwMDAwMDAwMDAwLCJkZWxldGUiOjEyMDAwMDAwMDAwMDAsInVwZGF0ZSI6MTIwMDAwMDAwMDAwMH19",
          "dependencies": [
            "google_compute_network.vpc_network"
          ],
          "create_before_destroy": true
        }
      ]
    },
    {
      "mode": "managed",
      "type": "google_compute_target_http_proxy",
      "name": "default",
      "provider": "provider[\"registry.terraform.io/hashicorp/google\"]",
      "instances": [
        {
          "schema_version": 0,
          "attributes": {
            "creation_timestamp": "2024-07-19T08:55:23.998-07:00",
            "description": "",
            "http_keep_alive_timeout_sec": 0,
            "id": "projects/ctp-prj-1/global/targetHttpProxies/http-proxy",
            "name": "http-proxy",
            "project": "ctp-prj-1",
            "proxy_bind": false,
            "proxy_id": 6626394797126398596,
            "self_link": "https://www.googleapis.com/compute/v1/projects/ctp-prj-1/global/targetHttpProxies/http-proxy",
            "timeouts": null,
            "url_map": "https://www.googleapis.com/compute/v1/projects/ctp-prj-1/global/urlMaps/url-map"
          },
          "sensitive_attributes": [],
          "private": "eyJlMmJmYjczMC1lY2FhLTExZTYtOGY4OC0zNDM2M2JjN2M0YzAiOnsiY3JlYXRlIjoxMjAwMDAwMDAwMDAwLCJkZWxldGUiOjEyMDAwMDAwMDAwMDAsInVwZGF0ZSI6MTIwMDAwMDAwMDAwMH19",
          "dependencies": [
            "data.google_compute_image.debian",
            "google_compute_backend_service.default",
            "google_compute_http_health_check.default",
            "google_compute_instance_group_manager.webservers",
            "google_compute_instance_template.instance_template",
            "google_compute_network.vpc_network",
            "google_compute_subnetwork.subnetwork",
            "google_compute_url_map.default"
          ]
        }
      ]
    },
    {
      "mode": "managed",
      "type": "google_compute_url_map",
      "name": "default",
      "provider": "provider[\"registry.terraform.io/hashicorp/google\"]",
      "instances": [
        {
          "schema_version": 0,
          "attributes": {
            "creation_timestamp": "2024-07-19T08:55:12.926-07:00",
            "default_route_action": [],
            "default_service": "https://www.googleapis.com/compute/v1/projects/ctp-prj-1/global/backendServices/backend-service-unique",
            "default_url_redirect": [],
            "description": "",
            "fingerprint": "Am2n9Lp3myw=",
            "header_action": [],
            "host_rule": [],
            "id": "projects/ctp-prj-1/global/urlMaps/url-map",
            "map_id": 3733873085073797775,
            "name": "url-map",
            "path_matcher": [],
            "project": "ctp-prj-1",
            "self_link": "https://www.googleapis.com/compute/v1/projects/ctp-prj-1/global/urlMaps/url-map",
            "test": [],
            "timeouts": null
          },
          "sensitive_attributes": [],
          "private": "eyJlMmJmYjczMC1lY2FhLTExZTYtOGY4OC0zNDM2M2JjN2M0YzAiOnsiY3JlYXRlIjoxMjAwMDAwMDAwMDAwLCJkZWxldGUiOjEyMDAwMDAwMDAwMDAsInVwZGF0ZSI6MTIwMDAwMDAwMDAwMH19",
          "dependencies": [
            "data.google_compute_image.debian",
            "google_compute_backend_service.default",
            "google_compute_http_health_check.default",
            "google_compute_instance_group_manager.webservers",
            "google_compute_instance_template.instance_template",
            "google_compute_network.vpc_network",
            "google_compute_subnetwork.subnetwork"
          ]
        }
      ]
    },
    {
      "mode": "managed",
      "type": "google_compute_vpn_gateway",
      "name": "vpn_gateway",
      "provider": "provider[\"registry.terraform.io/hashicorp/google\"]",
      "instances": [
        {
          "schema_version": 0,
          "attributes": {
            "creation_timestamp": "2024-07-19T08:53:12.242-07:00",
            "description": "",
            "gateway_id": 8892978657043625223,
            "id": "projects/ctp-prj-1/regions/europe-west1/targetVpnGateways/ctp-vpn-us",
            "name": "ctp-vpn-us",
            "network": "https://www.googleapis.com/compute/v1/projects/ctp-prj-1/global/networks/vpc-001",
            "project": "ctp-prj-1",
            "region": "europe-west1",
            "self_link": "https://www.googleapis.com/compute/v1/projects/ctp-prj-1/regions/europe-west1/targetVpnGateways/ctp-vpn-us",
            "timeouts": null
          },
          "sensitive_attributes": [],
          "private": "eyJlMmJmYjczMC1lY2FhLTExZTYtOGY4OC0zNDM2M2JjN2M0YzAiOnsiY3JlYXRlIjoxMjAwMDAwMDAwMDAwLCJkZWxldGUiOjEyMDAwMDAwMDAwMDB9fQ==",
          "dependencies": [
            "google_compute_network.vpc_network"
          ],
          "create_before_destroy": true
        }
      ]
    },
    {
      "mode": "managed",
      "type": "google_compute_vpn_tunnel",
      "name": "vpn_tunnel",
      "provider": "provider[\"registry.terraform.io/hashicorp/google\"]",
      "instances": [
        {
          "schema_version": 0,
          "attributes": {
            "creation_timestamp": "2024-07-19T08:53:44.878-07:00",
            "description": "",
            "detailed_status": "Waiting for route configuration.",
            "effective_labels": {},
            "id": "projects/ctp-prj-1/regions/europe-west1/vpnTunnels/ctp-tunnel-us",
            "ike_version": 2,
            "label_fingerprint": "42WmSpB8rSM=",
            "labels": null,
            "local_traffic_selector": [
              "10.0.0.0/24"
            ],
            "name": "ctp-tunnel-us",
            "peer_external_gateway": "",
            "peer_external_gateway_interface": 0,
            "peer_gcp_gateway": "",
            "peer_ip": "35.209.144.217",
            "project": "ctp-prj-1",
            "region": "europe-west1",
            "remote_traffic_selector": [],
            "router": "",
            "self_link": "https://www.googleapis.com/compute/v1/projects/ctp-prj-1/regions/europe-west1/vpnTunnels/ctp-tunnel-us",
            "shared_secret": "ctp-vpn-tunnel",
            "shared_secret_hash": "S046xEdAnVPVdiq17hNZ6nWIE4KJ",
            "target_vpn_gateway": "https://www.googleapis.com/compute/v1/projects/ctp-prj-1/regions/europe-west1/targetVpnGateways/ctp-vpn-us",
            "terraform_labels": {},
            "timeouts": null,
            "tunnel_id": "8029914719898252007",
            "vpn_gateway": "",
            "vpn_gateway_interface": 0
          },
          "sensitive_attributes": [],
          "private": "eyJlMmJmYjczMC1lY2FhLTExZTYtOGY4OC0zNDM2M2JjN2M0YzAiOnsiY3JlYXRlIjoxMjAwMDAwMDAwMDAwLCJkZWxldGUiOjEyMDAwMDAwMDAwMDAsInVwZGF0ZSI6MTIwMDAwMDAwMDAwMH19",
          "dependencies": [
            "google_compute_address.vpn_gateway_ip",
            "google_compute_forwarding_rule.esp_forwarding_rule",
            "google_compute_forwarding_rule.udp4500_forwarding_rule",
            "google_compute_forwarding_rule.udp500_forwarding_rule",
            "google_compute_network.vpc_network",
            "google_compute_subnetwork.subnetwork",
            "google_compute_vpn_gateway.vpn_gateway"
          ],
          "create_before_destroy": true
        }
      ]
    },
    {
      "mode": "managed",
      "type": "google_kms_crypto_key",
      "name": "crypto_key",
      "provider": "provider[\"registry.terraform.io/hashicorp/google-beta\"]",
      "instances": []
    },
    {
      "mode": "managed",
      "type": "google_logging_project_sink",
      "name": "capture_compute_instances_list",
      "provider": "provider[\"registry.terraform.io/hashicorp/google\"]",
      "instances": []
    },
    {
      "mode": "managed",
      "type": "google_project_service",
      "name": "logging",
      "provider": "provider[\"registry.terraform.io/hashicorp/google\"]",
      "instances": [
        {
          "schema_version": 0,
          "attributes": {
            "disable_dependent_services": null,
            "disable_on_destroy": true,
            "id": "ctp-prj-1/logging.googleapis.com",
            "project": "ctp-prj-1",
            "service": "logging.googleapis.com",
            "timeouts": null
          },
          "sensitive_attributes": [],
          "private": "eyJlMmJmYjczMC1lY2FhLTExZTYtOGY4OC0zNDM2M2JjN2M0YzAiOnsiY3JlYXRlIjoxMjAwMDAwMDAwMDAwLCJkZWxldGUiOjEyMDAwMDAwMDAwMDAsInJlYWQiOjYwMDAwMDAwMDAwMCwidXBkYXRlIjoxMjAwMDAwMDAwMDAwfX0="
        }
      ]
    },
    {
      "mode": "managed",
      "type": "null_resource",
      "name": "aggregated_list_instances",
      "provider": "provider[\"registry.terraform.io/hashicorp/null\"]",
      "instances": [
        {
          "schema_version": 0,
          "attributes": {
            "id": "7016183393185990013",
            "triggers": null
          },
          "sensitive_attributes": [],
          "dependencies": [
            "data.google_compute_image.debian",
            "google_compute_address.instance_1_ip",
            "google_compute_disk.instance_1_attached_disk",
            "google_compute_instance.instance_1",
            "google_compute_network.vpc_network",
            "google_compute_subnetwork.subnetwork"
          ]
        }
      ]
    },
    {
      "mode": "managed",
      "type": "null_resource",
      "name": "all_vpn_tunnels",
      "provider": "provider[\"registry.terraform.io/hashicorp/null\"]",
      "instances": []
    },
    {
      "mode": "managed",
      "type": "null_resource",
      "name": "deprecate_image",
      "provider": "provider[\"registry.terraform.io/hashicorp/null\"]",
      "instances": [
        {
          "schema_version": 0,
          "attributes": {
            "id": "4521205688817694499",
            "triggers": null
          },
          "sensitive_attributes": [],
          "dependencies": [
            "google_compute_disk.example_disk",
            "google_compute_image.example_image"
          ]
        }
      ]
    },
    {
      "mode": "managed",
      "type": "null_resource",
      "name": "detach_disk",
      "provider": "provider[\"registry.terraform.io/hashicorp/null\"]",
      "instances": [
        {
          "status": "tainted",
          "schema_version": 0,
          "attributes": {
            "id": "3374909282122812972",
            "triggers": null
          },
          "sensitive_attributes": [],
          "dependencies": [
            "data.google_compute_image.debian",
            "google_compute_address.instance_1_ip",
            "google_compute_disk.example_disk",
            "google_compute_disk.instance_1_attached_disk",
            "google_compute_instance.instance_1",
            "google_compute_network.vpc_network",
            "google_compute_subnetwork.subnetwork"
          ]
        }
      ]
    },
    {
      "mode": "managed",
      "type": "null_resource",
      "name": "get_effective_firewalls",
      "provider": "provider[\"registry.terraform.io/hashicorp/null\"]",
      "instances": [
        {
          "schema_version": 0,
          "attributes": {
            "id": "858494263763564216",
            "triggers": null
          },
          "sensitive_attributes": [],
          "dependencies": [
            "data.google_compute_image.debian",
            "google_compute_address.instance_1_ip",
            "google_compute_disk.instance_1_attached_disk",
            "google_compute_instance.instance_1",
            "google_compute_network.vpc_network",
            "google_compute_subnetwork.subnetwork"
          ]
        }
      ]
    },
    {
      "mode": "managed",
      "type": "null_resource",
      "name": "get_guest_attributes",
      "provider": "provider[\"registry.terraform.io/hashicorp/null\"]",
      "instances": [
        {
          "schema_version": 0,
          "attributes": {
            "id": "5375211452831499239",
            "triggers": null
          },
          "sensitive_attributes": [],
          "dependencies": [
            "data.google_compute_image.debian",
            "google_compute_address.instance_1_ip",
            "google_compute_disk.instance_1_attached_disk",
            "google_compute_instance.instance_1",
            "google_compute_network.vpc_network",
            "google_compute_subnetwork.subnetwork"
          ]
        }
      ]
    },
    {
      "mode": "managed",
      "type": "null_resource",
      "name": "get_instance",
      "provider": "provider[\"registry.terraform.io/hashicorp/null\"]",
      "instances": [
        {
          "schema_version": 0,
          "attributes": {
            "id": "4409679835823237766",
            "triggers": null
          },
          "sensitive_attributes": [],
          "dependencies": [
            "data.google_compute_image.debian",
            "google_compute_address.instance_1_ip",
            "google_compute_disk.instance_1_attached_disk",
            "google_compute_instance.instance_1",
            "google_compute_network.vpc_network",
            "google_compute_subnetwork.subnetwork"
          ]
        }
      ]
    },
    {
      "mode": "managed",
      "type": "null_resource",
      "name": "get_instance_iam_policy",
      "provider": "provider[\"registry.terraform.io/hashicorp/null\"]",
      "instances": [
        {
          "schema_version": 0,
          "attributes": {
            "id": "5988006166793836847",
            "triggers": null
          },
          "sensitive_attributes": [],
          "dependencies": [
            "data.google_compute_image.debian",
            "google_compute_address.instance_1_ip",
            "google_compute_disk.instance_1_attached_disk",
            "google_compute_instance.instance_1",
            "google_compute_network.vpc_network",
            "google_compute_subnetwork.subnetwork"
          ]
        }
      ]
    },
    {
      "mode": "managed",
      "type": "null_resource",
      "name": "get_serial_port_output",
      "provider": "provider[\"registry.terraform.io/hashicorp/null\"]",
      "instances": [
        {
          "schema_version": 0,
          "attributes": {
            "id": "5556032454443897225",
            "triggers": null
          },
          "sensitive_attributes": [],
          "dependencies": [
            "data.google_compute_image.debian",
            "google_compute_address.instance_1_ip",
            "google_compute_disk.instance_1_attached_disk",
            "google_compute_instance.instance_1",
            "google_compute_network.vpc_network",
            "google_compute_subnetwork.subnetwork"
          ]
        }
      ]
    },
    {
      "mode": "managed",
      "type": "null_resource",
      "name": "get_shielded_instance_identity",
      "provider": "provider[\"registry.terraform.io/hashicorp/null\"]",
      "instances": [
        {
          "schema_version": 0,
          "attributes": {
            "id": "6378647369933689367",
            "triggers": null
          },
          "sensitive_attributes": [],
          "dependencies": [
            "data.google_compute_image.debian",
            "google_compute_address.instance_1_ip",
            "google_compute_disk.instance_1_attached_disk",
            "google_compute_instance.instance_1",
            "google_compute_network.vpc_network",
            "google_compute_subnetwork.subnetwork"
          ]
        }
      ]
    },
    {
      "mode": "managed",
      "type": "null_resource",
      "name": "resize_disk",
      "provider": "provider[\"registry.terraform.io/hashicorp/null\"]",
      "instances": [
        {
          "schema_version": 0,
          "attributes": {
            "id": "9099708549851779041",
            "triggers": null
          },
          "sensitive_attributes": [],
          "dependencies": [
            "google_compute_disk.example_disk"
          ]
        }
      ]
    },
    {
      "mode": "managed",
      "type": "null_resource",
      "name": "set_tags",
      "provider": "provider[\"registry.terraform.io/hashicorp/null\"]",
      "instances": [
        {
          "schema_version": 0,
          "attributes": {
            "id": "2707072155204782464",
            "triggers": null
          },
          "sensitive_attributes": [],
          "dependencies": [
            "data.google_compute_image.debian",
            "google_compute_address.instance_1_ip",
            "google_compute_disk.instance_1_attached_disk",
            "google_compute_instance.instance_1",
            "google_compute_network.vpc_network",
            "google_compute_subnetwork.subnetwork"
          ]
        }
      ]
    },
    {
      "mode": "managed",
      "type": "null_resource",
      "name": "test_image_permissions",
      "provider": "provider[\"registry.terraform.io/hashicorp/null\"]",
      "instances": [
        {
          "schema_version": 0,
          "attributes": {
            "id": "5722000175489674963",
            "triggers": null
          },
          "sensitive_attributes": [],
          "dependencies": [
            "google_compute_disk.example_disk",
            "google_compute_image.example_image"
          ]
        }
      ]
    },
    {
      "mode": "managed",
      "type": "null_resource",
      "name": "verify_list_disk_types",
      "provider": "provider[\"registry.terraform.io/hashicorp/null\"]",
      "instances": []
    },
    {
      "mode": "managed",
      "type": "null_resource",
      "name": "verify_list_instances",
      "provider": "provider[\"registry.terraform.io/hashicorp/null\"]",
      "instances": []
    },
    {
      "mode": "managed",
      "type": "null_resource",
      "name": "vpn_tunnel_info",
      "provider": "provider[\"registry.terraform.io/hashicorp/null\"]",
      "instances": [
        {
          "schema_version": 0,
          "attributes": {
            "id": "1269862030156759577",
            "triggers": null
          },
          "sensitive_attributes": [],
          "dependencies": [
            "google_compute_address.vpn_gateway_ip",
            "google_compute_forwarding_rule.esp_forwarding_rule",
            "google_compute_forwarding_rule.udp4500_forwarding_rule",
            "google_compute_forwarding_rule.udp500_forwarding_rule",
            "google_compute_network.vpc_network",
            "google_compute_subnetwork.subnetwork",
            "google_compute_vpn_gateway.vpn_gateway",
            "google_compute_vpn_tunnel.vpn_tunnel"
          ]
        }
      ]
    }
  ],
  "check_results": [
    {
      "object_kind": "resource",
      "config_addr": "google_compute_network.vpc_network",
      "status": "pass",
      "objects": [
        {
          "object_addr": "google_compute_network.vpc_network",
          "status": "pass"
        }
      ]
    },
    {
      "object_kind": "resource",
      "config_addr": "google_compute_subnetwork.subnetwork",
      "status": "pass",
      "objects": [
        {
          "object_addr": "google_compute_subnetwork.subnetwork",
          "status": "pass"
        }
      ]
    }
  ]
}
