{
  "version": 4,
  "terraform_version": "1.5.7",
  "serial": 2932,
  "lineage": "6a0190bf-3377-ee6e-ab41-3eae7da5d7e4",
  "outputs": {
    "predefined_disk_types": {
      "value": {
        "us-central1-a": "pd-standard",
        "us-central1-b": "pd-ssd"
      },
      "type": [
        "map",
        "string"
      ]
    },
    "vpn_tunnel_self_link": {
      "value": "https://www.googleapis.com/compute/v1/projects/ctp-prj-1/regions/us-central1/vpnTunnels/ctp-tunnel-us",
      "type": "string"
    }
  },
  "resources": [
    {
      "mode": "data",
      "type": "google_compute_image",
      "name": "debian",
      "provider": "provider[\"registry.terraform.io/hashicorp/google\"]",
      "instances": [
        {
          "schema_version": 0,
          "attributes": {
            "archive_size_bytes": 1973468160,
            "creation_timestamp": "2024-06-11T13:11:04.066-07:00",
            "description": "Debian, Debian GNU/Linux, 11 (bullseye), amd64 built on 20240611",
            "disk_size_gb": 10,
            "family": "debian-11",
            "filter": null,
            "id": "projects/debian-cloud/global/images/debian-11-bullseye-v20240611",
            "image_encryption_key_sha256": "",
            "image_id": "7113338960587592120",
            "label_fingerprint": "42WmSpB8rSM=",
            "labels": {},
            "licenses": [
              "https://www.googleapis.com/compute/v1/projects/debian-cloud/global/licenses/debian-11-bullseye"
            ],
            "most_recent": false,
            "name": "debian-11-bullseye-v20240611",
            "project": "debian-cloud",
            "self_link": "https://www.googleapis.com/compute/v1/projects/debian-cloud/global/images/debian-11-bullseye-v20240611",
            "source_disk": "",
            "source_disk_encryption_key_sha256": "",
            "source_disk_id": "",
            "source_image_id": "",
            "status": "READY"
          },
          "sensitive_attributes": []
        }
      ]
    },
    {
      "mode": "data",
      "type": "google_compute_instance",
      "name": "instance_1_info",
      "provider": "provider[\"registry.terraform.io/hashicorp/google\"]",
      "instances": []
    },
    {
      "mode": "managed",
      "type": "google_compute_address",
      "name": "instance_1_ip",
      "provider": "provider[\"registry.terraform.io/hashicorp/google\"]",
      "instances": [
        {
          "schema_version": 0,
          "attributes": {
            "address": "34.122.7.39",
            "address_type": "EXTERNAL",
            "creation_timestamp": "2024-07-08T13:13:32.440-07:00",
            "description": "",
            "effective_labels": {},
            "id": "projects/ctp-prj-1/regions/us-central1/addresses/instance-1-ip",
            "ip_version": "",
            "ipv6_endpoint_type": "",
            "label_fingerprint": "42WmSpB8rSM=",
            "labels": null,
            "name": "instance-1-ip",
            "network": "",
            "network_tier": "PREMIUM",
            "prefix_length": 0,
            "project": "ctp-prj-1",
            "purpose": "",
            "region": "us-central1",
            "self_link": "https://www.googleapis.com/compute/v1/projects/ctp-prj-1/regions/us-central1/addresses/instance-1-ip",
            "subnetwork": "",
            "terraform_labels": {},
            "timeouts": null,
            "users": []
          },
          "sensitive_attributes": [],
          "private": "eyJlMmJmYjczMC1lY2FhLTExZTYtOGY4OC0zNDM2M2JjN2M0YzAiOnsiY3JlYXRlIjoxMjAwMDAwMDAwMDAwLCJkZWxldGUiOjEyMDAwMDAwMDAwMDAsInVwZGF0ZSI6MTIwMDAwMDAwMDAwMH19"
        }
      ]
    },
    {
      "mode": "managed",
      "type": "google_compute_address",
      "name": "vpn_gateway_ip",
      "provider": "provider[\"registry.terraform.io/hashicorp/google\"]",
      "instances": [
        {
          "schema_version": 0,
          "attributes": {
            "address": "35.224.60.218",
            "address_type": "EXTERNAL",
            "creation_timestamp": "2024-07-08T13:13:32.416-07:00",
            "description": "",
            "effective_labels": {},
            "id": "projects/ctp-prj-1/regions/us-central1/addresses/vpn-gateway-ip",
            "ip_version": "",
            "ipv6_endpoint_type": "",
            "label_fingerprint": "42WmSpB8rSM=",
            "labels": null,
            "name": "vpn-gateway-ip",
            "network": "",
            "network_tier": "PREMIUM",
            "prefix_length": 0,
            "project": "ctp-prj-1",
            "purpose": "",
            "region": "us-central1",
            "self_link": "https://www.googleapis.com/compute/v1/projects/ctp-prj-1/regions/us-central1/addresses/vpn-gateway-ip",
            "subnetwork": "",
            "terraform_labels": {},
            "timeouts": null,
            "users": []
          },
          "sensitive_attributes": [],
          "private": "eyJlMmJmYjczMC1lY2FhLTExZTYtOGY4OC0zNDM2M2JjN2M0YzAiOnsiY3JlYXRlIjoxMjAwMDAwMDAwMDAwLCJkZWxldGUiOjEyMDAwMDAwMDAwMDAsInVwZGF0ZSI6MTIwMDAwMDAwMDAwMH19",
          "create_before_destroy": true
        }
      ]
    },
    {
      "mode": "managed",
      "type": "google_compute_autoscaler",
      "name": "web_autoscaler",
      "provider": "provider[\"registry.terraform.io/hashicorp/google\"]",
      "instances": [
        {
          "schema_version": 0,
          "attributes": {
            "autoscaling_policy": [
              {
                "cooldown_period": 60,
                "cpu_utilization": [
                  {
                    "predictive_method": "NONE",
                    "target": 0.6
                  }
                ],
                "load_balancing_utilization": [],
                "max_replicas": 10,
                "metric": [],
                "min_replicas": 1,
                "mode": "ON",
                "scale_in_control": [],
                "scaling_schedules": []
              }
            ],
            "creation_timestamp": "2024-07-08T13:15:08.997-07:00",
            "description": "",
            "id": "projects/ctp-prj-1/zones/us-central1-a/autoscalers/web-autoscaler",
            "name": "web-autoscaler",
            "project": "ctp-prj-1",
            "self_link": "https://www.googleapis.com/compute/v1/projects/ctp-prj-1/zones/us-central1-a/autoscalers/web-autoscaler",
            "target": "https://www.googleapis.com/compute/v1/projects/ctp-prj-1/zones/us-central1-a/instanceGroupManagers/web-server-group",
            "timeouts": null,
            "zone": "us-central1-a"
          },
          "sensitive_attributes": [],
          "private": "eyJlMmJmYjczMC1lY2FhLTExZTYtOGY4OC0zNDM2M2JjN2M0YzAiOnsiY3JlYXRlIjoxMjAwMDAwMDAwMDAwLCJkZWxldGUiOjEyMDAwMDAwMDAwMDAsInVwZGF0ZSI6MTIwMDAwMDAwMDAwMH19",
          "dependencies": [
            "data.google_compute_image.debian",
            "google_compute_http_health_check.default",
            "google_compute_instance_group_manager.webservers",
            "google_compute_instance_template.instance_template",
            "google_compute_network.vpc_network",
            "google_compute_subnetwork.subnetwork"
          ]
        }
      ]
    },
    {
      "mode": "managed",
      "type": "google_compute_backend_service",
      "name": "default",
      "provider": "provider[\"registry.terraform.io/hashicorp/google\"]",
      "instances": [
        {
          "schema_version": 1,
          "attributes": {
            "affinity_cookie_ttl_sec": 0,
            "backend": [
              {
                "balancing_mode": "UTILIZATION",
                "capacity_scaler": 1,
                "description": "",
                "group": "https://www.googleapis.com/compute/v1/projects/ctp-prj-1/zones/us-central1-a/instanceGroups/web-server-group",
                "max_connections": 0,
                "max_connections_per_endpoint": 0,
                "max_connections_per_instance": 0,
                "max_rate": 0,
                "max_rate_per_endpoint": 0,
                "max_rate_per_instance": 0,
                "max_utilization": 0
              }
            ],
            "cdn_policy": [],
            "circuit_breakers": [],
            "compression_mode": "",
            "connection_draining_timeout_sec": 300,
            "consistent_hash": [],
            "creation_timestamp": "2024-07-08T13:15:09.018-07:00",
            "custom_request_headers": null,
            "custom_response_headers": null,
            "description": "",
            "edge_security_policy": "",
            "enable_cdn": false,
            "fingerprint": "gwykRL_htyg=",
            "generated_id": 9033144579739743778,
            "health_checks": [
              "https://www.googleapis.com/compute/v1/projects/ctp-prj-1/global/httpHealthChecks/http-basic-check"
            ],
            "iap": [],
            "id": "projects/ctp-prj-1/global/backendServices/backend-service-unique",
            "load_balancing_scheme": "EXTERNAL",
            "locality_lb_policies": [],
            "locality_lb_policy": "",
            "log_config": [],
            "name": "backend-service-unique",
            "outlier_detection": [],
            "port_name": "http",
            "project": "ctp-prj-1",
            "protocol": "HTTP",
            "security_policy": "",
            "security_settings": [],
            "self_link": "https://www.googleapis.com/compute/v1/projects/ctp-prj-1/global/backendServices/backend-service-unique",
            "service_lb_policy": "",
            "session_affinity": "NONE",
            "timeout_sec": 30,
            "timeouts": null
          },
          "sensitive_attributes": [],
          "private": "eyJlMmJmYjczMC1lY2FhLTExZTYtOGY4OC0zNDM2M2JjN2M0YzAiOnsiY3JlYXRlIjoxMjAwMDAwMDAwMDAwLCJkZWxldGUiOjEyMDAwMDAwMDAwMDAsInVwZGF0ZSI6MTIwMDAwMDAwMDAwMH0sInNjaGVtYV92ZXJzaW9uIjoiMSJ9",
          "dependencies": [
            "data.google_compute_image.debian",
            "google_compute_http_health_check.default",
            "google_compute_instance_group_manager.webservers",
            "google_compute_instance_template.instance_template",
            "google_compute_network.vpc_network",
            "google_compute_subnetwork.subnetwork"
          ]
        }
      ]
    },
    {
      "mode": "managed",
      "type": "google_compute_disk",
      "name": "example_disk",
      "provider": "provider[\"registry.terraform.io/hashicorp/google\"]",
      "instances": [
        {
          "schema_version": 0,
          "attributes": {
            "async_primary_disk": [],
            "creation_timestamp": "2024-07-08T13:13:32.493-07:00",
            "description": "",
            "disk_encryption_key": [],
            "disk_id": "6356492184591660675",
            "effective_labels": {},
            "enable_confidential_compute": false,
            "guest_os_features": [],
            "id": "projects/ctp-prj-1/zones/us-central1-a/disks/example-disk",
            "image": "",
            "label_fingerprint": "42WmSpB8rSM=",
            "labels": null,
            "last_attach_timestamp": "",
            "last_detach_timestamp": "",
            "licenses": [],
            "name": "example-disk",
            "physical_block_size_bytes": 4096,
            "project": "ctp-prj-1",
            "provisioned_iops": 0,
            "provisioned_throughput": 0,
            "self_link": "https://www.googleapis.com/compute/v1/projects/ctp-prj-1/zones/us-central1-a/disks/example-disk",
            "size": 100,
            "snapshot": "",
            "source_disk": "",
            "source_disk_id": "",
            "source_image_encryption_key": [],
            "source_image_id": "",
            "source_snapshot_encryption_key": [],
            "source_snapshot_id": "",
            "storage_pool": "",
            "terraform_labels": {},
            "timeouts": null,
            "type": "pd-standard",
            "users": [],
            "zone": "us-central1-a"
          },
          "sensitive_attributes": [],
          "private": "eyJlMmJmYjczMC1lY2FhLTExZTYtOGY4OC0zNDM2M2JjN2M0YzAiOnsiY3JlYXRlIjoxMjAwMDAwMDAwMDAwLCJkZWxldGUiOjEyMDAwMDAwMDAwMDAsInVwZGF0ZSI6MTIwMDAwMDAwMDAwMH19"
        }
      ]
    },
    {
      "mode": "managed",
      "type": "google_compute_disk",
      "name": "instance_1_attached_disk",
      "provider": "provider[\"registry.terraform.io/hashicorp/google\"]",
      "instances": [
        {
          "index_key": "instance-1-disk-1",
          "schema_version": 0,
          "attributes": {
            "async_primary_disk": [],
            "creation_timestamp": "2024-07-08T13:13:43.392-07:00",
            "description": "",
            "disk_encryption_key": [],
            "disk_id": "3608576386398287512",
            "effective_labels": {},
            "enable_confidential_compute": false,
            "guest_os_features": [],
            "id": "projects/ctp-prj-1/zones/us-central1-a/disks/instance-1-disk-1",
            "image": "",
            "label_fingerprint": "42WmSpB8rSM=",
            "labels": null,
            "last_attach_timestamp": "",
            "last_detach_timestamp": "",
            "licenses": [],
            "name": "instance-1-disk-1",
            "physical_block_size_bytes": 4096,
            "project": "ctp-prj-1",
            "provisioned_iops": 0,
            "provisioned_throughput": 0,
            "self_link": "https://www.googleapis.com/compute/v1/projects/ctp-prj-1/zones/us-central1-a/disks/instance-1-disk-1",
            "size": 200,
            "snapshot": "",
            "source_disk": "",
            "source_disk_id": "",
            "source_image_encryption_key": [],
            "source_image_id": "",
            "source_snapshot_encryption_key": [],
            "source_snapshot_id": "",
            "storage_pool": "",
            "terraform_labels": {},
            "timeouts": null,
            "type": "pd-standard",
            "users": [],
            "zone": "us-central1-a"
          },
          "sensitive_attributes": [],
          "private": "eyJlMmJmYjczMC1lY2FhLTExZTYtOGY4OC0zNDM2M2JjN2M0YzAiOnsiY3JlYXRlIjoxMjAwMDAwMDAwMDAwLCJkZWxldGUiOjEyMDAwMDAwMDAwMDAsInVwZGF0ZSI6MTIwMDAwMDAwMDAwMH19"
        },
        {
          "index_key": "instance-1-disk-2",
          "schema_version": 0,
          "attributes": {
            "async_primary_disk": [],
            "creation_timestamp": "2024-07-08T13:13:43.334-07:00",
            "description": "",
            "disk_encryption_key": [],
            "disk_id": "1504015052416611992",
            "effective_labels": {},
            "enable_confidential_compute": false,
            "guest_os_features": [],
            "id": "projects/ctp-prj-1/zones/us-central1-a/disks/instance-1-disk-2",
            "image": "",
            "label_fingerprint": "42WmSpB8rSM=",
            "labels": null,
            "last_attach_timestamp": "",
            "last_detach_timestamp": "",
            "licenses": [],
            "name": "instance-1-disk-2",
            "physical_block_size_bytes": 4096,
            "project": "ctp-prj-1",
            "provisioned_iops": 0,
            "provisioned_throughput": 0,
            "self_link": "https://www.googleapis.com/compute/v1/projects/ctp-prj-1/zones/us-central1-a/disks/instance-1-disk-2",
            "size": 100,
            "snapshot": "",
            "source_disk": "",
            "source_disk_id": "",
            "source_image_encryption_key": [],
            "source_image_id": "",
            "source_snapshot_encryption_key": [],
            "source_snapshot_id": "",
            "storage_pool": "",
            "terraform_labels": {},
            "timeouts": null,
            "type": "pd-standard",
            "users": [],
            "zone": "us-central1-a"
          },
          "sensitive_attributes": [],
          "private": "eyJlMmJmYjczMC1lY2FhLTExZTYtOGY4OC0zNDM2M2JjN2M0YzAiOnsiY3JlYXRlIjoxMjAwMDAwMDAwMDAwLCJkZWxldGUiOjEyMDAwMDAwMDAwMDAsInVwZGF0ZSI6MTIwMDAwMDAwMDAwMH19"
        }
      ]
    },
    {
      "mode": "managed",
      "type": "google_compute_firewall",
      "name": "allow_lb_health_checks",
      "provider": "provider[\"registry.terraform.io/hashicorp/google\"]",
      "instances": [
        {
          "schema_version": 1,
          "attributes": {
            "allow": [
              {
                "ports": [
                  "80",
                  "443"
                ],
                "protocol": "tcp"
              }
            ],
            "creation_timestamp": "2024-07-08T13:14:04.688-07:00",
            "deny": [],
            "description": "",
            "destination_ranges": [],
            "direction": "INGRESS",
            "disabled": false,
            "enable_logging": null,
            "id": "projects/ctp-prj-1/global/firewalls/allow-lb-health-checks",
            "log_config": [],
            "name": "allow-lb-health-checks",
            "network": "https://www.googleapis.com/compute/v1/projects/ctp-prj-1/global/networks/vpc-001",
            "priority": 1000,
            "project": "ctp-prj-1",
            "self_link": "https://www.googleapis.com/compute/v1/projects/ctp-prj-1/global/firewalls/allow-lb-health-checks",
            "source_ranges": [
              "130.211.0.0/22",
              "35.191.0.0/16"
            ],
            "source_service_accounts": null,
            "source_tags": null,
            "target_service_accounts": null,
            "target_tags": [
              "allow-health-check"
            ],
            "timeouts": null
          },
          "sensitive_attributes": [],
          "private": "eyJlMmJmYjczMC1lY2FhLTExZTYtOGY4OC0zNDM2M2JjN2M0YzAiOnsiY3JlYXRlIjoxMjAwMDAwMDAwMDAwLCJkZWxldGUiOjEyMDAwMDAwMDAwMDAsInVwZGF0ZSI6MTIwMDAwMDAwMDAwMH0sInNjaGVtYV92ZXJzaW9uIjoiMSJ9",
          "dependencies": [
            "google_compute_network.vpc_network"
          ]
        }
      ]
    },
    {
      "mode": "managed",
      "type": "google_compute_firewall",
      "name": "https_firewall",
      "provider": "provider[\"registry.terraform.io/hashicorp/google\"]",
      "instances": [
        {
          "schema_version": 1,
          "attributes": {
            "allow": [
              {
                "ports": [
                  "443"
                ],
                "protocol": "tcp"
              }
            ],
            "creation_timestamp": "2024-07-08T13:14:04.629-07:00",
            "deny": [],
            "description": "",
            "destination_ranges": [],
            "direction": "INGRESS",
            "disabled": false,
            "enable_logging": null,
            "id": "projects/ctp-prj-1/global/firewalls/https-firewall",
            "log_config": [],
            "name": "https-firewall",
            "network": "https://www.googleapis.com/compute/v1/projects/ctp-prj-1/global/networks/vpc-001",
            "priority": 1000,
            "project": "ctp-prj-1",
            "self_link": "https://www.googleapis.com/compute/v1/projects/ctp-prj-1/global/firewalls/https-firewall",
            "source_ranges": [
              "0.0.0.0/0"
            ],
            "source_service_accounts": null,
            "source_tags": null,
            "target_service_accounts": null,
            "target_tags": null,
            "timeouts": null
          },
          "sensitive_attributes": [],
          "private": "eyJlMmJmYjczMC1lY2FhLTExZTYtOGY4OC0zNDM2M2JjN2M0YzAiOnsiY3JlYXRlIjoxMjAwMDAwMDAwMDAwLCJkZWxldGUiOjEyMDAwMDAwMDAwMDAsInVwZGF0ZSI6MTIwMDAwMDAwMDAwMH0sInNjaGVtYV92ZXJzaW9uIjoiMSJ9",
          "dependencies": [
            "google_compute_network.vpc_network"
          ]
        }
      ]
    },
    {
      "mode": "managed",
      "type": "google_compute_firewall",
      "name": "priority100",
      "provider": "provider[\"registry.terraform.io/hashicorp/google\"]",
      "instances": [
        {
          "schema_version": 1,
          "attributes": {
            "allow": [
              {
                "ports": [
                  "22",
                  "80",
                  "443"
                ],
                "protocol": "tcp"
              }
            ],
            "creation_timestamp": "2024-07-08T13:14:04.804-07:00",
            "deny": [],
            "description": "",
            "destination_ranges": [],
            "direction": "INGRESS",
            "disabled": false,
            "enable_logging": null,
            "id": "projects/ctp-prj-1/global/firewalls/priority100",
            "log_config": [],
            "name": "priority100",
            "network": "https://www.googleapis.com/compute/v1/projects/ctp-prj-1/global/networks/vpc-001",
            "priority": 1000,
            "project": "ctp-prj-1",
            "self_link": "https://www.googleapis.com/compute/v1/projects/ctp-prj-1/global/firewalls/priority100",
            "source_ranges": [
              "0.0.0.0/0"
            ],
            "source_service_accounts": null,
            "source_tags": null,
            "target_service_accounts": null,
            "target_tags": null,
            "timeouts": null
          },
          "sensitive_attributes": [],
          "private": "eyJlMmJmYjczMC1lY2FhLTExZTYtOGY4OC0zNDM2M2JjN2M0YzAiOnsiY3JlYXRlIjoxMjAwMDAwMDAwMDAwLCJkZWxldGUiOjEyMDAwMDAwMDAwMDAsInVwZGF0ZSI6MTIwMDAwMDAwMDAwMH0sInNjaGVtYV92ZXJzaW9uIjoiMSJ9",
          "dependencies": [
            "google_compute_network.vpc_network"
          ]
        }
      ]
    },
    {
      "mode": "managed",
      "type": "google_compute_forwarding_rule",
      "name": "esp_forwarding_rule",
      "provider": "provider[\"registry.terraform.io/hashicorp/google\"]",
      "instances": [
        {
          "schema_version": 0,
          "attributes": {
            "all_ports": false,
            "allow_global_access": false,
            "allow_psc_global_access": false,
            "backend_service": "",
            "base_forwarding_rule": "",
            "creation_timestamp": "2024-07-08T13:14:15.385-07:00",
            "description": "",
            "effective_labels": {},
            "id": "projects/ctp-prj-1/regions/us-central1/forwardingRules/esp-forwarding-rule",
            "ip_address": "35.224.60.218",
            "ip_protocol": "ESP",
            "ip_version": "",
            "is_mirroring_collector": false,
            "label_fingerprint": "42WmSpB8rSM=",
            "labels": null,
            "load_balancing_scheme": "EXTERNAL",
            "name": "esp-forwarding-rule",
            "network": "",
            "network_tier": "PREMIUM",
            "no_automate_dns_zone": null,
            "port_range": "",
            "ports": null,
            "project": "ctp-prj-1",
            "psc_connection_id": "",
            "psc_connection_status": "",
            "recreate_closed_psc": false,
            "region": "us-central1",
            "self_link": "https://www.googleapis.com/compute/v1/projects/ctp-prj-1/regions/us-central1/forwardingRules/esp-forwarding-rule",
            "service_directory_registrations": [],
            "service_label": "",
            "service_name": "",
            "source_ip_ranges": null,
            "subnetwork": "",
            "target": "https://www.googleapis.com/compute/v1/projects/ctp-prj-1/regions/us-central1/targetVpnGateways/ctp-vpn-us",
            "terraform_labels": {},
            "timeouts": null
          },
          "sensitive_attributes": [],
          "private": "eyJlMmJmYjczMC1lY2FhLTExZTYtOGY4OC0zNDM2M2JjN2M0YzAiOnsiY3JlYXRlIjoxMjAwMDAwMDAwMDAwLCJkZWxldGUiOjEyMDAwMDAwMDAwMDAsInVwZGF0ZSI6MTIwMDAwMDAwMDAwMH19",
          "dependencies": [
            "google_compute_address.vpn_gateway_ip",
            "google_compute_network.vpc_network",
            "google_compute_vpn_gateway.vpn_gateway"
          ],
          "create_before_destroy": true
        }
      ]
    },
    {
      "mode": "managed",
      "type": "google_compute_forwarding_rule",
      "name": "udp4500_forwarding_rule",
      "provider": "provider[\"registry.terraform.io/hashicorp/google\"]",
      "instances": [
        {
          "schema_version": 0,
          "attributes": {
            "all_ports": false,
            "allow_global_access": false,
            "allow_psc_global_access": false,
            "backend_service": "",
            "base_forwarding_rule": "",
            "creation_timestamp": "2024-07-08T13:14:16.350-07:00",
            "description": "",
            "effective_labels": {},
            "id": "projects/ctp-prj-1/regions/us-central1/forwardingRules/udp4500-forwarding-rule",
            "ip_address": "35.224.60.218",
            "ip_protocol": "UDP",
            "ip_version": "",
            "is_mirroring_collector": false,
            "label_fingerprint": "42WmSpB8rSM=",
            "labels": null,
            "load_balancing_scheme": "EXTERNAL",
            "name": "udp4500-forwarding-rule",
            "network": "",
            "network_tier": "PREMIUM",
            "no_automate_dns_zone": null,
            "port_range": "4500-4500",
            "ports": null,
            "project": "ctp-prj-1",
            "psc_connection_id": "",
            "psc_connection_status": "",
            "recreate_closed_psc": false,
            "region": "us-central1",
            "self_link": "https://www.googleapis.com/compute/v1/projects/ctp-prj-1/regions/us-central1/forwardingRules/udp4500-forwarding-rule",
            "service_directory_registrations": [],
            "service_label": "",
            "service_name": "",
            "source_ip_ranges": null,
            "subnetwork": "",
            "target": "https://www.googleapis.com/compute/v1/projects/ctp-prj-1/regions/us-central1/targetVpnGateways/ctp-vpn-us",
            "terraform_labels": {},
            "timeouts": null
          },
          "sensitive_attributes": [],
          "private": "eyJlMmJmYjczMC1lY2FhLTExZTYtOGY4OC0zNDM2M2JjN2M0YzAiOnsiY3JlYXRlIjoxMjAwMDAwMDAwMDAwLCJkZWxldGUiOjEyMDAwMDAwMDAwMDAsInVwZGF0ZSI6MTIwMDAwMDAwMDAwMH19",
          "dependencies": [
            "google_compute_address.vpn_gateway_ip",
            "google_compute_network.vpc_network",
            "google_compute_vpn_gateway.vpn_gateway"
          ],
          "create_before_destroy": true
        }
      ]
    },
    {
      "mode": "managed",
      "type": "google_compute_forwarding_rule",
      "name": "udp500_forwarding_rule",
      "provider": "provider[\"registry.terraform.io/hashicorp/google\"]",
      "instances": [
        {
          "schema_version": 0,
          "attributes": {
            "all_ports": false,
            "allow_global_access": false,
            "allow_psc_global_access": false,
            "backend_service": "",
            "base_forwarding_rule": "",
            "creation_timestamp": "2024-07-08T13:14:15.492-07:00",
            "description": "",
            "effective_labels": {},
            "id": "projects/ctp-prj-1/regions/us-central1/forwardingRules/udp500-forwarding-rule",
            "ip_address": "35.224.60.218",
            "ip_protocol": "UDP",
            "ip_version": "",
            "is_mirroring_collector": false,
            "label_fingerprint": "42WmSpB8rSM=",
            "labels": null,
            "load_balancing_scheme": "EXTERNAL",
            "name": "udp500-forwarding-rule",
            "network": "",
            "network_tier": "PREMIUM",
            "no_automate_dns_zone": null,
            "port_range": "500-500",
            "ports": null,
            "project": "ctp-prj-1",
            "psc_connection_id": "",
            "psc_connection_status": "",
            "recreate_closed_psc": false,
            "region": "us-central1",
            "self_link": "https://www.googleapis.com/compute/v1/projects/ctp-prj-1/regions/us-central1/forwardingRules/udp500-forwarding-rule",
            "service_directory_registrations": [],
            "service_label": "",
            "service_name": "",
            "source_ip_ranges": null,
            "subnetwork": "",
            "target": "https://www.googleapis.com/compute/v1/projects/ctp-prj-1/regions/us-central1/targetVpnGateways/ctp-vpn-us",
            "terraform_labels": {},
            "timeouts": null
          },
          "sensitive_attributes": [],
          "private": "eyJlMmJmYjczMC1lY2FhLTExZTYtOGY4OC0zNDM2M2JjN2M0YzAiOnsiY3JlYXRlIjoxMjAwMDAwMDAwMDAwLCJkZWxldGUiOjEyMDAwMDAwMDAwMDAsInVwZGF0ZSI6MTIwMDAwMDAwMDAwMH19",
          "dependencies": [
            "google_compute_address.vpn_gateway_ip",
            "google_compute_network.vpc_network",
            "google_compute_vpn_gateway.vpn_gateway"
          ],
          "create_before_destroy": true
        }
      ]
    },
    {
      "mode": "managed",
      "type": "google_compute_global_address",
      "name": "default",
      "provider": "provider[\"registry.terraform.io/hashicorp/google\"]",
      "instances": [
        {
          "schema_version": 0,
          "attributes": {
            "address": "34.54.126.155",
            "address_type": "EXTERNAL",
            "creation_timestamp": "2024-07-08T13:13:32.372-07:00",
            "description": "",
            "id": "projects/ctp-prj-1/global/addresses/global-address",
            "ip_version": "",
            "name": "global-address",
            "network": "",
            "prefix_length": 0,
            "project": "ctp-prj-1",
            "purpose": "",
            "self_link": "https://www.googleapis.com/compute/v1/projects/ctp-prj-1/global/addresses/global-address",
            "timeouts": null
          },
          "sensitive_attributes": [],
          "private": "eyJlMmJmYjczMC1lY2FhLTExZTYtOGY4OC0zNDM2M2JjN2M0YzAiOnsiY3JlYXRlIjoxMjAwMDAwMDAwMDAwLCJkZWxldGUiOjEyMDAwMDAwMDAwMDB9fQ=="
        }
      ]
    },
    {
      "mode": "managed",
      "type": "google_compute_global_forwarding_rule",
      "name": "default",
      "provider": "provider[\"registry.terraform.io/hashicorp/google\"]",
      "instances": [
        {
          "schema_version": 0,
          "attributes": {
            "base_forwarding_rule": "",
            "description": "",
            "effective_labels": {},
            "id": "projects/ctp-prj-1/global/forwardingRules/http-rule",
            "ip_address": "34.54.126.155",
            "ip_protocol": "TCP",
            "ip_version": "",
            "label_fingerprint": "42WmSpB8rSM=",
            "labels": null,
            "load_balancing_scheme": "EXTERNAL",
            "metadata_filters": [],
            "name": "http-rule",
            "network": "",
            "no_automate_dns_zone": null,
            "port_range": "80-80",
            "project": "ctp-prj-1",
            "psc_connection_id": "",
            "psc_connection_status": "",
            "self_link": "https://www.googleapis.com/compute/v1/projects/ctp-prj-1/global/forwardingRules/http-rule",
            "service_directory_registrations": [],
            "source_ip_ranges": null,
            "subnetwork": "",
            "target": "https://www.googleapis.com/compute/v1/projects/ctp-prj-1/global/targetHttpProxies/http-proxy",
            "terraform_labels": {},
            "timeouts": null
          },
          "sensitive_attributes": [],
          "private": "eyJlMmJmYjczMC1lY2FhLTExZTYtOGY4OC0zNDM2M2JjN2M0YzAiOnsiY3JlYXRlIjoxMjAwMDAwMDAwMDAwLCJkZWxldGUiOjEyMDAwMDAwMDAwMDAsInVwZGF0ZSI6MTIwMDAwMDAwMDAwMH19",
          "dependencies": [
            "data.google_compute_image.debian",
            "google_compute_backend_service.default",
            "google_compute_global_address.default",
            "google_compute_http_health_check.default",
            "google_compute_instance_group_manager.webservers",
            "google_compute_instance_template.instance_template",
            "google_compute_network.vpc_network",
            "google_compute_subnetwork.subnetwork",
            "google_compute_target_http_proxy.default",
            "google_compute_url_map.default"
          ]
        }
      ]
    },
    {
      "mode": "managed",
      "type": "google_compute_http_health_check",
      "name": "default",
      "provider": "provider[\"registry.terraform.io/hashicorp/google\"]",
      "instances": [
        {
          "schema_version": 0,
          "attributes": {
            "check_interval_sec": 5,
            "creation_timestamp": "2024-07-08T13:13:32.340-07:00",
            "description": "",
            "healthy_threshold": 2,
            "host": "",
            "id": "projects/ctp-prj-1/global/httpHealthChecks/http-basic-check",
            "name": "http-basic-check",
            "port": 80,
            "project": "ctp-prj-1",
            "request_path": "/",
            "self_link": "https://www.googleapis.com/compute/v1/projects/ctp-prj-1/global/httpHealthChecks/http-basic-check",
            "timeout_sec": 5,
            "timeouts": null,
            "unhealthy_threshold": 2
          },
          "sensitive_attributes": [],
          "private": "eyJlMmJmYjczMC1lY2FhLTExZTYtOGY4OC0zNDM2M2JjN2M0YzAiOnsiY3JlYXRlIjoxMjAwMDAwMDAwMDAwLCJkZWxldGUiOjEyMDAwMDAwMDAwMDAsInVwZGF0ZSI6MTIwMDAwMDAwMDAwMH19"
        }
      ]
    },
    {
      "mode": "managed",
      "type": "google_compute_instance_group_manager",
      "name": "webservers",
      "provider": "provider[\"registry.terraform.io/hashicorp/google\"]",
      "instances": [
        {
          "schema_version": 0,
          "attributes": {
            "all_instances_config": [],
            "auto_healing_policies": [
              {
                "health_check": "https://www.googleapis.com/compute/v1/projects/ctp-prj-1/global/httpHealthChecks/http-basic-check",
                "initial_delay_sec": 300
              }
            ],
            "base_instance_name": "web-server",
            "creation_timestamp": "2024-07-08T13:14:37.905-07:00",
            "description": "",
            "fingerprint": "FjqySRwZ3B8=",
            "id": "projects/ctp-prj-1/zones/us-central1-a/instanceGroupManagers/web-server-group",
            "instance_group": "https://www.googleapis.com/compute/v1/projects/ctp-prj-1/zones/us-central1-a/instanceGroups/web-server-group",
            "instance_lifecycle_policy": [
              {
                "default_action_on_failure": "REPAIR",
                "force_update_on_repair": "NO"
              }
            ],
            "list_managed_instances_results": "PAGELESS",
            "name": "web-server-group",
            "named_port": [
              {
                "name": "http",
                "port": 80
              }
            ],
            "operation": null,
            "project": "ctp-prj-1",
            "self_link": "https://www.googleapis.com/compute/v1/projects/ctp-prj-1/zones/us-central1-a/instanceGroupManagers/web-server-group",
            "stateful_disk": [],
            "stateful_external_ip": [],
            "stateful_internal_ip": [],
            "status": [
              {
                "all_instances_config": [
                  {
                    "current_revision": "",
                    "effective": true
                  }
                ],
                "is_stable": false,
                "stateful": [
                  {
                    "has_stateful_config": false,
                    "per_instance_configs": [
                      {
                        "all_effective": true
                      }
                    ]
                  }
                ],
                "version_target": [
                  {
                    "is_reached": true
                  }
                ]
              }
            ],
            "target_pools": null,
            "target_size": 3,
            "timeouts": null,
            "update_policy": [
              {
                "max_surge_fixed": 1,
                "max_surge_percent": 0,
                "max_unavailable_fixed": 1,
                "max_unavailable_percent": 0,
                "minimal_action": "REPLACE",
                "most_disruptive_allowed_action": "",
                "replacement_method": "SUBSTITUTE",
                "type": "OPPORTUNISTIC"
              }
            ],
            "version": [
              {
                "instance_template": "https://www.googleapis.com/compute/v1/projects/ctp-prj-1/global/instanceTemplates/web-instance-template-20240708201425335100000001",
                "name": "",
                "target_size": []
              }
            ],
            "wait_for_instances": false,
            "wait_for_instances_status": "STABLE",
            "zone": "us-central1-a"
          },
          "sensitive_attributes": [],
          "private": "eyJlMmJmYjczMC1lY2FhLTExZTYtOGY4OC0zNDM2M2JjN2M0YzAiOnsiY3JlYXRlIjo5MDAwMDAwMDAwMDAsImRlbGV0ZSI6OTAwMDAwMDAwMDAwLCJ1cGRhdGUiOjkwMDAwMDAwMDAwMH19",
          "dependencies": [
            "data.google_compute_image.debian",
            "google_compute_http_health_check.default",
            "google_compute_instance_template.instance_template",
            "google_compute_network.vpc_network",
            "google_compute_subnetwork.subnetwork"
          ]
        }
      ]
    },
    {
      "mode": "managed",
      "type": "google_compute_instance_template",
      "name": "instance_template",
      "provider": "provider[\"registry.terraform.io/hashicorp/google\"]",
      "instances": [
        {
          "schema_version": 1,
          "attributes": {
            "advanced_machine_features": [],
            "can_ip_forward": false,
            "confidential_instance_config": null,
            "description": "",
            "disk": [
              {
                "auto_delete": true,
                "boot": true,
                "device_name": "persistent-disk-0",
                "disk_encryption_key": [],
                "disk_name": "",
                "disk_size_gb": 0,
                "disk_type": "pd-standard",
                "interface": "SCSI",
                "labels": null,
                "mode": "READ_WRITE",
                "provisioned_iops": 0,
                "resource_manager_tags": null,
                "resource_policies": null,
                "source": "",
                "source_image": "projects/debian-cloud/global/images/debian-11-bullseye-v20240611",
                "source_image_encryption_key": [],
                "source_snapshot": "",
                "source_snapshot_encryption_key": [],
                "type": "PERSISTENT"
              }
            ],
            "effective_labels": {},
            "guest_accelerator": [],
            "id": "projects/ctp-prj-1/global/instanceTemplates/web-instance-template-20240708201425335100000001",
            "instance_description": "",
            "labels": null,
            "machine_type": "n1-standard-4",
            "metadata": {
              "enable-oslogin": "TRUE",
              "startup-script": "sudo apt-get install -y google-osconfig-agent"
            },
            "metadata_fingerprint": "ShhQ-Cp9Mz4=",
            "metadata_startup_script": null,
            "min_cpu_platform": "",
            "name": "web-instance-template-20240708201425335100000001",
            "name_prefix": "web-instance-template-",
            "network_interface": [
              {
                "access_config": [
                  {
                    "nat_ip": "",
                    "network_tier": "PREMIUM",
                    "public_ptr_domain_name": ""
                  }
                ],
                "alias_ip_range": [],
                "internal_ipv6_prefix_length": 0,
                "ipv6_access_config": [],
                "ipv6_access_type": "",
                "ipv6_address": "",
                "name": "nic0",
                "network": "https://www.googleapis.com/compute/v1/projects/ctp-prj-1/global/networks/vpc-001",
                "network_ip": "",
                "nic_type": "",
                "queue_count": 0,
                "stack_type": "",
                "subnetwork": "https://www.googleapis.com/compute/v1/projects/ctp-prj-1/regions/us-central1/subnetworks/subnet-001",
                "subnetwork_project": "ctp-prj-1"
              }
            ],
            "network_performance_config": [],
            "project": "ctp-prj-1",
            "region": "us-central1",
            "reservation_affinity": [],
            "resource_manager_tags": null,
            "resource_policies": null,
            "scheduling": [
              {
                "automatic_restart": true,
                "instance_termination_action": "",
                "local_ssd_recovery_timeout": [],
                "min_node_cpus": 0,
                "node_affinities": [],
                "on_host_maintenance": "MIGRATE",
                "preemptible": false,
                "provisioning_model": "STANDARD"
              }
            ],
            "self_link": "https://www.googleapis.com/compute/v1/projects/ctp-prj-1/global/instanceTemplates/web-instance-template-20240708201425335100000001",
            "self_link_unique": "https://www.googleapis.com/compute/v1/projects/ctp-prj-1/global/instanceTemplates/web-instance-template-20240708201425335100000001?uniqueId=3169088798363612750",
            "service_account": [],
            "shielded_instance_config": [],
            "tags": null,
            "tags_fingerprint": "",
            "terraform_labels": {},
            "timeouts": null
          },
          "sensitive_attributes": [],
          "private": "eyJlMmJmYjczMC1lY2FhLTExZTYtOGY4OC0zNDM2M2JjN2M0YzAiOnsiY3JlYXRlIjoyNDAwMDAwMDAwMDAsImRlbGV0ZSI6MjQwMDAwMDAwMDAwfSwic2NoZW1hX3ZlcnNpb24iOiIxIn0=",
          "dependencies": [
            "data.google_compute_image.debian",
            "google_compute_network.vpc_network",
            "google_compute_subnetwork.subnetwork"
          ]
        }
      ]
    },
    {
      "mode": "managed",
      "type": "google_compute_network",
      "name": "vpc_network",
      "provider": "provider[\"registry.terraform.io/hashicorp/google\"]",
      "instances": [
        {
          "schema_version": 0,
          "attributes": {
            "auto_create_subnetworks": true,
            "delete_default_routes_on_create": false,
            "description": "",
            "enable_ula_internal_ipv6": false,
            "gateway_ipv4": "",
            "id": "projects/ctp-prj-1/global/networks/vpc-001",
            "internal_ipv6_range": "",
            "mtu": 0,
            "name": "vpc-001",
            "network_firewall_policy_enforcement_order": "AFTER_CLASSIC_FIREWALL",
            "numeric_id": "106277809187583618",
            "project": "ctp-prj-1",
            "routing_mode": "REGIONAL",
            "self_link": "https://www.googleapis.com/compute/v1/projects/ctp-prj-1/global/networks/vpc-001",
            "timeouts": null
          },
          "sensitive_attributes": [],
          "private": "eyJlMmJmYjczMC1lY2FhLTExZTYtOGY4OC0zNDM2M2JjN2M0YzAiOnsiY3JlYXRlIjoxMjAwMDAwMDAwMDAwLCJkZWxldGUiOjEyMDAwMDAwMDAwMDAsInVwZGF0ZSI6MTIwMDAwMDAwMDAwMH19",
          "create_before_destroy": true
        }
      ]
    },
    {
      "mode": "managed",
      "type": "google_compute_node_group",
      "name": "node_group",
      "provider": "provider[\"registry.terraform.io/hashicorp/google\"]",
      "instances": [
        {
          "schema_version": 0,
          "attributes": {
            "autoscaling_policy": [
              {
                "max_nodes": 0,
                "min_nodes": 0,
                "mode": "OFF"
              }
            ],
            "creation_timestamp": "2024-07-08T13:13:43.469-07:00",
            "description": "",
            "id": "projects/ctp-prj-1/zones/us-central1-a/nodeGroups/node-group",
            "initial_size": 1,
            "maintenance_policy": "DEFAULT",
            "maintenance_window": [],
            "name": "node-group",
            "node_template": "https://www.googleapis.com/compute/v1/projects/ctp-prj-1/regions/us-central1/nodeTemplates/node-template",
            "project": "ctp-prj-1",
            "self_link": "https://www.googleapis.com/compute/v1/projects/ctp-prj-1/zones/us-central1-a/nodeGroups/node-group",
            "share_settings": [
              {
                "project_map": [],
                "share_type": "LOCAL"
              }
            ],
            "size": 1,
            "timeouts": null,
            "zone": "us-central1-a"
          },
          "sensitive_attributes": [],
          "private": "eyJlMmJmYjczMC1lY2FhLTExZTYtOGY4OC0zNDM2M2JjN2M0YzAiOnsiY3JlYXRlIjoxMjAwMDAwMDAwMDAwLCJkZWxldGUiOjEyMDAwMDAwMDAwMDAsInVwZGF0ZSI6MTIwMDAwMDAwMDAwMH19",
          "dependencies": [
            "google_compute_node_template.node_template"
          ]
        }
      ]
    },
    {
      "mode": "managed",
      "type": "google_compute_node_template",
      "name": "node_template",
      "provider": "provider[\"registry.terraform.io/hashicorp/google\"]",
      "instances": [
        {
          "schema_version": 0,
          "attributes": {
            "cpu_overcommit_type": "NONE",
            "creation_timestamp": "2024-07-08T13:13:32.457-07:00",
            "description": "Sole-tenant node template",
            "id": "projects/ctp-prj-1/regions/us-central1/nodeTemplates/node-template",
            "name": "node-template",
            "node_affinity_labels": {
              "environment": "production"
            },
            "node_type": "n1-node-96-624",
            "node_type_flexibility": [],
            "project": "ctp-prj-1",
            "region": "us-central1",
            "self_link": "https://www.googleapis.com/compute/v1/projects/ctp-prj-1/regions/us-central1/nodeTemplates/node-template",
            "server_binding": [
              {
                "type": "RESTART_NODE_ON_ANY_SERVER"
              }
            ],
            "timeouts": null
          },
          "sensitive_attributes": [],
          "private": "eyJlMmJmYjczMC1lY2FhLTExZTYtOGY4OC0zNDM2M2JjN2M0YzAiOnsiY3JlYXRlIjoxMjAwMDAwMDAwMDAwLCJkZWxldGUiOjEyMDAwMDAwMDAwMDB9fQ=="
        }
      ]
    },
    {
      "mode": "managed",
      "type": "google_compute_region_disk",
      "name": "storage_pool",
      "provider": "provider[\"registry.terraform.io/hashicorp/google\"]",
      "instances": [
        {
          "index_key": 0,
          "schema_version": 0,
          "attributes": {
            "async_primary_disk": [],
            "creation_timestamp": "2024-07-08T13:13:32.484-07:00",
            "description": "",
            "disk_encryption_key": [],
            "effective_labels": {},
            "guest_os_features": [],
            "id": "projects/ctp-prj-1/regions/us-central1/disks/storage-pool-0",
            "label_fingerprint": "42WmSpB8rSM=",
            "labels": null,
            "last_attach_timestamp": "",
            "last_detach_timestamp": "",
            "licenses": [],
            "name": "storage-pool-0",
            "physical_block_size_bytes": 4096,
            "project": "ctp-prj-1",
            "region": "us-central1",
            "replica_zones": [
              "https://www.googleapis.com/compute/v1/projects/ctp-prj-1/zones/us-central1-a",
              "https://www.googleapis.com/compute/v1/projects/ctp-prj-1/zones/us-central1-b"
            ],
            "self_link": "https://www.googleapis.com/compute/v1/projects/ctp-prj-1/regions/us-central1/disks/storage-pool-0",
            "size": 500,
            "snapshot": "",
            "source_disk": "",
            "source_disk_id": "",
            "source_snapshot_encryption_key": [],
            "source_snapshot_id": "",
            "terraform_labels": {},
            "timeouts": null,
            "type": "pd-standard",
            "users": []
          },
          "sensitive_attributes": [],
          "private": "eyJlMmJmYjczMC1lY2FhLTExZTYtOGY4OC0zNDM2M2JjN2M0YzAiOnsiY3JlYXRlIjoxMjAwMDAwMDAwMDAwLCJkZWxldGUiOjEyMDAwMDAwMDAwMDAsInVwZGF0ZSI6MTIwMDAwMDAwMDAwMH19"
        },
        {
          "index_key": 1,
          "schema_version": 0,
          "attributes": {
            "async_primary_disk": [],
            "creation_timestamp": "2024-07-08T13:13:32.481-07:00",
            "description": "",
            "disk_encryption_key": [],
            "effective_labels": {},
            "guest_os_features": [],
            "id": "projects/ctp-prj-1/regions/us-central1/disks/storage-pool-1",
            "label_fingerprint": "42WmSpB8rSM=",
            "labels": null,
            "last_attach_timestamp": "",
            "last_detach_timestamp": "",
            "licenses": [],
            "name": "storage-pool-1",
            "physical_block_size_bytes": 4096,
            "project": "ctp-prj-1",
            "region": "us-central1",
            "replica_zones": [
              "https://www.googleapis.com/compute/v1/projects/ctp-prj-1/zones/us-central1-a",
              "https://www.googleapis.com/compute/v1/projects/ctp-prj-1/zones/us-central1-b"
            ],
            "self_link": "https://www.googleapis.com/compute/v1/projects/ctp-prj-1/regions/us-central1/disks/storage-pool-1",
            "size": 500,
            "snapshot": "",
            "source_disk": "",
            "source_disk_id": "",
            "source_snapshot_encryption_key": [],
            "source_snapshot_id": "",
            "terraform_labels": {},
            "timeouts": null,
            "type": "pd-standard",
            "users": []
          },
          "sensitive_attributes": [],
          "private": "eyJlMmJmYjczMC1lY2FhLTExZTYtOGY4OC0zNDM2M2JjN2M0YzAiOnsiY3JlYXRlIjoxMjAwMDAwMDAwMDAwLCJkZWxldGUiOjEyMDAwMDAwMDAwMDAsInVwZGF0ZSI6MTIwMDAwMDAwMDAwMH19"
        },
        {
          "index_key": 2,
          "schema_version": 0,
          "attributes": {
            "async_primary_disk": [],
            "creation_timestamp": "2024-07-08T13:13:43.402-07:00",
            "description": "",
            "disk_encryption_key": [],
            "effective_labels": {},
            "guest_os_features": [],
            "id": "projects/ctp-prj-1/regions/us-central1/disks/storage-pool-2",
            "label_fingerprint": "42WmSpB8rSM=",
            "labels": null,
            "last_attach_timestamp": "",
            "last_detach_timestamp": "",
            "licenses": [],
            "name": "storage-pool-2",
            "physical_block_size_bytes": 4096,
            "project": "ctp-prj-1",
            "region": "us-central1",
            "replica_zones": [
              "https://www.googleapis.com/compute/v1/projects/ctp-prj-1/zones/us-central1-a",
              "https://www.googleapis.com/compute/v1/projects/ctp-prj-1/zones/us-central1-b"
            ],
            "self_link": "https://www.googleapis.com/compute/v1/projects/ctp-prj-1/regions/us-central1/disks/storage-pool-2",
            "size": 500,
            "snapshot": "",
            "source_disk": "",
            "source_disk_id": "",
            "source_snapshot_encryption_key": [],
            "source_snapshot_id": "",
            "terraform_labels": {},
            "timeouts": null,
            "type": "pd-standard",
            "users": []
          },
          "sensitive_attributes": [],
          "private": "eyJlMmJmYjczMC1lY2FhLTExZTYtOGY4OC0zNDM2M2JjN2M0YzAiOnsiY3JlYXRlIjoxMjAwMDAwMDAwMDAwLCJkZWxldGUiOjEyMDAwMDAwMDAwMDAsInVwZGF0ZSI6MTIwMDAwMDAwMDAwMH19"
        }
      ]
    },
    {
      "mode": "managed",
      "type": "google_compute_resource_policy",
      "name": "snapshot_policy",
      "provider": "provider[\"registry.terraform.io/hashicorp/google\"]",
      "instances": [
        {
          "schema_version": 0,
          "attributes": {
            "description": "",
            "disk_consistency_group_policy": [],
            "group_placement_policy": [],
            "id": "projects/ctp-prj-1/regions/us-central1/resourcePolicies/daily-snapshot-policy",
            "instance_schedule_policy": [],
            "name": "daily-snapshot-policy",
            "project": "ctp-prj-1",
            "region": "us-central1",
            "self_link": "https://www.googleapis.com/compute/v1/projects/ctp-prj-1/regions/us-central1/resourcePolicies/daily-snapshot-policy",
            "snapshot_schedule_policy": [
              {
                "retention_policy": [
                  {
                    "max_retention_days": 7,
                    "on_source_disk_delete": "KEEP_AUTO_SNAPSHOTS"
                  }
                ],
                "schedule": [
                  {
                    "daily_schedule": [
                      {
                        "days_in_cycle": 1,
                        "start_time": "03:00"
                      }
                    ],
                    "hourly_schedule": [],
                    "weekly_schedule": []
                  }
                ],
                "snapshot_properties": []
              }
            ],
            "timeouts": null
          },
          "sensitive_attributes": [],
          "private": "eyJlMmJmYjczMC1lY2FhLTExZTYtOGY4OC0zNDM2M2JjN2M0YzAiOnsiY3JlYXRlIjoxMjAwMDAwMDAwMDAwLCJkZWxldGUiOjEyMDAwMDAwMDAwMDB9fQ=="
        }
      ]
    },
    {
      "mode": "managed",
      "type": "google_compute_snapshot",
      "name": "example_snapshot",
      "provider": "provider[\"registry.terraform.io/hashicorp/google\"]",
      "instances": [
        {
          "schema_version": 0,
          "attributes": {
            "chain_name": "",
            "creation_timestamp": "2024-07-08T13:13:43.827-07:00",
            "description": "",
            "disk_size_gb": 200,
            "effective_labels": {},
            "id": "projects/ctp-prj-1/global/snapshots/example-snapshot",
            "label_fingerprint": "42WmSpB8rSM=",
            "labels": null,
            "licenses": [],
            "name": "example-snapshot",
            "project": "ctp-prj-1",
            "self_link": "https://www.googleapis.com/compute/v1/projects/ctp-prj-1/global/snapshots/example-snapshot",
            "snapshot_encryption_key": [],
            "snapshot_id": 6266965863344240280,
            "source_disk": "https://www.googleapis.com/compute/v1/projects/ctp-prj-1/zones/us-central1-a/disks/example-disk",
            "source_disk_encryption_key": [],
            "storage_bytes": 0,
            "storage_locations": [
              "us"
            ],
            "terraform_labels": {},
            "timeouts": null,
            "zone": "us-central1-a"
          },
          "sensitive_attributes": [],
          "private": "eyJlMmJmYjczMC1lY2FhLTExZTYtOGY4OC0zNDM2M2JjN2M0YzAiOnsiY3JlYXRlIjoxMjAwMDAwMDAwMDAwLCJkZWxldGUiOjEyMDAwMDAwMDAwMDAsInVwZGF0ZSI6MTIwMDAwMDAwMDAwMH19",
          "dependencies": [
            "google_compute_disk.example_disk"
          ]
        }
      ]
    },
    {
      "mode": "managed",
      "type": "google_compute_snapshot",
      "name": "instance_1_disk_snapshot",
      "provider": "provider[\"registry.terraform.io/hashicorp/google\"]",
      "instances": [
        {
          "index_key": "instance-1-disk-1",
          "schema_version": 0,
          "attributes": {
            "chain_name": "",
            "creation_timestamp": "2024-07-08T13:13:54.468-07:00",
            "description": "",
            "disk_size_gb": 200,
            "effective_labels": {},
            "id": "projects/ctp-prj-1/global/snapshots/instance-1-disk-1-snapshot",
            "label_fingerprint": "42WmSpB8rSM=",
            "labels": null,
            "licenses": [],
            "name": "instance-1-disk-1-snapshot",
            "project": "ctp-prj-1",
            "self_link": "https://www.googleapis.com/compute/v1/projects/ctp-prj-1/global/snapshots/instance-1-disk-1-snapshot",
            "snapshot_encryption_key": [],
            "snapshot_id": 4861923894356997741,
            "source_disk": "https://www.googleapis.com/compute/v1/projects/ctp-prj-1/zones/us-central1-a/disks/instance-1-disk-1",
            "source_disk_encryption_key": [],
            "storage_bytes": 0,
            "storage_locations": [
              "us"
            ],
            "terraform_labels": {},
            "timeouts": null,
            "zone": "us-central1-a"
          },
          "sensitive_attributes": [],
          "private": "eyJlMmJmYjczMC1lY2FhLTExZTYtOGY4OC0zNDM2M2JjN2M0YzAiOnsiY3JlYXRlIjoxMjAwMDAwMDAwMDAwLCJkZWxldGUiOjEyMDAwMDAwMDAwMDAsInVwZGF0ZSI6MTIwMDAwMDAwMDAwMH19",
          "dependencies": [
            "google_compute_disk.instance_1_attached_disk"
          ]
        },
        {
          "index_key": "instance-1-disk-2",
          "schema_version": 0,
          "attributes": {
            "chain_name": "",
            "creation_timestamp": "2024-07-08T13:13:54.528-07:00",
            "description": "",
            "disk_size_gb": 100,
            "effective_labels": {},
            "id": "projects/ctp-prj-1/global/snapshots/instance-1-disk-2-snapshot",
            "label_fingerprint": "42WmSpB8rSM=",
            "labels": null,
            "licenses": [],
            "name": "instance-1-disk-2-snapshot",
            "project": "ctp-prj-1",
            "self_link": "https://www.googleapis.com/compute/v1/projects/ctp-prj-1/global/snapshots/instance-1-disk-2-snapshot",
            "snapshot_encryption_key": [],
            "snapshot_id": 5278958626023798381,
            "source_disk": "https://www.googleapis.com/compute/v1/projects/ctp-prj-1/zones/us-central1-a/disks/instance-1-disk-2",
            "source_disk_encryption_key": [],
            "storage_bytes": 0,
            "storage_locations": [
              "us"
            ],
            "terraform_labels": {},
            "timeouts": null,
            "zone": "us-central1-a"
          },
          "sensitive_attributes": [],
          "private": "eyJlMmJmYjczMC1lY2FhLTExZTYtOGY4OC0zNDM2M2JjN2M0YzAiOnsiY3JlYXRlIjoxMjAwMDAwMDAwMDAwLCJkZWxldGUiOjEyMDAwMDAwMDAwMDAsInVwZGF0ZSI6MTIwMDAwMDAwMDAwMH19",
          "dependencies": [
            "google_compute_disk.instance_1_attached_disk"
          ]
        }
      ]
    },
    {
      "mode": "managed",
      "type": "google_compute_subnetwork",
      "name": "subnetwork",
      "provider": "provider[\"registry.terraform.io/hashicorp/google\"]",
      "instances": [
        {
          "schema_version": 0,
          "attributes": {
            "creation_timestamp": "2024-07-08T13:14:04.747-07:00",
            "description": "",
            "external_ipv6_prefix": "",
            "fingerprint": null,
            "gateway_address": "10.0.0.1",
            "id": "projects/ctp-prj-1/regions/us-central1/subnetworks/subnet-001",
            "internal_ipv6_prefix": "",
            "ip_cidr_range": "10.0.0.0/24",
            "ipv6_access_type": "",
            "ipv6_cidr_range": "",
            "log_config": [],
            "name": "subnet-001",
            "network": "https://www.googleapis.com/compute/v1/projects/ctp-prj-1/global/networks/vpc-001",
            "private_ip_google_access": false,
            "private_ipv6_google_access": "DISABLE_GOOGLE_ACCESS",
            "project": "ctp-prj-1",
            "purpose": "PRIVATE",
            "region": "us-central1",
            "role": "",
            "secondary_ip_range": [],
            "self_link": "https://www.googleapis.com/compute/v1/projects/ctp-prj-1/regions/us-central1/subnetworks/subnet-001",
            "stack_type": "IPV4_ONLY",
            "timeouts": null
          },
          "sensitive_attributes": [],
          "private": "eyJlMmJmYjczMC1lY2FhLTExZTYtOGY4OC0zNDM2M2JjN2M0YzAiOnsiY3JlYXRlIjoxMjAwMDAwMDAwMDAwLCJkZWxldGUiOjEyMDAwMDAwMDAwMDAsInVwZGF0ZSI6MTIwMDAwMDAwMDAwMH19",
          "dependencies": [
            "google_compute_network.vpc_network"
          ],
          "create_before_destroy": true
        }
      ]
    },
    {
      "mode": "managed",
      "type": "google_compute_target_http_proxy",
      "name": "default",
      "provider": "provider[\"registry.terraform.io/hashicorp/google\"]",
      "instances": [
        {
          "schema_version": 0,
          "attributes": {
            "creation_timestamp": "2024-07-08T13:16:01.980-07:00",
            "description": "",
            "http_keep_alive_timeout_sec": 0,
            "id": "projects/ctp-prj-1/global/targetHttpProxies/http-proxy",
            "name": "http-proxy",
            "project": "ctp-prj-1",
            "proxy_bind": false,
            "proxy_id": 3688520446629771246,
            "self_link": "https://www.googleapis.com/compute/v1/projects/ctp-prj-1/global/targetHttpProxies/http-proxy",
            "timeouts": null,
            "url_map": "https://www.googleapis.com/compute/v1/projects/ctp-prj-1/global/urlMaps/url-map"
          },
          "sensitive_attributes": [],
          "private": "eyJlMmJmYjczMC1lY2FhLTExZTYtOGY4OC0zNDM2M2JjN2M0YzAiOnsiY3JlYXRlIjoxMjAwMDAwMDAwMDAwLCJkZWxldGUiOjEyMDAwMDAwMDAwMDAsInVwZGF0ZSI6MTIwMDAwMDAwMDAwMH19",
          "dependencies": [
            "data.google_compute_image.debian",
            "google_compute_backend_service.default",
            "google_compute_http_health_check.default",
            "google_compute_instance_group_manager.webservers",
            "google_compute_instance_template.instance_template",
            "google_compute_network.vpc_network",
            "google_compute_subnetwork.subnetwork",
            "google_compute_url_map.default"
          ]
        }
      ]
    },
    {
      "mode": "managed",
      "type": "google_compute_url_map",
      "name": "default",
      "provider": "provider[\"registry.terraform.io/hashicorp/google\"]",
      "instances": [
        {
          "schema_version": 0,
          "attributes": {
            "creation_timestamp": "2024-07-08T13:15:50.855-07:00",
            "default_route_action": [],
            "default_service": "https://www.googleapis.com/compute/v1/projects/ctp-prj-1/global/backendServices/backend-service-unique",
            "default_url_redirect": [],
            "description": "",
            "fingerprint": "fHY2ZCGhNQs=",
            "header_action": [],
            "host_rule": [],
            "id": "projects/ctp-prj-1/global/urlMaps/url-map",
            "map_id": 5041573863723496985,
            "name": "url-map",
            "path_matcher": [],
            "project": "ctp-prj-1",
            "self_link": "https://www.googleapis.com/compute/v1/projects/ctp-prj-1/global/urlMaps/url-map",
            "test": [],
            "timeouts": null
          },
          "sensitive_attributes": [],
          "private": "eyJlMmJmYjczMC1lY2FhLTExZTYtOGY4OC0zNDM2M2JjN2M0YzAiOnsiY3JlYXRlIjoxMjAwMDAwMDAwMDAwLCJkZWxldGUiOjEyMDAwMDAwMDAwMDAsInVwZGF0ZSI6MTIwMDAwMDAwMDAwMH19",
          "dependencies": [
            "data.google_compute_image.debian",
            "google_compute_backend_service.default",
            "google_compute_http_health_check.default",
            "google_compute_instance_group_manager.webservers",
            "google_compute_instance_template.instance_template",
            "google_compute_network.vpc_network",
            "google_compute_subnetwork.subnetwork"
          ]
        }
      ]
    },
    {
      "mode": "managed",
      "type": "google_compute_vpn_gateway",
      "name": "vpn_gateway",
      "provider": "provider[\"registry.terraform.io/hashicorp/google\"]",
      "instances": [
        {
          "schema_version": 0,
          "attributes": {
            "creation_timestamp": "2024-07-08T13:14:04.646-07:00",
            "description": "",
            "gateway_id": 2477953553128355427,
            "id": "projects/ctp-prj-1/regions/us-central1/targetVpnGateways/ctp-vpn-us",
            "name": "ctp-vpn-us",
            "network": "https://www.googleapis.com/compute/v1/projects/ctp-prj-1/global/networks/vpc-001",
            "project": "ctp-prj-1",
            "region": "us-central1",
            "self_link": "https://www.googleapis.com/compute/v1/projects/ctp-prj-1/regions/us-central1/targetVpnGateways/ctp-vpn-us",
            "timeouts": null
          },
          "sensitive_attributes": [],
          "private": "eyJlMmJmYjczMC1lY2FhLTExZTYtOGY4OC0zNDM2M2JjN2M0YzAiOnsiY3JlYXRlIjoxMjAwMDAwMDAwMDAwLCJkZWxldGUiOjEyMDAwMDAwMDAwMDB9fQ==",
          "dependencies": [
            "google_compute_network.vpc_network"
          ],
          "create_before_destroy": true
        }
      ]
    },
    {
      "mode": "managed",
      "type": "google_compute_vpn_tunnel",
      "name": "vpn_tunnel",
      "provider": "provider[\"registry.terraform.io/hashicorp/google\"]",
      "instances": [
        {
          "schema_version": 0,
          "attributes": {
            "creation_timestamp": "2024-07-08T13:14:26.970-07:00",
            "description": "",
            "detailed_status": "Waiting for route configuration.",
            "effective_labels": {},
            "id": "projects/ctp-prj-1/regions/us-central1/vpnTunnels/ctp-tunnel-us",
            "ike_version": 2,
            "label_fingerprint": "42WmSpB8rSM=",
            "labels": null,
            "local_traffic_selector": [
              "10.0.0.0/24"
            ],
            "name": "ctp-tunnel-us",
            "peer_external_gateway": "",
            "peer_external_gateway_interface": 0,
            "peer_gcp_gateway": "",
            "peer_ip": "35.209.144.217",
            "project": "ctp-prj-1",
            "region": "us-central1",
            "remote_traffic_selector": [],
            "router": "",
            "self_link": "https://www.googleapis.com/compute/v1/projects/ctp-prj-1/regions/us-central1/vpnTunnels/ctp-tunnel-us",
            "shared_secret": "ctp-vpn-tunnel",
            "shared_secret_hash": "-VVfvtahdoY3yDEyHYgaG_awSuiJ",
            "target_vpn_gateway": "https://www.googleapis.com/compute/v1/projects/ctp-prj-1/regions/us-central1/targetVpnGateways/ctp-vpn-us",
            "terraform_labels": {},
            "timeouts": null,
            "tunnel_id": "9163371213674903117",
            "vpn_gateway": "",
            "vpn_gateway_interface": 0
          },
          "sensitive_attributes": [],
          "private": "eyJlMmJmYjczMC1lY2FhLTExZTYtOGY4OC0zNDM2M2JjN2M0YzAiOnsiY3JlYXRlIjoxMjAwMDAwMDAwMDAwLCJkZWxldGUiOjEyMDAwMDAwMDAwMDAsInVwZGF0ZSI6MTIwMDAwMDAwMDAwMH19",
          "dependencies": [
            "google_compute_address.vpn_gateway_ip",
            "google_compute_forwarding_rule.esp_forwarding_rule",
            "google_compute_forwarding_rule.udp4500_forwarding_rule",
            "google_compute_forwarding_rule.udp500_forwarding_rule",
            "google_compute_network.vpc_network",
            "google_compute_subnetwork.subnetwork",
            "google_compute_vpn_gateway.vpn_gateway"
          ],
          "create_before_destroy": true
        }
      ]
    },
    {
      "mode": "managed",
      "type": "google_logging_project_sink",
      "name": "capture_compute_instances_list",
      "provider": "provider[\"registry.terraform.io/hashicorp/google\"]",
      "instances": []
    },
    {
      "mode": "managed",
      "type": "google_project_service",
      "name": "logging",
      "provider": "provider[\"registry.terraform.io/hashicorp/google\"]",
      "instances": [
        {
          "schema_version": 0,
          "attributes": {
            "disable_dependent_services": null,
            "disable_on_destroy": true,
            "id": "ctp-prj-1/logging.googleapis.com",
            "project": "ctp-prj-1",
            "service": "logging.googleapis.com",
            "timeouts": null
          },
          "sensitive_attributes": [],
          "private": "eyJlMmJmYjczMC1lY2FhLTExZTYtOGY4OC0zNDM2M2JjN2M0YzAiOnsiY3JlYXRlIjoxMjAwMDAwMDAwMDAwLCJkZWxldGUiOjEyMDAwMDAwMDAwMDAsInJlYWQiOjYwMDAwMDAwMDAwMCwidXBkYXRlIjoxMjAwMDAwMDAwMDAwfX0="
        }
      ]
    },
    {
      "mode": "managed",
      "type": "null_resource",
      "name": "aggregated_list_instances",
      "provider": "provider[\"registry.terraform.io/hashicorp/null\"]",
      "instances": []
    },
    {
      "mode": "managed",
      "type": "null_resource",
      "name": "all_vpn_tunnels",
      "provider": "provider[\"registry.terraform.io/hashicorp/null\"]",
      "instances": []
    },
    {
      "mode": "managed",
      "type": "null_resource",
      "name": "detach_disk",
      "provider": "provider[\"registry.terraform.io/hashicorp/null\"]",
      "instances": []
    },
    {
      "mode": "managed",
      "type": "null_resource",
      "name": "get_effective_firewalls",
      "provider": "provider[\"registry.terraform.io/hashicorp/null\"]",
      "instances": []
    },
    {
      "mode": "managed",
      "type": "null_resource",
      "name": "get_guest_attributes",
      "provider": "provider[\"registry.terraform.io/hashicorp/null\"]",
      "instances": []
    },
    {
      "mode": "managed",
      "type": "null_resource",
      "name": "get_instance",
      "provider": "provider[\"registry.terraform.io/hashicorp/null\"]",
      "instances": []
    },
    {
      "mode": "managed",
      "type": "null_resource",
      "name": "get_instance_iam_policy",
      "provider": "provider[\"registry.terraform.io/hashicorp/null\"]",
      "instances": []
    },
    {
      "mode": "managed",
      "type": "null_resource",
      "name": "get_serial_port_output",
      "provider": "provider[\"registry.terraform.io/hashicorp/null\"]",
      "instances": []
    },
    {
      "mode": "managed",
      "type": "null_resource",
      "name": "get_shielded_instance_identity",
      "provider": "provider[\"registry.terraform.io/hashicorp/null\"]",
      "instances": []
    },
    {
      "mode": "managed",
      "type": "null_resource",
      "name": "resize_disk",
      "provider": "provider[\"registry.terraform.io/hashicorp/null\"]",
      "instances": [
        {
          "schema_version": 0,
          "attributes": {
            "id": "8587608868888079424",
            "triggers": null
          },
          "sensitive_attributes": [],
          "dependencies": [
            "google_compute_disk.example_disk"
          ]
        }
      ]
    },
    {
      "mode": "managed",
      "type": "null_resource",
      "name": "set_tags",
      "provider": "provider[\"registry.terraform.io/hashicorp/null\"]",
      "instances": []
    },
    {
      "mode": "managed",
      "type": "null_resource",
      "name": "verify_list_disk_types",
      "provider": "provider[\"registry.terraform.io/hashicorp/null\"]",
      "instances": []
    },
    {
      "mode": "managed",
      "type": "null_resource",
      "name": "verify_list_instances",
      "provider": "provider[\"registry.terraform.io/hashicorp/null\"]",
      "instances": []
    },
    {
      "mode": "managed",
      "type": "null_resource",
      "name": "vpn_tunnel_info",
      "provider": "provider[\"registry.terraform.io/hashicorp/null\"]",
      "instances": [
        {
          "schema_version": 0,
          "attributes": {
            "id": "5202581294338998246",
            "triggers": null
          },
          "sensitive_attributes": [],
          "dependencies": [
            "google_compute_address.vpn_gateway_ip",
            "google_compute_forwarding_rule.esp_forwarding_rule",
            "google_compute_forwarding_rule.udp4500_forwarding_rule",
            "google_compute_forwarding_rule.udp500_forwarding_rule",
            "google_compute_network.vpc_network",
            "google_compute_subnetwork.subnetwork",
            "google_compute_vpn_gateway.vpn_gateway",
            "google_compute_vpn_tunnel.vpn_tunnel"
          ]
        }
      ]
    }
  ],
  "check_results": null
}
